
Microsoft Visual Studio Solution File, Format Version 12.00
# Visual Studio Version 16
VisualStudioVersion = 16.0.29102.190
MinimumVisualStudioVersion = 10.0.40219.1
Project("{FAE04EC0-301F-11D3-BF4B-00C04F79EFBC}") = "GeometricSurfaceArea", "GeometricSurfaceArea\GeometricSurfaceArea.csproj", "{EE4E58E5-0CE5-4BC3-841A-B4A86FEBFCC0}"
EndProject
Project("{FAE04EC0-301F-11D3-BF4B-00C04F79EFBC}") = "GeometricSurfacesArea", "GeometricSurfacesArea\GeometricSurfacesArea.csproj", "{628E071B-392D-430D-A1DC-C281A06986F2}"
EndProject
Project("{FAE04EC0-301F-11D3-BF4B-00C04F79EFBC}") = "WorkSetSharedLevelsGrids", "WorkSetSharedLevelsGrids\WorkSetSharedLevelsGrids.csproj", "{1FCDF1A0-882C-4AF4-BD2A-F66AEE3CA9C6}"
EndProject
Project("{FAE04EC0-301F-11D3-BF4B-00C04F79EFBC}") = "SynchronizewithcentralTimer", "SynchronizewithcentralTimer\SynchronizewithcentralTimer.csproj", "{98BDF35B-801B-4001-BC9F-8F96A9577CFC}"
EndProject
Project("{FAE04EC0-301F-11D3-BF4B-00C04F79EFBC}") = "COLR_SWIT", "COLR_SWIT\COLR_SWIT.csproj", "{46A532BD-3F1A-4B3E-BA89-A254CA3ACD3D}"
EndProject
Project("{FAE04EC0-301F-11D3-BF4B-00C04F79EFBC}") = "VIEW_INTF", "VIEW_INTF\VIEW_INTF.csproj", "{B40E9D0F-EAC2-48BB-B734-F6AB207FDE8B}"
EndProject
Project("{FAE04EC0-301F-11D3-BF4B-00C04F79EFBC}") = "WIND_NUMB", "WIND_NUMB\WIND_NUMB.csproj", "{54A282AF-02BF-4EF5-B98A-659E682B2007}"
EndProject
Project("{FAE04EC0-301F-11D3-BF4B-00C04F79EFBC}") = "GRID_Number", "GRID_Number\GRID_Number.csproj", "{6284A232-1743-40CB-BE06-41AD5066CEC1}"
EndProject
Project("{FAE04EC0-301F-11D3-BF4B-00C04F79EFBC}") = "TransGroupParas", "TransGroupParas\TransGroupParas.csproj", "{1956BACD-A663-4550-8B3C-365119DBE26C}"
EndProject
Project("{FAE04EC0-301F-11D3-BF4B-00C04F79EFBC}") = "VIEW_Duplicate", "VIEW_Duplicate\VIEW_Duplicate.csproj", "{53A0CDC9-52C3-4C39-8C84-7BBEF5C26A28}"
EndProject
Project("{FAE04EC0-301F-11D3-BF4B-00C04F79EFBC}") = "ViewSheet_copy", "ViewSheet_copy\ViewSheet_copy.csproj", "{D0557AF0-3763-45E3-8987-A97DA72245F7}"
EndProject
Project("{FAE04EC0-301F-11D3-BF4B-00C04F79EFBC}") = "FakeElev_Refresh", "FakeElev_Refresh\FakeElev_Refresh.csproj", "{40410D10-0CFB-4363-8D82-AABDE2CBA0E5}"
EndProject
Project("{FAE04EC0-301F-11D3-BF4B-00C04F79EFBC}") = "goa.Common", "..\goa-tools-common\goa.Common\goa.Common.csproj", "{3B63163D-CE10-43A5-86C5-D5FB43E65EE9}"
EndProject
Project("{FAE04EC0-301F-11D3-BF4B-00C04F79EFBC}") = "dll_wpf", "dll_wpf\dll_wpf.csproj", "{362B28B0-626A-474F-9436-E58E63CA2370}"
EndProject
Project("{FAE04EC0-301F-11D3-BF4B-00C04F79EFBC}") = "Dwelling_Assembly", "Dwelling_Assembly\Dwelling_Assembly.csproj", "{CAADF258-E3DA-40B3-8334-A834921BAD75}"
EndProject
Project("{FAE04EC0-301F-11D3-BF4B-00C04F79EFBC}") = "WIND_NUMB_new", "WIND_NUMB_new\WIND_NUMB_new.csproj", "{58E910F5-0C73-4C98-AC6A-805D67AB8976}"
EndProject
Project("{FAE04EC0-301F-11D3-BF4B-00C04F79EFBC}") = "LINE_ROAD", "LINE_ROAD\LINE_ROAD.csproj", "{18514EE4-3651-43B0-8D2B-9F8DB2335F18}"
EndProject
Project("{FAE04EC0-301F-11D3-BF4B-00C04F79EFBC}") = "FakeGridNum", "FakeGridNum\FakeGridNum.csproj", "{C7CA37BA-9B37-4078-AE10-45FB4F367099}"
EndProject
Project("{FAE04EC0-301F-11D3-BF4B-00C04F79EFBC}") = "JustForFun", "JustForFun\JustForFun.csproj", "{570C5E14-AF86-46DB-AC38-B9A353E746EA}"
EndProject
Project("{FAE04EC0-301F-11D3-BF4B-00C04F79EFBC}") = "LayoutColumnGrid", "LayoutColumnGrid\LayoutColumnGrid.csproj", "{675E1698-E799-4DF2-A2B1-25B10013F01C}"
EndProject
Project("{FAE04EC0-301F-11D3-BF4B-00C04F79EFBC}") = "NewCommand_addin", "NewCommand_addin\NewCommand_addin.csproj", "{6C9367D0-1CA8-40A0-8BD0-99F432F3CBFA}"
EndProject
Project("{FAE04EC0-301F-11D3-BF4B-00C04F79EFBC}") = "ModelessFormExternalEvent", "ModelessFormExternalEvent\ModelessFormExternalEvent.csproj", "{175583C3-F38D-4552-A68B-4D560EBC8667}"
EndProject
Project("{FAE04EC0-301F-11D3-BF4B-00C04F79EFBC}") = "geometry3Sharp", "..\geometry3Sharp\geometry3Sharp.csproj", "{0C518DDA-28FE-44CA-9AB0-F9773974F13A}"
EndProject
Project("{FAE04EC0-301F-11D3-BF4B-00C04F79EFBC}") = "clipper_library", "..\clipper_ver6.4.2\C#\clipper_library\clipper_library.csproj", "{9B062971-A88E-4A3D-B3C9-12B78D15FA66}"
EndProject
Project("{FAE04EC0-301F-11D3-BF4B-00C04F79EFBC}") = "Console_Test", "Console_Test\Console_Test.csproj", "{E2948068-A783-4CC3-8707-9CA3AB294913}"
EndProject
Project("{FAE04EC0-301F-11D3-BF4B-00C04F79EFBC}") = "工时计算", "工时计算\工时计算.csproj", "{42107C2C-1D37-4621-8357-BA5E000CE4EA}"
EndProject
Project("{FAE04EC0-301F-11D3-BF4B-00C04F79EFBC}") = "Wpf_Test", "Wpf_Test\Wpf_Test.csproj", "{397DF4FE-E884-4F9D-A247-D76641235CCC}"
EndProject
Project("{FAE04EC0-301F-11D3-BF4B-00C04F79EFBC}") = "DynamoRevitBackground", "..\..\..\..\07-BIMBOX\知识店铺\黑夜de骑士\程序\DynamoRevitBackground\DynamoRevitBackground.csproj", "{20B37A5B-12D2-4AF4-9316-3C4A35F9B33B}"
EndProject
Project("{2150E333-8FDC-42A3-9474-1A3956D46DE8}") = "RevitImproveLearn14~20", "RevitImproveLearn14~20", "{C5AD57BA-B77F-4117-844C-F74E921B07D1}"
EndProject
Project("{FAE04EC0-301F-11D3-BF4B-00C04F79EFBC}") = "DimensionMark", "..\..\..\..\07-BIMBOX\知识店铺\黑夜de骑士\程序\RevitImproveLearn14~20\DimensionMark\DimensionMark.csproj", "{00B0139A-E297-4E97-B821-4256ED4C522B}"
EndProject
Project("{FAE04EC0-301F-11D3-BF4B-00C04F79EFBC}") = "DMUDemo", "..\..\..\..\07-BIMBOX\知识店铺\黑夜de骑士\程序\RevitImproveLearn14~20\DMUDemo\DMUDemo.csproj", "{1FFCAF23-28E7-4C97-B2D0-CD637D4581DD}"
EndProject
Project("{FAE04EC0-301F-11D3-BF4B-00C04F79EFBC}") = "DMUDemoTwo", "..\..\..\..\07-BIMBOX\知识店铺\黑夜de骑士\程序\RevitImproveLearn14~20\DMUDemoTwo\DMUDemoTwo.csproj", "{F899B9A5-3650-4060-8430-81C8F102CB6F}"
EndProject
Project("{FAE04EC0-301F-11D3-BF4B-00C04F79EFBC}") = "ExtensionStrorage", "..\..\..\..\07-BIMBOX\知识店铺\黑夜de骑士\程序\RevitImproveLearn14~20\ExtensionStrorage\ExtensionStrorage.csproj", "{2E4D15CA-5E46-4B57-B9F0-ACB9360BFE99}"
EndProject
Project("{FAE04EC0-301F-11D3-BF4B-00C04F79EFBC}") = "Geometry", "..\..\..\..\07-BIMBOX\知识店铺\黑夜de骑士\程序\RevitImproveLearn14~20\Geometry\Geometry.csproj", "{9DBB10D1-141D-42A9-A504-92F8E23CDB2A}"
EndProject
Project("{FAE04EC0-301F-11D3-BF4B-00C04F79EFBC}") = "IdlingEventDemo", "..\..\..\..\07-BIMBOX\知识店铺\黑夜de骑士\程序\RevitImproveLearn14~20\IdlingEventDemo\IdlingEventDemo.csproj", "{71858F51-8EA1-4550-925B-6206A7C6DA7A}"
EndProject
Project("{FAE04EC0-301F-11D3-BF4B-00C04F79EFBC}") = "ImportDynamo", "..\..\..\..\07-BIMBOX\知识店铺\黑夜de骑士\程序\RevitImproveLearn14~20\ImportDynamo\ImportDynamo.csproj", "{FD7CDA75-D405-4B3D-8B24-76A992A5C429}"
EndProject
Project("{FAE04EC0-301F-11D3-BF4B-00C04F79EFBC}") = "ImportMathNet", "..\..\..\..\07-BIMBOX\知识店铺\黑夜de骑士\程序\RevitImproveLearn14~20\ImportMathNet\ImportMathNet.csproj", "{6FD75743-1296-4E20-8388-BE4F0AD479A8}"
EndProject
Project("{FAE04EC0-301F-11D3-BF4B-00C04F79EFBC}") = "RfaByCode", "..\..\..\..\07-BIMBOX\知识店铺\黑夜de骑士\程序\RevitImproveLearn14~20\RfaByCode\RfaByCode.csproj", "{2ECC762B-9C32-400D-9E70-BFAEFADC8996}"
EndProject
Project("{FAE04EC0-301F-11D3-BF4B-00C04F79EFBC}") = "Install", "..\..\..\..\07-BIMBOX\知识店铺\黑夜de骑士\程序\SoftInstall21\Install\Install.csproj", "{32F98B45-CA27-4D93-8F30-85E806A4A1AE}"
EndProject
Project("{FAE04EC0-301F-11D3-BF4B-00C04F79EFBC}") = "InspectVersion", "..\..\..\..\07-BIMBOX\知识店铺\黑夜de骑士\程序\SoftInstall21\InspectVersion\InspectVersion.csproj", "{13A42698-34A2-4FC0-98F0-EDCE606CDFEE}"
EndProject
Global
	GlobalSection(SolutionConfigurationPlatforms) = preSolution
		Debug|Any CPU = Debug|Any CPU
		Release|Any CPU = Release|Any CPU
	EndGlobalSection
	GlobalSection(ProjectConfigurationPlatforms) = postSolution
		{EE4E58E5-0CE5-4BC3-841A-B4A86FEBFCC0}.Debug|Any CPU.ActiveCfg = Debug|Any CPU
		{EE4E58E5-0CE5-4BC3-841A-B4A86FEBFCC0}.Debug|Any CPU.Build.0 = Debug|Any CPU
		{EE4E58E5-0CE5-4BC3-841A-B4A86FEBFCC0}.Release|Any CPU.ActiveCfg = Release|Any CPU
		{EE4E58E5-0CE5-4BC3-841A-B4A86FEBFCC0}.Release|Any CPU.Build.0 = Release|Any CPU
		{628E071B-392D-430D-A1DC-C281A06986F2}.Debug|Any CPU.ActiveCfg = Debug|Any CPU
		{628E071B-392D-430D-A1DC-C281A06986F2}.Debug|Any CPU.Build.0 = Debug|Any CPU
		{628E071B-392D-430D-A1DC-C281A06986F2}.Release|Any CPU.ActiveCfg = Release|Any CPU
		{628E071B-392D-430D-A1DC-C281A06986F2}.Release|Any CPU.Build.0 = Release|Any CPU
		{1FCDF1A0-882C-4AF4-BD2A-F66AEE3CA9C6}.Debug|Any CPU.ActiveCfg = Debug|Any CPU
		{1FCDF1A0-882C-4AF4-BD2A-F66AEE3CA9C6}.Debug|Any CPU.Build.0 = Debug|Any CPU
		{1FCDF1A0-882C-4AF4-BD2A-F66AEE3CA9C6}.Release|Any CPU.ActiveCfg = Release|Any CPU
		{1FCDF1A0-882C-4AF4-BD2A-F66AEE3CA9C6}.Release|Any CPU.Build.0 = Release|Any CPU
		{98BDF35B-801B-4001-BC9F-8F96A9577CFC}.Debug|Any CPU.ActiveCfg = Debug|Any CPU
		{98BDF35B-801B-4001-BC9F-8F96A9577CFC}.Debug|Any CPU.Build.0 = Debug|Any CPU
		{98BDF35B-801B-4001-BC9F-8F96A9577CFC}.Release|Any CPU.ActiveCfg = Release|Any CPU
		{98BDF35B-801B-4001-BC9F-8F96A9577CFC}.Release|Any CPU.Build.0 = Release|Any CPU
		{46A532BD-3F1A-4B3E-BA89-A254CA3ACD3D}.Debug|Any CPU.ActiveCfg = Debug|Any CPU
		{46A532BD-3F1A-4B3E-BA89-A254CA3ACD3D}.Debug|Any CPU.Build.0 = Debug|Any CPU
		{46A532BD-3F1A-4B3E-BA89-A254CA3ACD3D}.Release|Any CPU.ActiveCfg = Release|Any CPU
		{46A532BD-3F1A-4B3E-BA89-A254CA3ACD3D}.Release|Any CPU.Build.0 = Release|Any CPU
		{B40E9D0F-EAC2-48BB-B734-F6AB207FDE8B}.Debug|Any CPU.ActiveCfg = Debug|Any CPU
		{B40E9D0F-EAC2-48BB-B734-F6AB207FDE8B}.Debug|Any CPU.Build.0 = Debug|Any CPU
		{B40E9D0F-EAC2-48BB-B734-F6AB207FDE8B}.Release|Any CPU.ActiveCfg = Release|Any CPU
		{B40E9D0F-EAC2-48BB-B734-F6AB207FDE8B}.Release|Any CPU.Build.0 = Release|Any CPU
		{54A282AF-02BF-4EF5-B98A-659E682B2007}.Debug|Any CPU.ActiveCfg = Debug|Any CPU
		{54A282AF-02BF-4EF5-B98A-659E682B2007}.Debug|Any CPU.Build.0 = Debug|Any CPU
		{54A282AF-02BF-4EF5-B98A-659E682B2007}.Release|Any CPU.ActiveCfg = Release|Any CPU
		{54A282AF-02BF-4EF5-B98A-659E682B2007}.Release|Any CPU.Build.0 = Release|Any CPU
		{6284A232-1743-40CB-BE06-41AD5066CEC1}.Debug|Any CPU.ActiveCfg = Debug|Any CPU
		{6284A232-1743-40CB-BE06-41AD5066CEC1}.Debug|Any CPU.Build.0 = Debug|Any CPU
		{6284A232-1743-40CB-BE06-41AD5066CEC1}.Release|Any CPU.ActiveCfg = Release|Any CPU
		{6284A232-1743-40CB-BE06-41AD5066CEC1}.Release|Any CPU.Build.0 = Release|Any CPU
		{1956BACD-A663-4550-8B3C-365119DBE26C}.Debug|Any CPU.ActiveCfg = Debug|Any CPU
		{1956BACD-A663-4550-8B3C-365119DBE26C}.Debug|Any CPU.Build.0 = Debug|Any CPU
		{1956BACD-A663-4550-8B3C-365119DBE26C}.Release|Any CPU.ActiveCfg = Release|Any CPU
		{1956BACD-A663-4550-8B3C-365119DBE26C}.Release|Any CPU.Build.0 = Release|Any CPU
		{53A0CDC9-52C3-4C39-8C84-7BBEF5C26A28}.Debug|Any CPU.ActiveCfg = Debug|Any CPU
		{53A0CDC9-52C3-4C39-8C84-7BBEF5C26A28}.Debug|Any CPU.Build.0 = Debug|Any CPU
		{53A0CDC9-52C3-4C39-8C84-7BBEF5C26A28}.Release|Any CPU.ActiveCfg = Release|Any CPU
		{53A0CDC9-52C3-4C39-8C84-7BBEF5C26A28}.Release|Any CPU.Build.0 = Release|Any CPU
		{D0557AF0-3763-45E3-8987-A97DA72245F7}.Debug|Any CPU.ActiveCfg = Debug|Any CPU
		{D0557AF0-3763-45E3-8987-A97DA72245F7}.Debug|Any CPU.Build.0 = Debug|Any CPU
		{D0557AF0-3763-45E3-8987-A97DA72245F7}.Release|Any CPU.ActiveCfg = Release|Any CPU
		{D0557AF0-3763-45E3-8987-A97DA72245F7}.Release|Any CPU.Build.0 = Release|Any CPU
		{40410D10-0CFB-4363-8D82-AABDE2CBA0E5}.Debug|Any CPU.ActiveCfg = Debug|Any CPU
		{40410D10-0CFB-4363-8D82-AABDE2CBA0E5}.Debug|Any CPU.Build.0 = Debug|Any CPU
		{40410D10-0CFB-4363-8D82-AABDE2CBA0E5}.Release|Any CPU.ActiveCfg = Release|Any CPU
		{40410D10-0CFB-4363-8D82-AABDE2CBA0E5}.Release|Any CPU.Build.0 = Release|Any CPU
		{3B63163D-CE10-43A5-86C5-D5FB43E65EE9}.Debug|Any CPU.ActiveCfg = Debug|Any CPU
		{3B63163D-CE10-43A5-86C5-D5FB43E65EE9}.Debug|Any CPU.Build.0 = Debug|Any CPU
		{3B63163D-CE10-43A5-86C5-D5FB43E65EE9}.Release|Any CPU.ActiveCfg = Release|Any CPU
		{3B63163D-CE10-43A5-86C5-D5FB43E65EE9}.Release|Any CPU.Build.0 = Release|Any CPU
		{362B28B0-626A-474F-9436-E58E63CA2370}.Debug|Any CPU.ActiveCfg = Debug|Any CPU
		{362B28B0-626A-474F-9436-E58E63CA2370}.Debug|Any CPU.Build.0 = Debug|Any CPU
		{362B28B0-626A-474F-9436-E58E63CA2370}.Release|Any CPU.ActiveCfg = Release|Any CPU
		{362B28B0-626A-474F-9436-E58E63CA2370}.Release|Any CPU.Build.0 = Release|Any CPU
		{CAADF258-E3DA-40B3-8334-A834921BAD75}.Debug|Any CPU.ActiveCfg = Debug|Any CPU
		{CAADF258-E3DA-40B3-8334-A834921BAD75}.Debug|Any CPU.Build.0 = Debug|Any CPU
		{CAADF258-E3DA-40B3-8334-A834921BAD75}.Release|Any CPU.ActiveCfg = Release|Any CPU
		{CAADF258-E3DA-40B3-8334-A834921BAD75}.Release|Any CPU.Build.0 = Release|Any CPU
		{58E910F5-0C73-4C98-AC6A-805D67AB8976}.Debug|Any CPU.ActiveCfg = Debug|Any CPU
		{58E910F5-0C73-4C98-AC6A-805D67AB8976}.Debug|Any CPU.Build.0 = Debug|Any CPU
		{58E910F5-0C73-4C98-AC6A-805D67AB8976}.Release|Any CPU.ActiveCfg = Release|Any CPU
		{58E910F5-0C73-4C98-AC6A-805D67AB8976}.Release|Any CPU.Build.0 = Release|Any CPU
		{18514EE4-3651-43B0-8D2B-9F8DB2335F18}.Debug|Any CPU.ActiveCfg = Debug|Any CPU
		{18514EE4-3651-43B0-8D2B-9F8DB2335F18}.Debug|Any CPU.Build.0 = Debug|Any CPU
		{18514EE4-3651-43B0-8D2B-9F8DB2335F18}.Release|Any CPU.ActiveCfg = Release|Any CPU
		{18514EE4-3651-43B0-8D2B-9F8DB2335F18}.Release|Any CPU.Build.0 = Release|Any CPU
		{C7CA37BA-9B37-4078-AE10-45FB4F367099}.Debug|Any CPU.ActiveCfg = Debug|Any CPU
		{C7CA37BA-9B37-4078-AE10-45FB4F367099}.Debug|Any CPU.Build.0 = Debug|Any CPU
		{C7CA37BA-9B37-4078-AE10-45FB4F367099}.Release|Any CPU.ActiveCfg = Release|Any CPU
		{C7CA37BA-9B37-4078-AE10-45FB4F367099}.Release|Any CPU.Build.0 = Release|Any CPU
		{570C5E14-AF86-46DB-AC38-B9A353E746EA}.Debug|Any CPU.ActiveCfg = Debug|Any CPU
		{570C5E14-AF86-46DB-AC38-B9A353E746EA}.Debug|Any CPU.Build.0 = Debug|Any CPU
		{570C5E14-AF86-46DB-AC38-B9A353E746EA}.Release|Any CPU.ActiveCfg = Release|Any CPU
		{570C5E14-AF86-46DB-AC38-B9A353E746EA}.Release|Any CPU.Build.0 = Release|Any CPU
		{675E1698-E799-4DF2-A2B1-25B10013F01C}.Debug|Any CPU.ActiveCfg = Debug|Any CPU
		{675E1698-E799-4DF2-A2B1-25B10013F01C}.Debug|Any CPU.Build.0 = Debug|Any CPU
		{675E1698-E799-4DF2-A2B1-25B10013F01C}.Release|Any CPU.ActiveCfg = Release|Any CPU
		{675E1698-E799-4DF2-A2B1-25B10013F01C}.Release|Any CPU.Build.0 = Release|Any CPU
		{6C9367D0-1CA8-40A0-8BD0-99F432F3CBFA}.Debug|Any CPU.ActiveCfg = Debug|Any CPU
		{6C9367D0-1CA8-40A0-8BD0-99F432F3CBFA}.Debug|Any CPU.Build.0 = Debug|Any CPU
		{6C9367D0-1CA8-40A0-8BD0-99F432F3CBFA}.Release|Any CPU.ActiveCfg = Release|Any CPU
		{6C9367D0-1CA8-40A0-8BD0-99F432F3CBFA}.Release|Any CPU.Build.0 = Release|Any CPU
		{175583C3-F38D-4552-A68B-4D560EBC8667}.Debug|Any CPU.ActiveCfg = Debug|Any CPU
		{175583C3-F38D-4552-A68B-4D560EBC8667}.Debug|Any CPU.Build.0 = Debug|Any CPU
		{175583C3-F38D-4552-A68B-4D560EBC8667}.Release|Any CPU.ActiveCfg = Release|Any CPU
		{175583C3-F38D-4552-A68B-4D560EBC8667}.Release|Any CPU.Build.0 = Release|Any CPU
		{0C518DDA-28FE-44CA-9AB0-F9773974F13A}.Debug|Any CPU.ActiveCfg = Debug|Any CPU
		{0C518DDA-28FE-44CA-9AB0-F9773974F13A}.Debug|Any CPU.Build.0 = Debug|Any CPU
		{0C518DDA-28FE-44CA-9AB0-F9773974F13A}.Release|Any CPU.ActiveCfg = Release|Any CPU
		{0C518DDA-28FE-44CA-9AB0-F9773974F13A}.Release|Any CPU.Build.0 = Release|Any CPU
		{9B062971-A88E-4A3D-B3C9-12B78D15FA66}.Debug|Any CPU.ActiveCfg = Debug|Any CPU
		{9B062971-A88E-4A3D-B3C9-12B78D15FA66}.Debug|Any CPU.Build.0 = Debug|Any CPU
		{9B062971-A88E-4A3D-B3C9-12B78D15FA66}.Release|Any CPU.ActiveCfg = Release|Any CPU
		{9B062971-A88E-4A3D-B3C9-12B78D15FA66}.Release|Any CPU.Build.0 = Release|Any CPU
		{E2948068-A783-4CC3-8707-9CA3AB294913}.Debug|Any CPU.ActiveCfg = Debug|Any CPU
		{E2948068-A783-4CC3-8707-9CA3AB294913}.Debug|Any CPU.Build.0 = Debug|Any CPU
		{E2948068-A783-4CC3-8707-9CA3AB294913}.Release|Any CPU.ActiveCfg = Release|Any CPU
		{E2948068-A783-4CC3-8707-9CA3AB294913}.Release|Any CPU.Build.0 = Release|Any CPU
		{42107C2C-1D37-4621-8357-BA5E000CE4EA}.Debug|Any CPU.ActiveCfg = Debug|Any CPU
		{42107C2C-1D37-4621-8357-BA5E000CE4EA}.Debug|Any CPU.Build.0 = Debug|Any CPU
		{42107C2C-1D37-4621-8357-BA5E000CE4EA}.Release|Any CPU.ActiveCfg = Release|Any CPU
		{42107C2C-1D37-4621-8357-BA5E000CE4EA}.Release|Any CPU.Build.0 = Release|Any CPU
		{397DF4FE-E884-4F9D-A247-D76641235CCC}.Debug|Any CPU.ActiveCfg = Debug|Any CPU
		{397DF4FE-E884-4F9D-A247-D76641235CCC}.Debug|Any CPU.Build.0 = Debug|Any CPU
		{397DF4FE-E884-4F9D-A247-D76641235CCC}.Release|Any CPU.ActiveCfg = Release|Any CPU
		{397DF4FE-E884-4F9D-A247-D76641235CCC}.Release|Any CPU.Build.0 = Release|Any CPU
		{20B37A5B-12D2-4AF4-9316-3C4A35F9B33B}.Debug|Any CPU.ActiveCfg = Debug|Any CPU
		{20B37A5B-12D2-4AF4-9316-3C4A35F9B33B}.Debug|Any CPU.Build.0 = Debug|Any CPU
		{20B37A5B-12D2-4AF4-9316-3C4A35F9B33B}.Release|Any CPU.ActiveCfg = Release|Any CPU
		{20B37A5B-12D2-4AF4-9316-3C4A35F9B33B}.Release|Any CPU.Build.0 = Release|Any CPU
		{00B0139A-E297-4E97-B821-4256ED4C522B}.Debug|Any CPU.ActiveCfg = Debug|Any CPU
		{00B0139A-E297-4E97-B821-4256ED4C522B}.Debug|Any CPU.Build.0 = Debug|Any CPU
		{00B0139A-E297-4E97-B821-4256ED4C522B}.Release|Any CPU.ActiveCfg = Release|Any CPU
		{00B0139A-E297-4E97-B821-4256ED4C522B}.Release|Any CPU.Build.0 = Release|Any CPU
		{1FFCAF23-28E7-4C97-B2D0-CD637D4581DD}.Debug|Any CPU.ActiveCfg = Debug|Any CPU
		{1FFCAF23-28E7-4C97-B2D0-CD637D4581DD}.Debug|Any CPU.Build.0 = Debug|Any CPU
		{1FFCAF23-28E7-4C97-B2D0-CD637D4581DD}.Release|Any CPU.ActiveCfg = Release|Any CPU
		{1FFCAF23-28E7-4C97-B2D0-CD637D4581DD}.Release|Any CPU.Build.0 = Release|Any CPU
		{F899B9A5-3650-4060-8430-81C8F102CB6F}.Debug|Any CPU.ActiveCfg = Debug|Any CPU
		{F899B9A5-3650-4060-8430-81C8F102CB6F}.Debug|Any CPU.Build.0 = Debug|Any CPU
		{F899B9A5-3650-4060-8430-81C8F102CB6F}.Release|Any CPU.ActiveCfg = Release|Any CPU
		{F899B9A5-3650-4060-8430-81C8F102CB6F}.Release|Any CPU.Build.0 = Release|Any CPU
		{2E4D15CA-5E46-4B57-B9F0-ACB9360BFE99}.Debug|Any CPU.ActiveCfg = Debug|Any CPU
		{2E4D15CA-5E46-4B57-B9F0-ACB9360BFE99}.Debug|Any CPU.Build.0 = Debug|Any CPU
		{2E4D15CA-5E46-4B57-B9F0-ACB9360BFE99}.Release|Any CPU.ActiveCfg = Release|Any CPU
		{2E4D15CA-5E46-4B57-B9F0-ACB9360BFE99}.Release|Any CPU.Build.0 = Release|Any CPU
		{9DBB10D1-141D-42A9-A504-92F8E23CDB2A}.Debug|Any CPU.ActiveCfg = Debug|Any CPU
		{9DBB10D1-141D-42A9-A504-92F8E23CDB2A}.Debug|Any CPU.Build.0 = Debug|Any CPU
		{9DBB10D1-141D-42A9-A504-92F8E23CDB2A}.Release|Any CPU.ActiveCfg = Release|Any CPU
		{9DBB10D1-141D-42A9-A504-92F8E23CDB2A}.Release|Any CPU.Build.0 = Release|Any CPU
		{71858F51-8EA1-4550-925B-6206A7C6DA7A}.Debug|Any CPU.ActiveCfg = Debug|Any CPU
		{71858F51-8EA1-4550-925B-6206A7C6DA7A}.Debug|Any CPU.Build.0 = Debug|Any CPU
		{71858F51-8EA1-4550-925B-6206A7C6DA7A}.Release|Any CPU.ActiveCfg = Release|Any CPU
		{71858F51-8EA1-4550-925B-6206A7C6DA7A}.Release|Any CPU.Build.0 = Release|Any CPU
		{FD7CDA75-D405-4B3D-8B24-76A992A5C429}.Debug|Any CPU.ActiveCfg = Debug|Any CPU
		{FD7CDA75-D405-4B3D-8B24-76A992A5C429}.Debug|Any CPU.Build.0 = Debug|Any CPU
		{FD7CDA75-D405-4B3D-8B24-76A992A5C429}.Release|Any CPU.ActiveCfg = Release|Any CPU
		{FD7CDA75-D405-4B3D-8B24-76A992A5C429}.Release|Any CPU.Build.0 = Release|Any CPU
		{6FD75743-1296-4E20-8388-BE4F0AD479A8}.Debug|Any CPU.ActiveCfg = Debug|Any CPU
		{6FD75743-1296-4E20-8388-BE4F0AD479A8}.Debug|Any CPU.Build.0 = Debug|Any CPU
		{6FD75743-1296-4E20-8388-BE4F0AD479A8}.Release|Any CPU.ActiveCfg = Release|Any CPU
		{6FD75743-1296-4E20-8388-BE4F0AD479A8}.Release|Any CPU.Build.0 = Release|Any CPU
		{2ECC762B-9C32-400D-9E70-BFAEFADC8996}.Debug|Any CPU.ActiveCfg = Debug|Any CPU
		{2ECC762B-9C32-400D-9E70-BFAEFADC8996}.Debug|Any CPU.Build.0 = Debug|Any CPU
		{2ECC762B-9C32-400D-9E70-BFAEFADC8996}.Release|Any CPU.ActiveCfg = Release|Any CPU
		{2ECC762B-9C32-400D-9E70-BFAEFADC8996}.Release|Any CPU.Build.0 = Release|Any CPU
		{32F98B45-CA27-4D93-8F30-85E806A4A1AE}.Debug|Any CPU.ActiveCfg = Debug|Any CPU
		{32F98B45-CA27-4D93-8F30-85E806A4A1AE}.Debug|Any CPU.Build.0 = Debug|Any CPU
		{32F98B45-CA27-4D93-8F30-85E806A4A1AE}.Release|Any CPU.ActiveCfg = Release|Any CPU
		{32F98B45-CA27-4D93-8F30-85E806A4A1AE}.Release|Any CPU.Build.0 = Release|Any CPU
		{13A42698-34A2-4FC0-98F0-EDCE606CDFEE}.Debug|Any CPU.ActiveCfg = Debug|Any CPU
		{13A42698-34A2-4FC0-98F0-EDCE606CDFEE}.Debug|Any CPU.Build.0 = Debug|Any CPU
		{13A42698-34A2-4FC0-98F0-EDCE606CDFEE}.Release|Any CPU.ActiveCfg = Release|Any CPU
		{13A42698-34A2-4FC0-98F0-EDCE606CDFEE}.Release|Any CPU.Build.0 = Release|Any CPU
	EndGlobalSection
	GlobalSection(SolutionProperties) = preSolution
		HideSolutionNode = FALSE
	EndGlobalSection
	GlobalSection(NestedProjects) = preSolution
		{20B37A5B-12D2-4AF4-9316-3C4A35F9B33B} = {C5AD57BA-B77F-4117-844C-F74E921B07D1}
		{00B0139A-E297-4E97-B821-4256ED4C522B} = {C5AD57BA-B77F-4117-844C-F74E921B07D1}
		{1FFCAF23-28E7-4C97-B2D0-CD637D4581DD} = {C5AD57BA-B77F-4117-844C-F74E921B07D1}
		{F899B9A5-3650-4060-8430-81C8F102CB6F} = {C5AD57BA-B77F-4117-844C-F74E921B07D1}
		{2E4D15CA-5E46-4B57-B9F0-ACB9360BFE99} = {C5AD57BA-B77F-4117-844C-F74E921B07D1}
		{9DBB10D1-141D-42A9-A504-92F8E23CDB2A} = {C5AD57BA-B77F-4117-844C-F74E921B07D1}
		{71858F51-8EA1-4550-925B-6206A7C6DA7A} = {C5AD57BA-B77F-4117-844C-F74E921B07D1}
		{FD7CDA75-D405-4B3D-8B24-76A992A5C429} = {C5AD57BA-B77F-4117-844C-F74E921B07D1}
		{6FD75743-1296-4E20-8388-BE4F0AD479A8} = {C5AD57BA-B77F-4117-844C-F74E921B07D1}
		{2ECC762B-9C32-400D-9E70-BFAEFADC8996} = {C5AD57BA-B77F-4117-844C-F74E921B07D1}
		{32F98B45-CA27-4D93-8F30-85E806A4A1AE} = {C5AD57BA-B77F-4117-844C-F74E921B07D1}
		{13A42698-34A2-4FC0-98F0-EDCE606CDFEE} = {C5AD57BA-B77F-4117-844C-F74E921B07D1}
	EndGlobalSection
	GlobalSection(ExtensibilityGlobals) = postSolution
		SolutionGuid = {F0339747-780E-4F4B-9921-533CFBFF2673}
	EndGlobalSection
EndGlobal
