
Microsoft Visual Studio Solution File, Format Version 12.00
# Visual Studio Version 16
VisualStudioVersion = 16.0.29102.190
MinimumVisualStudioVersion = 10.0.40219.1
Project("{FAE04EC0-301F-11D3-BF4B-00C04F79EFBC}") = "GeometricSurfaceArea", "GeometricSurfaceArea\GeometricSurfaceArea.csproj", "{EE4E58E5-0CE5-4BC3-841A-B4A86FEBFCC0}"
EndProject
Project("{FAE04EC0-301F-11D3-BF4B-00C04F79EFBC}") = "GeometricSurfacesArea", "GeometricSurfacesArea\GeometricSurfacesArea.csproj", "{628E071B-392D-430D-A1DC-C281A06986F2}"
EndProject
Project("{FAE04EC0-301F-11D3-BF4B-00C04F79EFBC}") = "WorkSetSharedLevelsGrids", "WorkSetSharedLevelsGrids\WorkSetSharedLevelsGrids.csproj", "{1FCDF1A0-882C-4AF4-BD2A-F66AEE3CA9C6}"
EndProject
Project("{FAE04EC0-301F-11D3-BF4B-00C04F79EFBC}") = "SynchronizewithcentralTimer", "SynchronizewithcentralTimer\SynchronizewithcentralTimer.csproj", "{98BDF35B-801B-4001-BC9F-8F96A9577CFC}"
EndProject
Project("{FAE04EC0-301F-11D3-BF4B-00C04F79EFBC}") = "COLR_SWIT", "COLR_SWIT\COLR_SWIT.csproj", "{46A532BD-3F1A-4B3E-BA89-A254CA3ACD3D}"
EndProject
Project("{FAE04EC0-301F-11D3-BF4B-00C04F79EFBC}") = "VIEW_INTF", "VIEW_INTF\VIEW_INTF.csproj", "{B40E9D0F-EAC2-48BB-B734-F6AB207FDE8B}"
EndProject
Project("{FAE04EC0-301F-11D3-BF4B-00C04F79EFBC}") = "WIND_NUMB", "WIND_NUMB\WIND_NUMB.csproj", "{54A282AF-02BF-4EF5-B98A-659E682B2007}"
EndProject
Project("{FAE04EC0-301F-11D3-BF4B-00C04F79EFBC}") = "GRID_Number", "GRID_Number\GRID_Number.csproj", "{6284A232-1743-40CB-BE06-41AD5066CEC1}"
EndProject
Project("{FAE04EC0-301F-11D3-BF4B-00C04F79EFBC}") = "TransGroupParas", "TransGroupParas\TransGroupParas.csproj", "{1956BACD-A663-4550-8B3C-365119DBE26C}"
EndProject
Project("{FAE04EC0-301F-11D3-BF4B-00C04F79EFBC}") = "VIEW_Duplicate", "VIEW_Duplicate\VIEW_Duplicate.csproj", "{53A0CDC9-52C3-4C39-8C84-7BBEF5C26A28}"
EndProject
Project("{FAE04EC0-301F-11D3-BF4B-00C04F79EFBC}") = "ViewSheet_copy", "ViewSheet_copy\ViewSheet_copy.csproj", "{D0557AF0-3763-45E3-8987-A97DA72245F7}"
EndProject
Project("{FAE04EC0-301F-11D3-BF4B-00C04F79EFBC}") = "FakeElev_Refresh", "FakeElev_Refresh\FakeElev_Refresh.csproj", "{40410D10-0CFB-4363-8D82-AABDE2CBA0E5}"
EndProject
Project("{FAE04EC0-301F-11D3-BF4B-00C04F79EFBC}") = "goa.Common", "..\goa-tools-common\goa.Common\goa.Common.csproj", "{3B63163D-CE10-43A5-86C5-D5FB43E65EE9}"
EndProject
Project("{FAE04EC0-301F-11D3-BF4B-00C04F79EFBC}") = "dll_wpf", "dll_wpf\dll_wpf.csproj", "{362B28B0-626A-474F-9436-E58E63CA2370}"
EndProject
Project("{FAE04EC0-301F-11D3-BF4B-00C04F79EFBC}") = "Dwelling_Assembly", "Dwelling_Assembly\Dwelling_Assembly.csproj", "{CAADF258-E3DA-40B3-8334-A834921BAD75}"
EndProject
Project("{FAE04EC0-301F-11D3-BF4B-00C04F79EFBC}") = "WIND_NUMB_new", "WIND_NUMB_new\WIND_NUMB_new.csproj", "{58E910F5-0C73-4C98-AC6A-805D67AB8976}"
EndProject
Project("{FAE04EC0-301F-11D3-BF4B-00C04F79EFBC}") = "LINE_ROAD", "LINE_ROAD\LINE_ROAD.csproj", "{18514EE4-3651-43B0-8D2B-9F8DB2335F18}"
EndProject
Project("{FAE04EC0-301F-11D3-BF4B-00C04F79EFBC}") = "FakeGridNum", "FakeGridNum\FakeGridNum.csproj", "{C7CA37BA-9B37-4078-AE10-45FB4F367099}"
EndProject
Project("{FAE04EC0-301F-11D3-BF4B-00C04F79EFBC}") = "JustForFun", "JustForFun\JustForFun.csproj", "{570C5E14-AF86-46DB-AC38-B9A353E746EA}"
EndProject
Project("{FAE04EC0-301F-11D3-BF4B-00C04F79EFBC}") = "LayoutColumnGrid", "LayoutColumnGrid\LayoutColumnGrid.csproj", "{675E1698-E799-4DF2-A2B1-25B10013F01C}"
EndProject
Project("{FAE04EC0-301F-11D3-BF4B-00C04F79EFBC}") = "NewCommand_addin", "NewCommand_addin\NewCommand_addin.csproj", "{6C9367D0-1CA8-40A0-8BD0-99F432F3CBFA}"
EndProject
Project("{FAE04EC0-301F-11D3-BF4B-00C04F79EFBC}") = "ModelessFormExternalEvent", "ModelessFormExternalEvent\ModelessFormExternalEvent.csproj", "{175583C3-F38D-4552-A68B-4D560EBC8667}"
EndProject
Project("{FAE04EC0-301F-11D3-BF4B-00C04F79EFBC}") = "Console_Test", "Console_Test\Console_Test.csproj", "{E2948068-A783-4CC3-8707-9CA3AB294913}"
EndProject
Project("{FAE04EC0-301F-11D3-BF4B-00C04F79EFBC}") = "工时计算", "工时计算\工时计算.csproj", "{42107C2C-1D37-4621-8357-BA5E000CE4EA}"
EndProject
Project("{FAE04EC0-301F-11D3-BF4B-00C04F79EFBC}") = "Wpf_Test", "Wpf_Test\Wpf_Test.csproj", "{397DF4FE-E884-4F9D-A247-D76641235CCC}"
EndProject
Project("{FAE04EC0-301F-11D3-BF4B-00C04F79EFBC}") = "geometry3Sharp", "..\..\geometry3Sharp\geometry3Sharp.csproj", "{0C518DDA-28FE-44CA-9AB0-F9773974F13A}"
EndProject
Project("{FAE04EC0-301F-11D3-BF4B-00C04F79EFBC}") = "CommonLittleCommands", "CommonLittleCommands\CommonLittleCommands.csproj", "{CD05F85B-4FBE-4687-9083-18DFF8A9B943}"
EndProject
Project("{FAE04EC0-301F-11D3-BF4B-00C04F79EFBC}") = "ParkingLayoutEfficientNewStructual", "ParkingLayoutEfficientNewStructual\ParkingLayoutEfficientNewStructual.csproj", "{D979F1DD-B2FA-4257-AE6B-C71D0A33F8D8}"
EndProject
Project("{FAE04EC0-301F-11D3-BF4B-00C04F79EFBC}") = "PublicProjectMethods_", "..\goa-tools-common\PublicProjectMethods_\PublicProjectMethods_.csproj", "{391E1E0A-0D53-4518-A15A-7EA541053925}"
EndProject
Project("{FAE04EC0-301F-11D3-BF4B-00C04F79EFBC}") = "ConsoleApp_Test02", "ConsoleApp_Test02\ConsoleApp_Test02.csproj", "{2EDF29E4-283A-4EF8-90EA-C088E07E1999}"
EndProject
Project("{8BC9CEB8-8B4A-11D0-8D11-00A0C91BC942}") = "C++Test", "C++Test\C++Test.vcxproj", "{7B5449BF-928C-447A-AA45-56C2CF6FDABE}"
EndProject
Project("{FAE04EC0-301F-11D3-BF4B-00C04F79EFBC}") = "EightQueens", "EightQueens\EightQueens.csproj", "{F73FBC8C-2363-46A2-96C6-8923B4FD060E}"
EndProject
Project("{9A19103F-16F7-4668-BE54-9A1E7A4F7556}") = "Octree", "..\..\NetOctree\Octree\Octree.csproj", "{A05D07DB-F57E-4395-9EBF-5D86FC2F3486}"
EndProject
Project("{FAE04EC0-301F-11D3-BF4B-00C04F79EFBC}") = "NLoggerHelper", "NLoggerHelper\NLoggerHelper.csproj", "{96BA14F4-D305-48E5-AF15-CD09EFB30140}"
EndProject
Global
	GlobalSection(SolutionConfigurationPlatforms) = preSolution
		Debug|Any CPU = Debug|Any CPU
		Debug|x64 = Debug|x64
		Debug|x86 = Debug|x86
		Release|Any CPU = Release|Any CPU
		Release|x64 = Release|x64
		Release|x86 = Release|x86
	EndGlobalSection
	GlobalSection(ProjectConfigurationPlatforms) = postSolution
		{EE4E58E5-0CE5-4BC3-841A-B4A86FEBFCC0}.Debug|Any CPU.ActiveCfg = Debug|Any CPU
		{EE4E58E5-0CE5-4BC3-841A-B4A86FEBFCC0}.Debug|Any CPU.Build.0 = Debug|Any CPU
		{EE4E58E5-0CE5-4BC3-841A-B4A86FEBFCC0}.Debug|x64.ActiveCfg = Debug|Any CPU
		{EE4E58E5-0CE5-4BC3-841A-B4A86FEBFCC0}.Debug|x64.Build.0 = Debug|Any CPU
		{EE4E58E5-0CE5-4BC3-841A-B4A86FEBFCC0}.Debug|x86.ActiveCfg = Debug|Any CPU
		{EE4E58E5-0CE5-4BC3-841A-B4A86FEBFCC0}.Debug|x86.Build.0 = Debug|Any CPU
		{EE4E58E5-0CE5-4BC3-841A-B4A86FEBFCC0}.Release|Any CPU.ActiveCfg = Release|Any CPU
		{EE4E58E5-0CE5-4BC3-841A-B4A86FEBFCC0}.Release|Any CPU.Build.0 = Release|Any CPU
		{EE4E58E5-0CE5-4BC3-841A-B4A86FEBFCC0}.Release|x64.ActiveCfg = Release|Any CPU
		{EE4E58E5-0CE5-4BC3-841A-B4A86FEBFCC0}.Release|x64.Build.0 = Release|Any CPU
		{EE4E58E5-0CE5-4BC3-841A-B4A86FEBFCC0}.Release|x86.ActiveCfg = Release|Any CPU
		{EE4E58E5-0CE5-4BC3-841A-B4A86FEBFCC0}.Release|x86.Build.0 = Release|Any CPU
		{628E071B-392D-430D-A1DC-C281A06986F2}.Debug|Any CPU.ActiveCfg = Debug|Any CPU
		{628E071B-392D-430D-A1DC-C281A06986F2}.Debug|Any CPU.Build.0 = Debug|Any CPU
		{628E071B-392D-430D-A1DC-C281A06986F2}.Debug|x64.ActiveCfg = Debug|Any CPU
		{628E071B-392D-430D-A1DC-C281A06986F2}.Debug|x64.Build.0 = Debug|Any CPU
		{628E071B-392D-430D-A1DC-C281A06986F2}.Debug|x86.ActiveCfg = Debug|Any CPU
		{628E071B-392D-430D-A1DC-C281A06986F2}.Debug|x86.Build.0 = Debug|Any CPU
		{628E071B-392D-430D-A1DC-C281A06986F2}.Release|Any CPU.ActiveCfg = Release|Any CPU
		{628E071B-392D-430D-A1DC-C281A06986F2}.Release|Any CPU.Build.0 = Release|Any CPU
		{628E071B-392D-430D-A1DC-C281A06986F2}.Release|x64.ActiveCfg = Release|Any CPU
		{628E071B-392D-430D-A1DC-C281A06986F2}.Release|x64.Build.0 = Release|Any CPU
		{628E071B-392D-430D-A1DC-C281A06986F2}.Release|x86.ActiveCfg = Release|Any CPU
		{628E071B-392D-430D-A1DC-C281A06986F2}.Release|x86.Build.0 = Release|Any CPU
		{1FCDF1A0-882C-4AF4-BD2A-F66AEE3CA9C6}.Debug|Any CPU.ActiveCfg = Debug|Any CPU
		{1FCDF1A0-882C-4AF4-BD2A-F66AEE3CA9C6}.Debug|Any CPU.Build.0 = Debug|Any CPU
		{1FCDF1A0-882C-4AF4-BD2A-F66AEE3CA9C6}.Debug|x64.ActiveCfg = Debug|Any CPU
		{1FCDF1A0-882C-4AF4-BD2A-F66AEE3CA9C6}.Debug|x64.Build.0 = Debug|Any CPU
		{1FCDF1A0-882C-4AF4-BD2A-F66AEE3CA9C6}.Debug|x86.ActiveCfg = Debug|Any CPU
		{1FCDF1A0-882C-4AF4-BD2A-F66AEE3CA9C6}.Debug|x86.Build.0 = Debug|Any CPU
		{1FCDF1A0-882C-4AF4-BD2A-F66AEE3CA9C6}.Release|Any CPU.ActiveCfg = Release|Any CPU
		{1FCDF1A0-882C-4AF4-BD2A-F66AEE3CA9C6}.Release|Any CPU.Build.0 = Release|Any CPU
		{1FCDF1A0-882C-4AF4-BD2A-F66AEE3CA9C6}.Release|x64.ActiveCfg = Release|Any CPU
		{1FCDF1A0-882C-4AF4-BD2A-F66AEE3CA9C6}.Release|x64.Build.0 = Release|Any CPU
		{1FCDF1A0-882C-4AF4-BD2A-F66AEE3CA9C6}.Release|x86.ActiveCfg = Release|Any CPU
		{1FCDF1A0-882C-4AF4-BD2A-F66AEE3CA9C6}.Release|x86.Build.0 = Release|Any CPU
		{98BDF35B-801B-4001-BC9F-8F96A9577CFC}.Debug|Any CPU.ActiveCfg = Debug|Any CPU
		{98BDF35B-801B-4001-BC9F-8F96A9577CFC}.Debug|Any CPU.Build.0 = Debug|Any CPU
		{98BDF35B-801B-4001-BC9F-8F96A9577CFC}.Debug|x64.ActiveCfg = Debug|Any CPU
		{98BDF35B-801B-4001-BC9F-8F96A9577CFC}.Debug|x64.Build.0 = Debug|Any CPU
		{98BDF35B-801B-4001-BC9F-8F96A9577CFC}.Debug|x86.ActiveCfg = Debug|Any CPU
		{98BDF35B-801B-4001-BC9F-8F96A9577CFC}.Debug|x86.Build.0 = Debug|Any CPU
		{98BDF35B-801B-4001-BC9F-8F96A9577CFC}.Release|Any CPU.ActiveCfg = Release|Any CPU
		{98BDF35B-801B-4001-BC9F-8F96A9577CFC}.Release|Any CPU.Build.0 = Release|Any CPU
		{98BDF35B-801B-4001-BC9F-8F96A9577CFC}.Release|x64.ActiveCfg = Release|Any CPU
		{98BDF35B-801B-4001-BC9F-8F96A9577CFC}.Release|x64.Build.0 = Release|Any CPU
		{98BDF35B-801B-4001-BC9F-8F96A9577CFC}.Release|x86.ActiveCfg = Release|Any CPU
		{98BDF35B-801B-4001-BC9F-8F96A9577CFC}.Release|x86.Build.0 = Release|Any CPU
		{46A532BD-3F1A-4B3E-BA89-A254CA3ACD3D}.Debug|Any CPU.ActiveCfg = Debug|Any CPU
		{46A532BD-3F1A-4B3E-BA89-A254CA3ACD3D}.Debug|Any CPU.Build.0 = Debug|Any CPU
		{46A532BD-3F1A-4B3E-BA89-A254CA3ACD3D}.Debug|x64.ActiveCfg = Debug|Any CPU
		{46A532BD-3F1A-4B3E-BA89-A254CA3ACD3D}.Debug|x64.Build.0 = Debug|Any CPU
		{46A532BD-3F1A-4B3E-BA89-A254CA3ACD3D}.Debug|x86.ActiveCfg = Debug|Any CPU
		{46A532BD-3F1A-4B3E-BA89-A254CA3ACD3D}.Debug|x86.Build.0 = Debug|Any CPU
		{46A532BD-3F1A-4B3E-BA89-A254CA3ACD3D}.Release|Any CPU.ActiveCfg = Release|Any CPU
		{46A532BD-3F1A-4B3E-BA89-A254CA3ACD3D}.Release|Any CPU.Build.0 = Release|Any CPU
		{46A532BD-3F1A-4B3E-BA89-A254CA3ACD3D}.Release|x64.ActiveCfg = Release|Any CPU
		{46A532BD-3F1A-4B3E-BA89-A254CA3ACD3D}.Release|x64.Build.0 = Release|Any CPU
		{46A532BD-3F1A-4B3E-BA89-A254CA3ACD3D}.Release|x86.ActiveCfg = Release|Any CPU
		{46A532BD-3F1A-4B3E-BA89-A254CA3ACD3D}.Release|x86.Build.0 = Release|Any CPU
		{B40E9D0F-EAC2-48BB-B734-F6AB207FDE8B}.Debug|Any CPU.ActiveCfg = Debug|Any CPU
		{B40E9D0F-EAC2-48BB-B734-F6AB207FDE8B}.Debug|Any CPU.Build.0 = Debug|Any CPU
		{B40E9D0F-EAC2-48BB-B734-F6AB207FDE8B}.Debug|x64.ActiveCfg = Debug|Any CPU
		{B40E9D0F-EAC2-48BB-B734-F6AB207FDE8B}.Debug|x64.Build.0 = Debug|Any CPU
		{B40E9D0F-EAC2-48BB-B734-F6AB207FDE8B}.Debug|x86.ActiveCfg = Debug|Any CPU
		{B40E9D0F-EAC2-48BB-B734-F6AB207FDE8B}.Debug|x86.Build.0 = Debug|Any CPU
		{B40E9D0F-EAC2-48BB-B734-F6AB207FDE8B}.Release|Any CPU.ActiveCfg = Release|Any CPU
		{B40E9D0F-EAC2-48BB-B734-F6AB207FDE8B}.Release|Any CPU.Build.0 = Release|Any CPU
		{B40E9D0F-EAC2-48BB-B734-F6AB207FDE8B}.Release|x64.ActiveCfg = Release|Any CPU
		{B40E9D0F-EAC2-48BB-B734-F6AB207FDE8B}.Release|x64.Build.0 = Release|Any CPU
		{B40E9D0F-EAC2-48BB-B734-F6AB207FDE8B}.Release|x86.ActiveCfg = Release|Any CPU
		{B40E9D0F-EAC2-48BB-B734-F6AB207FDE8B}.Release|x86.Build.0 = Release|Any CPU
		{54A282AF-02BF-4EF5-B98A-659E682B2007}.Debug|Any CPU.ActiveCfg = Debug|Any CPU
		{54A282AF-02BF-4EF5-B98A-659E682B2007}.Debug|Any CPU.Build.0 = Debug|Any CPU
		{54A282AF-02BF-4EF5-B98A-659E682B2007}.Debug|x64.ActiveCfg = Debug|Any CPU
		{54A282AF-02BF-4EF5-B98A-659E682B2007}.Debug|x64.Build.0 = Debug|Any CPU
		{54A282AF-02BF-4EF5-B98A-659E682B2007}.Debug|x86.ActiveCfg = Debug|Any CPU
		{54A282AF-02BF-4EF5-B98A-659E682B2007}.Debug|x86.Build.0 = Debug|Any CPU
		{54A282AF-02BF-4EF5-B98A-659E682B2007}.Release|Any CPU.ActiveCfg = Release|Any CPU
		{54A282AF-02BF-4EF5-B98A-659E682B2007}.Release|Any CPU.Build.0 = Release|Any CPU
		{54A282AF-02BF-4EF5-B98A-659E682B2007}.Release|x64.ActiveCfg = Release|Any CPU
		{54A282AF-02BF-4EF5-B98A-659E682B2007}.Release|x64.Build.0 = Release|Any CPU
		{54A282AF-02BF-4EF5-B98A-659E682B2007}.Release|x86.ActiveCfg = Release|Any CPU
		{54A282AF-02BF-4EF5-B98A-659E682B2007}.Release|x86.Build.0 = Release|Any CPU
		{6284A232-1743-40CB-BE06-41AD5066CEC1}.Debug|Any CPU.ActiveCfg = Debug|Any CPU
		{6284A232-1743-40CB-BE06-41AD5066CEC1}.Debug|Any CPU.Build.0 = Debug|Any CPU
		{6284A232-1743-40CB-BE06-41AD5066CEC1}.Debug|x64.ActiveCfg = Debug|Any CPU
		{6284A232-1743-40CB-BE06-41AD5066CEC1}.Debug|x64.Build.0 = Debug|Any CPU
		{6284A232-1743-40CB-BE06-41AD5066CEC1}.Debug|x86.ActiveCfg = Debug|Any CPU
		{6284A232-1743-40CB-BE06-41AD5066CEC1}.Debug|x86.Build.0 = Debug|Any CPU
		{6284A232-1743-40CB-BE06-41AD5066CEC1}.Release|Any CPU.ActiveCfg = Release|Any CPU
		{6284A232-1743-40CB-BE06-41AD5066CEC1}.Release|Any CPU.Build.0 = Release|Any CPU
		{6284A232-1743-40CB-BE06-41AD5066CEC1}.Release|x64.ActiveCfg = Release|Any CPU
		{6284A232-1743-40CB-BE06-41AD5066CEC1}.Release|x64.Build.0 = Release|Any CPU
		{6284A232-1743-40CB-BE06-41AD5066CEC1}.Release|x86.ActiveCfg = Release|Any CPU
		{6284A232-1743-40CB-BE06-41AD5066CEC1}.Release|x86.Build.0 = Release|Any CPU
		{1956BACD-A663-4550-8B3C-365119DBE26C}.Debug|Any CPU.ActiveCfg = Debug|Any CPU
		{1956BACD-A663-4550-8B3C-365119DBE26C}.Debug|Any CPU.Build.0 = Debug|Any CPU
		{1956BACD-A663-4550-8B3C-365119DBE26C}.Debug|x64.ActiveCfg = Debug|Any CPU
		{1956BACD-A663-4550-8B3C-365119DBE26C}.Debug|x64.Build.0 = Debug|Any CPU
		{1956BACD-A663-4550-8B3C-365119DBE26C}.Debug|x86.ActiveCfg = Debug|Any CPU
		{1956BACD-A663-4550-8B3C-365119DBE26C}.Debug|x86.Build.0 = Debug|Any CPU
		{1956BACD-A663-4550-8B3C-365119DBE26C}.Release|Any CPU.ActiveCfg = Release|Any CPU
		{1956BACD-A663-4550-8B3C-365119DBE26C}.Release|Any CPU.Build.0 = Release|Any CPU
		{1956BACD-A663-4550-8B3C-365119DBE26C}.Release|x64.ActiveCfg = Release|Any CPU
		{1956BACD-A663-4550-8B3C-365119DBE26C}.Release|x64.Build.0 = Release|Any CPU
		{1956BACD-A663-4550-8B3C-365119DBE26C}.Release|x86.ActiveCfg = Release|Any CPU
		{1956BACD-A663-4550-8B3C-365119DBE26C}.Release|x86.Build.0 = Release|Any CPU
		{53A0CDC9-52C3-4C39-8C84-7BBEF5C26A28}.Debug|Any CPU.ActiveCfg = Debug|Any CPU
		{53A0CDC9-52C3-4C39-8C84-7BBEF5C26A28}.Debug|Any CPU.Build.0 = Debug|Any CPU
		{53A0CDC9-52C3-4C39-8C84-7BBEF5C26A28}.Debug|x64.ActiveCfg = Debug|Any CPU
		{53A0CDC9-52C3-4C39-8C84-7BBEF5C26A28}.Debug|x64.Build.0 = Debug|Any CPU
		{53A0CDC9-52C3-4C39-8C84-7BBEF5C26A28}.Debug|x86.ActiveCfg = Debug|Any CPU
		{53A0CDC9-52C3-4C39-8C84-7BBEF5C26A28}.Debug|x86.Build.0 = Debug|Any CPU
		{53A0CDC9-52C3-4C39-8C84-7BBEF5C26A28}.Release|Any CPU.ActiveCfg = Release|Any CPU
		{53A0CDC9-52C3-4C39-8C84-7BBEF5C26A28}.Release|Any CPU.Build.0 = Release|Any CPU
		{53A0CDC9-52C3-4C39-8C84-7BBEF5C26A28}.Release|x64.ActiveCfg = Release|Any CPU
		{53A0CDC9-52C3-4C39-8C84-7BBEF5C26A28}.Release|x64.Build.0 = Release|Any CPU
		{53A0CDC9-52C3-4C39-8C84-7BBEF5C26A28}.Release|x86.ActiveCfg = Release|Any CPU
		{53A0CDC9-52C3-4C39-8C84-7BBEF5C26A28}.Release|x86.Build.0 = Release|Any CPU
		{D0557AF0-3763-45E3-8987-A97DA72245F7}.Debug|Any CPU.ActiveCfg = Debug|Any CPU
		{D0557AF0-3763-45E3-8987-A97DA72245F7}.Debug|Any CPU.Build.0 = Debug|Any CPU
		{D0557AF0-3763-45E3-8987-A97DA72245F7}.Debug|x64.ActiveCfg = Debug|Any CPU
		{D0557AF0-3763-45E3-8987-A97DA72245F7}.Debug|x64.Build.0 = Debug|Any CPU
		{D0557AF0-3763-45E3-8987-A97DA72245F7}.Debug|x86.ActiveCfg = Debug|Any CPU
		{D0557AF0-3763-45E3-8987-A97DA72245F7}.Debug|x86.Build.0 = Debug|Any CPU
		{D0557AF0-3763-45E3-8987-A97DA72245F7}.Release|Any CPU.ActiveCfg = Release|Any CPU
		{D0557AF0-3763-45E3-8987-A97DA72245F7}.Release|Any CPU.Build.0 = Release|Any CPU
		{D0557AF0-3763-45E3-8987-A97DA72245F7}.Release|x64.ActiveCfg = Release|Any CPU
		{D0557AF0-3763-45E3-8987-A97DA72245F7}.Release|x64.Build.0 = Release|Any CPU
		{D0557AF0-3763-45E3-8987-A97DA72245F7}.Release|x86.ActiveCfg = Release|Any CPU
		{D0557AF0-3763-45E3-8987-A97DA72245F7}.Release|x86.Build.0 = Release|Any CPU
		{40410D10-0CFB-4363-8D82-AABDE2CBA0E5}.Debug|Any CPU.ActiveCfg = Debug|Any CPU
		{40410D10-0CFB-4363-8D82-AABDE2CBA0E5}.Debug|Any CPU.Build.0 = Debug|Any CPU
		{40410D10-0CFB-4363-8D82-AABDE2CBA0E5}.Debug|x64.ActiveCfg = Debug|Any CPU
		{40410D10-0CFB-4363-8D82-AABDE2CBA0E5}.Debug|x64.Build.0 = Debug|Any CPU
		{40410D10-0CFB-4363-8D82-AABDE2CBA0E5}.Debug|x86.ActiveCfg = Debug|Any CPU
		{40410D10-0CFB-4363-8D82-AABDE2CBA0E5}.Debug|x86.Build.0 = Debug|Any CPU
		{40410D10-0CFB-4363-8D82-AABDE2CBA0E5}.Release|Any CPU.ActiveCfg = Release|Any CPU
		{40410D10-0CFB-4363-8D82-AABDE2CBA0E5}.Release|Any CPU.Build.0 = Release|Any CPU
		{40410D10-0CFB-4363-8D82-AABDE2CBA0E5}.Release|x64.ActiveCfg = Release|Any CPU
		{40410D10-0CFB-4363-8D82-AABDE2CBA0E5}.Release|x64.Build.0 = Release|Any CPU
		{40410D10-0CFB-4363-8D82-AABDE2CBA0E5}.Release|x86.ActiveCfg = Release|Any CPU
		{40410D10-0CFB-4363-8D82-AABDE2CBA0E5}.Release|x86.Build.0 = Release|Any CPU
		{3B63163D-CE10-43A5-86C5-D5FB43E65EE9}.Debug|Any CPU.ActiveCfg = Debug|Any CPU
		{3B63163D-CE10-43A5-86C5-D5FB43E65EE9}.Debug|Any CPU.Build.0 = Debug|Any CPU
		{3B63163D-CE10-43A5-86C5-D5FB43E65EE9}.Debug|x64.ActiveCfg = Debug|Any CPU
		{3B63163D-CE10-43A5-86C5-D5FB43E65EE9}.Debug|x64.Build.0 = Debug|Any CPU
		{3B63163D-CE10-43A5-86C5-D5FB43E65EE9}.Debug|x86.ActiveCfg = Debug|Any CPU
		{3B63163D-CE10-43A5-86C5-D5FB43E65EE9}.Debug|x86.Build.0 = Debug|Any CPU
		{3B63163D-CE10-43A5-86C5-D5FB43E65EE9}.Release|Any CPU.ActiveCfg = Release|Any CPU
		{3B63163D-CE10-43A5-86C5-D5FB43E65EE9}.Release|Any CPU.Build.0 = Release|Any CPU
		{3B63163D-CE10-43A5-86C5-D5FB43E65EE9}.Release|x64.ActiveCfg = Release|Any CPU
		{3B63163D-CE10-43A5-86C5-D5FB43E65EE9}.Release|x64.Build.0 = Release|Any CPU
		{3B63163D-CE10-43A5-86C5-D5FB43E65EE9}.Release|x86.ActiveCfg = Release|Any CPU
		{3B63163D-CE10-43A5-86C5-D5FB43E65EE9}.Release|x86.Build.0 = Release|Any CPU
		{362B28B0-626A-474F-9436-E58E63CA2370}.Debug|Any CPU.ActiveCfg = Debug|Any CPU
		{362B28B0-626A-474F-9436-E58E63CA2370}.Debug|Any CPU.Build.0 = Debug|Any CPU
		{362B28B0-626A-474F-9436-E58E63CA2370}.Debug|x64.ActiveCfg = Debug|Any CPU
		{362B28B0-626A-474F-9436-E58E63CA2370}.Debug|x64.Build.0 = Debug|Any CPU
		{362B28B0-626A-474F-9436-E58E63CA2370}.Debug|x86.ActiveCfg = Debug|Any CPU
		{362B28B0-626A-474F-9436-E58E63CA2370}.Debug|x86.Build.0 = Debug|Any CPU
		{362B28B0-626A-474F-9436-E58E63CA2370}.Release|Any CPU.ActiveCfg = Release|Any CPU
		{362B28B0-626A-474F-9436-E58E63CA2370}.Release|Any CPU.Build.0 = Release|Any CPU
		{362B28B0-626A-474F-9436-E58E63CA2370}.Release|x64.ActiveCfg = Release|Any CPU
		{362B28B0-626A-474F-9436-E58E63CA2370}.Release|x64.Build.0 = Release|Any CPU
		{362B28B0-626A-474F-9436-E58E63CA2370}.Release|x86.ActiveCfg = Release|Any CPU
		{362B28B0-626A-474F-9436-E58E63CA2370}.Release|x86.Build.0 = Release|Any CPU
		{CAADF258-E3DA-40B3-8334-A834921BAD75}.Debug|Any CPU.ActiveCfg = Debug|Any CPU
		{CAADF258-E3DA-40B3-8334-A834921BAD75}.Debug|Any CPU.Build.0 = Debug|Any CPU
		{CAADF258-E3DA-40B3-8334-A834921BAD75}.Debug|x64.ActiveCfg = Debug|Any CPU
		{CAADF258-E3DA-40B3-8334-A834921BAD75}.Debug|x64.Build.0 = Debug|Any CPU
		{CAADF258-E3DA-40B3-8334-A834921BAD75}.Debug|x86.ActiveCfg = Debug|Any CPU
		{CAADF258-E3DA-40B3-8334-A834921BAD75}.Debug|x86.Build.0 = Debug|Any CPU
		{CAADF258-E3DA-40B3-8334-A834921BAD75}.Release|Any CPU.ActiveCfg = Release|Any CPU
		{CAADF258-E3DA-40B3-8334-A834921BAD75}.Release|Any CPU.Build.0 = Release|Any CPU
		{CAADF258-E3DA-40B3-8334-A834921BAD75}.Release|x64.ActiveCfg = Release|Any CPU
		{CAADF258-E3DA-40B3-8334-A834921BAD75}.Release|x64.Build.0 = Release|Any CPU
		{CAADF258-E3DA-40B3-8334-A834921BAD75}.Release|x86.ActiveCfg = Release|Any CPU
		{CAADF258-E3DA-40B3-8334-A834921BAD75}.Release|x86.Build.0 = Release|Any CPU
		{58E910F5-0C73-4C98-AC6A-805D67AB8976}.Debug|Any CPU.ActiveCfg = Debug|Any CPU
		{58E910F5-0C73-4C98-AC6A-805D67AB8976}.Debug|Any CPU.Build.0 = Debug|Any CPU
		{58E910F5-0C73-4C98-AC6A-805D67AB8976}.Debug|x64.ActiveCfg = Debug|Any CPU
		{58E910F5-0C73-4C98-AC6A-805D67AB8976}.Debug|x64.Build.0 = Debug|Any CPU
		{58E910F5-0C73-4C98-AC6A-805D67AB8976}.Debug|x86.ActiveCfg = Debug|Any CPU
		{58E910F5-0C73-4C98-AC6A-805D67AB8976}.Debug|x86.Build.0 = Debug|Any CPU
		{58E910F5-0C73-4C98-AC6A-805D67AB8976}.Release|Any CPU.ActiveCfg = Release|Any CPU
		{58E910F5-0C73-4C98-AC6A-805D67AB8976}.Release|Any CPU.Build.0 = Release|Any CPU
		{58E910F5-0C73-4C98-AC6A-805D67AB8976}.Release|x64.ActiveCfg = Release|Any CPU
		{58E910F5-0C73-4C98-AC6A-805D67AB8976}.Release|x64.Build.0 = Release|Any CPU
		{58E910F5-0C73-4C98-AC6A-805D67AB8976}.Release|x86.ActiveCfg = Release|Any CPU
		{58E910F5-0C73-4C98-AC6A-805D67AB8976}.Release|x86.Build.0 = Release|Any CPU
		{18514EE4-3651-43B0-8D2B-9F8DB2335F18}.Debug|Any CPU.ActiveCfg = Debug|Any CPU
		{18514EE4-3651-43B0-8D2B-9F8DB2335F18}.Debug|Any CPU.Build.0 = Debug|Any CPU
		{18514EE4-3651-43B0-8D2B-9F8DB2335F18}.Debug|x64.ActiveCfg = Debug|Any CPU
		{18514EE4-3651-43B0-8D2B-9F8DB2335F18}.Debug|x64.Build.0 = Debug|Any CPU
		{18514EE4-3651-43B0-8D2B-9F8DB2335F18}.Debug|x86.ActiveCfg = Debug|Any CPU
		{18514EE4-3651-43B0-8D2B-9F8DB2335F18}.Debug|x86.Build.0 = Debug|Any CPU
		{18514EE4-3651-43B0-8D2B-9F8DB2335F18}.Release|Any CPU.ActiveCfg = Release|Any CPU
		{18514EE4-3651-43B0-8D2B-9F8DB2335F18}.Release|Any CPU.Build.0 = Release|Any CPU
		{18514EE4-3651-43B0-8D2B-9F8DB2335F18}.Release|x64.ActiveCfg = Release|Any CPU
		{18514EE4-3651-43B0-8D2B-9F8DB2335F18}.Release|x64.Build.0 = Release|Any CPU
		{18514EE4-3651-43B0-8D2B-9F8DB2335F18}.Release|x86.ActiveCfg = Release|Any CPU
		{18514EE4-3651-43B0-8D2B-9F8DB2335F18}.Release|x86.Build.0 = Release|Any CPU
		{C7CA37BA-9B37-4078-AE10-45FB4F367099}.Debug|Any CPU.ActiveCfg = Debug|Any CPU
		{C7CA37BA-9B37-4078-AE10-45FB4F367099}.Debug|Any CPU.Build.0 = Debug|Any CPU
		{C7CA37BA-9B37-4078-AE10-45FB4F367099}.Debug|x64.ActiveCfg = Debug|Any CPU
		{C7CA37BA-9B37-4078-AE10-45FB4F367099}.Debug|x64.Build.0 = Debug|Any CPU
		{C7CA37BA-9B37-4078-AE10-45FB4F367099}.Debug|x86.ActiveCfg = Debug|Any CPU
		{C7CA37BA-9B37-4078-AE10-45FB4F367099}.Debug|x86.Build.0 = Debug|Any CPU
		{C7CA37BA-9B37-4078-AE10-45FB4F367099}.Release|Any CPU.ActiveCfg = Release|Any CPU
		{C7CA37BA-9B37-4078-AE10-45FB4F367099}.Release|Any CPU.Build.0 = Release|Any CPU
		{C7CA37BA-9B37-4078-AE10-45FB4F367099}.Release|x64.ActiveCfg = Release|Any CPU
		{C7CA37BA-9B37-4078-AE10-45FB4F367099}.Release|x64.Build.0 = Release|Any CPU
		{C7CA37BA-9B37-4078-AE10-45FB4F367099}.Release|x86.ActiveCfg = Release|Any CPU
		{C7CA37BA-9B37-4078-AE10-45FB4F367099}.Release|x86.Build.0 = Release|Any CPU
		{570C5E14-AF86-46DB-AC38-B9A353E746EA}.Debug|Any CPU.ActiveCfg = Debug|Any CPU
		{570C5E14-AF86-46DB-AC38-B9A353E746EA}.Debug|Any CPU.Build.0 = Debug|Any CPU
		{570C5E14-AF86-46DB-AC38-B9A353E746EA}.Debug|x64.ActiveCfg = Debug|Any CPU
		{570C5E14-AF86-46DB-AC38-B9A353E746EA}.Debug|x64.Build.0 = Debug|Any CPU
		{570C5E14-AF86-46DB-AC38-B9A353E746EA}.Debug|x86.ActiveCfg = Debug|Any CPU
		{570C5E14-AF86-46DB-AC38-B9A353E746EA}.Debug|x86.Build.0 = Debug|Any CPU
		{570C5E14-AF86-46DB-AC38-B9A353E746EA}.Release|Any CPU.ActiveCfg = Release|Any CPU
		{570C5E14-AF86-46DB-AC38-B9A353E746EA}.Release|Any CPU.Build.0 = Release|Any CPU
		{570C5E14-AF86-46DB-AC38-B9A353E746EA}.Release|x64.ActiveCfg = Release|Any CPU
		{570C5E14-AF86-46DB-AC38-B9A353E746EA}.Release|x64.Build.0 = Release|Any CPU
		{570C5E14-AF86-46DB-AC38-B9A353E746EA}.Release|x86.ActiveCfg = Release|Any CPU
		{570C5E14-AF86-46DB-AC38-B9A353E746EA}.Release|x86.Build.0 = Release|Any CPU
		{675E1698-E799-4DF2-A2B1-25B10013F01C}.Debug|Any CPU.ActiveCfg = Debug|Any CPU
		{675E1698-E799-4DF2-A2B1-25B10013F01C}.Debug|Any CPU.Build.0 = Debug|Any CPU
		{675E1698-E799-4DF2-A2B1-25B10013F01C}.Debug|x64.ActiveCfg = Debug|Any CPU
		{675E1698-E799-4DF2-A2B1-25B10013F01C}.Debug|x64.Build.0 = Debug|Any CPU
		{675E1698-E799-4DF2-A2B1-25B10013F01C}.Debug|x86.ActiveCfg = Debug|Any CPU
		{675E1698-E799-4DF2-A2B1-25B10013F01C}.Debug|x86.Build.0 = Debug|Any CPU
		{675E1698-E799-4DF2-A2B1-25B10013F01C}.Release|Any CPU.ActiveCfg = Release|Any CPU
		{675E1698-E799-4DF2-A2B1-25B10013F01C}.Release|Any CPU.Build.0 = Release|Any CPU
		{675E1698-E799-4DF2-A2B1-25B10013F01C}.Release|x64.ActiveCfg = Release|Any CPU
		{675E1698-E799-4DF2-A2B1-25B10013F01C}.Release|x64.Build.0 = Release|Any CPU
		{675E1698-E799-4DF2-A2B1-25B10013F01C}.Release|x86.ActiveCfg = Release|Any CPU
		{675E1698-E799-4DF2-A2B1-25B10013F01C}.Release|x86.Build.0 = Release|Any CPU
		{6C9367D0-1CA8-40A0-8BD0-99F432F3CBFA}.Debug|Any CPU.ActiveCfg = Debug|Any CPU
		{6C9367D0-1CA8-40A0-8BD0-99F432F3CBFA}.Debug|Any CPU.Build.0 = Debug|Any CPU
		{6C9367D0-1CA8-40A0-8BD0-99F432F3CBFA}.Debug|x64.ActiveCfg = Debug|Any CPU
		{6C9367D0-1CA8-40A0-8BD0-99F432F3CBFA}.Debug|x64.Build.0 = Debug|Any CPU
		{6C9367D0-1CA8-40A0-8BD0-99F432F3CBFA}.Debug|x86.ActiveCfg = Debug|Any CPU
		{6C9367D0-1CA8-40A0-8BD0-99F432F3CBFA}.Debug|x86.Build.0 = Debug|Any CPU
		{6C9367D0-1CA8-40A0-8BD0-99F432F3CBFA}.Release|Any CPU.ActiveCfg = Release|Any CPU
		{6C9367D0-1CA8-40A0-8BD0-99F432F3CBFA}.Release|Any CPU.Build.0 = Release|Any CPU
		{6C9367D0-1CA8-40A0-8BD0-99F432F3CBFA}.Release|x64.ActiveCfg = Release|Any CPU
		{6C9367D0-1CA8-40A0-8BD0-99F432F3CBFA}.Release|x64.Build.0 = Release|Any CPU
		{6C9367D0-1CA8-40A0-8BD0-99F432F3CBFA}.Release|x86.ActiveCfg = Release|Any CPU
		{6C9367D0-1CA8-40A0-8BD0-99F432F3CBFA}.Release|x86.Build.0 = Release|Any CPU
		{175583C3-F38D-4552-A68B-4D560EBC8667}.Debug|Any CPU.ActiveCfg = Debug|Any CPU
		{175583C3-F38D-4552-A68B-4D560EBC8667}.Debug|Any CPU.Build.0 = Debug|Any CPU
		{175583C3-F38D-4552-A68B-4D560EBC8667}.Debug|x64.ActiveCfg = Debug|Any CPU
		{175583C3-F38D-4552-A68B-4D560EBC8667}.Debug|x64.Build.0 = Debug|Any CPU
		{175583C3-F38D-4552-A68B-4D560EBC8667}.Debug|x86.ActiveCfg = Debug|Any CPU
		{175583C3-F38D-4552-A68B-4D560EBC8667}.Debug|x86.Build.0 = Debug|Any CPU
		{175583C3-F38D-4552-A68B-4D560EBC8667}.Release|Any CPU.ActiveCfg = Release|Any CPU
		{175583C3-F38D-4552-A68B-4D560EBC8667}.Release|Any CPU.Build.0 = Release|Any CPU
		{175583C3-F38D-4552-A68B-4D560EBC8667}.Release|x64.ActiveCfg = Release|Any CPU
		{175583C3-F38D-4552-A68B-4D560EBC8667}.Release|x64.Build.0 = Release|Any CPU
		{175583C3-F38D-4552-A68B-4D560EBC8667}.Release|x86.ActiveCfg = Release|Any CPU
		{175583C3-F38D-4552-A68B-4D560EBC8667}.Release|x86.Build.0 = Release|Any CPU
		{E2948068-A783-4CC3-8707-9CA3AB294913}.Debug|Any CPU.ActiveCfg = Debug|Any CPU
		{E2948068-A783-4CC3-8707-9CA3AB294913}.Debug|Any CPU.Build.0 = Debug|Any CPU
		{E2948068-A783-4CC3-8707-9CA3AB294913}.Debug|x64.ActiveCfg = Debug|Any CPU
		{E2948068-A783-4CC3-8707-9CA3AB294913}.Debug|x64.Build.0 = Debug|Any CPU
		{E2948068-A783-4CC3-8707-9CA3AB294913}.Debug|x86.ActiveCfg = Debug|Any CPU
		{E2948068-A783-4CC3-8707-9CA3AB294913}.Debug|x86.Build.0 = Debug|Any CPU
		{E2948068-A783-4CC3-8707-9CA3AB294913}.Release|Any CPU.ActiveCfg = Release|Any CPU
		{E2948068-A783-4CC3-8707-9CA3AB294913}.Release|Any CPU.Build.0 = Release|Any CPU
		{E2948068-A783-4CC3-8707-9CA3AB294913}.Release|x64.ActiveCfg = Release|Any CPU
		{E2948068-A783-4CC3-8707-9CA3AB294913}.Release|x64.Build.0 = Release|Any CPU
		{E2948068-A783-4CC3-8707-9CA3AB294913}.Release|x86.ActiveCfg = Release|Any CPU
		{E2948068-A783-4CC3-8707-9CA3AB294913}.Release|x86.Build.0 = Release|Any CPU
		{42107C2C-1D37-4621-8357-BA5E000CE4EA}.Debug|Any CPU.ActiveCfg = Debug|Any CPU
		{42107C2C-1D37-4621-8357-BA5E000CE4EA}.Debug|Any CPU.Build.0 = Debug|Any CPU
		{42107C2C-1D37-4621-8357-BA5E000CE4EA}.Debug|x64.ActiveCfg = Debug|Any CPU
		{42107C2C-1D37-4621-8357-BA5E000CE4EA}.Debug|x64.Build.0 = Debug|Any CPU
		{42107C2C-1D37-4621-8357-BA5E000CE4EA}.Debug|x86.ActiveCfg = Debug|Any CPU
		{42107C2C-1D37-4621-8357-BA5E000CE4EA}.Debug|x86.Build.0 = Debug|Any CPU
		{42107C2C-1D37-4621-8357-BA5E000CE4EA}.Release|Any CPU.ActiveCfg = Release|Any CPU
		{42107C2C-1D37-4621-8357-BA5E000CE4EA}.Release|Any CPU.Build.0 = Release|Any CPU
		{42107C2C-1D37-4621-8357-BA5E000CE4EA}.Release|x64.ActiveCfg = Release|Any CPU
		{42107C2C-1D37-4621-8357-BA5E000CE4EA}.Release|x64.Build.0 = Release|Any CPU
		{42107C2C-1D37-4621-8357-BA5E000CE4EA}.Release|x86.ActiveCfg = Release|Any CPU
		{42107C2C-1D37-4621-8357-BA5E000CE4EA}.Release|x86.Build.0 = Release|Any CPU
		{397DF4FE-E884-4F9D-A247-D76641235CCC}.Debug|Any CPU.ActiveCfg = Debug|Any CPU
		{397DF4FE-E884-4F9D-A247-D76641235CCC}.Debug|Any CPU.Build.0 = Debug|Any CPU
		{397DF4FE-E884-4F9D-A247-D76641235CCC}.Debug|x64.ActiveCfg = Debug|Any CPU
		{397DF4FE-E884-4F9D-A247-D76641235CCC}.Debug|x64.Build.0 = Debug|Any CPU
		{397DF4FE-E884-4F9D-A247-D76641235CCC}.Debug|x86.ActiveCfg = Debug|Any CPU
		{397DF4FE-E884-4F9D-A247-D76641235CCC}.Debug|x86.Build.0 = Debug|Any CPU
		{397DF4FE-E884-4F9D-A247-D76641235CCC}.Release|Any CPU.ActiveCfg = Release|Any CPU
		{397DF4FE-E884-4F9D-A247-D76641235CCC}.Release|Any CPU.Build.0 = Release|Any CPU
		{397DF4FE-E884-4F9D-A247-D76641235CCC}.Release|x64.ActiveCfg = Release|Any CPU
		{397DF4FE-E884-4F9D-A247-D76641235CCC}.Release|x64.Build.0 = Release|Any CPU
		{397DF4FE-E884-4F9D-A247-D76641235CCC}.Release|x86.ActiveCfg = Release|Any CPU
		{397DF4FE-E884-4F9D-A247-D76641235CCC}.Release|x86.Build.0 = Release|Any CPU
		{0C518DDA-28FE-44CA-9AB0-F9773974F13A}.Debug|Any CPU.ActiveCfg = Debug|Any CPU
		{0C518DDA-28FE-44CA-9AB0-F9773974F13A}.Debug|Any CPU.Build.0 = Debug|Any CPU
		{0C518DDA-28FE-44CA-9AB0-F9773974F13A}.Debug|x64.ActiveCfg = Debug|Any CPU
		{0C518DDA-28FE-44CA-9AB0-F9773974F13A}.Debug|x64.Build.0 = Debug|Any CPU
		{0C518DDA-28FE-44CA-9AB0-F9773974F13A}.Debug|x86.ActiveCfg = Debug|Any CPU
		{0C518DDA-28FE-44CA-9AB0-F9773974F13A}.Debug|x86.Build.0 = Debug|Any CPU
		{0C518DDA-28FE-44CA-9AB0-F9773974F13A}.Release|Any CPU.ActiveCfg = Release|Any CPU
		{0C518DDA-28FE-44CA-9AB0-F9773974F13A}.Release|Any CPU.Build.0 = Release|Any CPU
		{0C518DDA-28FE-44CA-9AB0-F9773974F13A}.Release|x64.ActiveCfg = Release|Any CPU
		{0C518DDA-28FE-44CA-9AB0-F9773974F13A}.Release|x64.Build.0 = Release|Any CPU
		{0C518DDA-28FE-44CA-9AB0-F9773974F13A}.Release|x86.ActiveCfg = Release|Any CPU
		{0C518DDA-28FE-44CA-9AB0-F9773974F13A}.Release|x86.Build.0 = Release|Any CPU
		{CD05F85B-4FBE-4687-9083-18DFF8A9B943}.Debug|Any CPU.ActiveCfg = Debug|Any CPU
		{CD05F85B-4FBE-4687-9083-18DFF8A9B943}.Debug|Any CPU.Build.0 = Debug|Any CPU
		{CD05F85B-4FBE-4687-9083-18DFF8A9B943}.Debug|x64.ActiveCfg = Debug|Any CPU
		{CD05F85B-4FBE-4687-9083-18DFF8A9B943}.Debug|x64.Build.0 = Debug|Any CPU
		{CD05F85B-4FBE-4687-9083-18DFF8A9B943}.Debug|x86.ActiveCfg = Debug|Any CPU
		{CD05F85B-4FBE-4687-9083-18DFF8A9B943}.Debug|x86.Build.0 = Debug|Any CPU
		{CD05F85B-4FBE-4687-9083-18DFF8A9B943}.Release|Any CPU.ActiveCfg = Release|Any CPU
		{CD05F85B-4FBE-4687-9083-18DFF8A9B943}.Release|Any CPU.Build.0 = Release|Any CPU
		{CD05F85B-4FBE-4687-9083-18DFF8A9B943}.Release|x64.ActiveCfg = Release|Any CPU
		{CD05F85B-4FBE-4687-9083-18DFF8A9B943}.Release|x64.Build.0 = Release|Any CPU
		{CD05F85B-4FBE-4687-9083-18DFF8A9B943}.Release|x86.ActiveCfg = Release|Any CPU
		{CD05F85B-4FBE-4687-9083-18DFF8A9B943}.Release|x86.Build.0 = Release|Any CPU
		{D979F1DD-B2FA-4257-AE6B-C71D0A33F8D8}.Debug|Any CPU.ActiveCfg = Debug|Any CPU
		{D979F1DD-B2FA-4257-AE6B-C71D0A33F8D8}.Debug|Any CPU.Build.0 = Debug|Any CPU
		{D979F1DD-B2FA-4257-AE6B-C71D0A33F8D8}.Debug|x64.ActiveCfg = Debug|Any CPU
		{D979F1DD-B2FA-4257-AE6B-C71D0A33F8D8}.Debug|x64.Build.0 = Debug|Any CPU
		{D979F1DD-B2FA-4257-AE6B-C71D0A33F8D8}.Debug|x86.ActiveCfg = Debug|Any CPU
		{D979F1DD-B2FA-4257-AE6B-C71D0A33F8D8}.Debug|x86.Build.0 = Debug|Any CPU
		{D979F1DD-B2FA-4257-AE6B-C71D0A33F8D8}.Release|Any CPU.ActiveCfg = Release|Any CPU
		{D979F1DD-B2FA-4257-AE6B-C71D0A33F8D8}.Release|Any CPU.Build.0 = Release|Any CPU
		{D979F1DD-B2FA-4257-AE6B-C71D0A33F8D8}.Release|x64.ActiveCfg = Release|Any CPU
		{D979F1DD-B2FA-4257-AE6B-C71D0A33F8D8}.Release|x64.Build.0 = Release|Any CPU
		{D979F1DD-B2FA-4257-AE6B-C71D0A33F8D8}.Release|x86.ActiveCfg = Release|Any CPU
		{D979F1DD-B2FA-4257-AE6B-C71D0A33F8D8}.Release|x86.Build.0 = Release|Any CPU
		{391E1E0A-0D53-4518-A15A-7EA541053925}.Debug|Any CPU.ActiveCfg = Debug|Any CPU
		{391E1E0A-0D53-4518-A15A-7EA541053925}.Debug|Any CPU.Build.0 = Debug|Any CPU
		{391E1E0A-0D53-4518-A15A-7EA541053925}.Debug|x64.ActiveCfg = Debug|Any CPU
		{391E1E0A-0D53-4518-A15A-7EA541053925}.Debug|x64.Build.0 = Debug|Any CPU
		{391E1E0A-0D53-4518-A15A-7EA541053925}.Debug|x86.ActiveCfg = Debug|Any CPU
		{391E1E0A-0D53-4518-A15A-7EA541053925}.Debug|x86.Build.0 = Debug|Any CPU
		{391E1E0A-0D53-4518-A15A-7EA541053925}.Release|Any CPU.ActiveCfg = Release|Any CPU
		{391E1E0A-0D53-4518-A15A-7EA541053925}.Release|Any CPU.Build.0 = Release|Any CPU
		{391E1E0A-0D53-4518-A15A-7EA541053925}.Release|x64.ActiveCfg = Release|Any CPU
		{391E1E0A-0D53-4518-A15A-7EA541053925}.Release|x64.Build.0 = Release|Any CPU
		{391E1E0A-0D53-4518-A15A-7EA541053925}.Release|x86.ActiveCfg = Release|Any CPU
		{391E1E0A-0D53-4518-A15A-7EA541053925}.Release|x86.Build.0 = Release|Any CPU
		{2EDF29E4-283A-4EF8-90EA-C088E07E1999}.Debug|Any CPU.ActiveCfg = Debug|Any CPU
		{2EDF29E4-283A-4EF8-90EA-C088E07E1999}.Debug|Any CPU.Build.0 = Debug|Any CPU
		{2EDF29E4-283A-4EF8-90EA-C088E07E1999}.Debug|x64.ActiveCfg = Debug|Any CPU
		{2EDF29E4-283A-4EF8-90EA-C088E07E1999}.Debug|x64.Build.0 = Debug|Any CPU
		{2EDF29E4-283A-4EF8-90EA-C088E07E1999}.Debug|x86.ActiveCfg = Debug|Any CPU
		{2EDF29E4-283A-4EF8-90EA-C088E07E1999}.Debug|x86.Build.0 = Debug|Any CPU
		{2EDF29E4-283A-4EF8-90EA-C088E07E1999}.Release|Any CPU.ActiveCfg = Release|Any CPU
		{2EDF29E4-283A-4EF8-90EA-C088E07E1999}.Release|Any CPU.Build.0 = Release|Any CPU
		{2EDF29E4-283A-4EF8-90EA-C088E07E1999}.Release|x64.ActiveCfg = Release|Any CPU
		{2EDF29E4-283A-4EF8-90EA-C088E07E1999}.Release|x64.Build.0 = Release|Any CPU
		{2EDF29E4-283A-4EF8-90EA-C088E07E1999}.Release|x86.ActiveCfg = Release|Any CPU
		{2EDF29E4-283A-4EF8-90EA-C088E07E1999}.Release|x86.Build.0 = Release|Any CPU
		{7B5449BF-928C-447A-AA45-56C2CF6FDABE}.Debug|Any CPU.ActiveCfg = Debug|Win32
		{7B5449BF-928C-447A-AA45-56C2CF6FDABE}.Debug|x64.ActiveCfg = Debug|x64
		{7B5449BF-928C-447A-AA45-56C2CF6FDABE}.Debug|x64.Build.0 = Debug|x64
		{7B5449BF-928C-447A-AA45-56C2CF6FDABE}.Debug|x86.ActiveCfg = Debug|Win32
		{7B5449BF-928C-447A-AA45-56C2CF6FDABE}.Debug|x86.Build.0 = Debug|Win32
		{7B5449BF-928C-447A-AA45-56C2CF6FDABE}.Release|Any CPU.ActiveCfg = Release|Win32
		{7B5449BF-928C-447A-AA45-56C2CF6FDABE}.Release|x64.ActiveCfg = Release|x64
		{7B5449BF-928C-447A-AA45-56C2CF6FDABE}.Release|x64.Build.0 = Release|x64
		{7B5449BF-928C-447A-AA45-56C2CF6FDABE}.Release|x86.ActiveCfg = Release|Win32
		{7B5449BF-928C-447A-AA45-56C2CF6FDABE}.Release|x86.Build.0 = Release|Win32
		{F73FBC8C-2363-46A2-96C6-8923B4FD060E}.Debug|Any CPU.ActiveCfg = Debug|Any CPU
		{F73FBC8C-2363-46A2-96C6-8923B4FD060E}.Debug|Any CPU.Build.0 = Debug|Any CPU
		{F73FBC8C-2363-46A2-96C6-8923B4FD060E}.Debug|x64.ActiveCfg = Debug|Any CPU
		{F73FBC8C-2363-46A2-96C6-8923B4FD060E}.Debug|x64.Build.0 = Debug|Any CPU
		{F73FBC8C-2363-46A2-96C6-8923B4FD060E}.Debug|x86.ActiveCfg = Debug|Any CPU
		{F73FBC8C-2363-46A2-96C6-8923B4FD060E}.Debug|x86.Build.0 = Debug|Any CPU
		{F73FBC8C-2363-46A2-96C6-8923B4FD060E}.Release|Any CPU.ActiveCfg = Release|Any CPU
		{F73FBC8C-2363-46A2-96C6-8923B4FD060E}.Release|Any CPU.Build.0 = Release|Any CPU
		{F73FBC8C-2363-46A2-96C6-8923B4FD060E}.Release|x64.ActiveCfg = Release|Any CPU
		{F73FBC8C-2363-46A2-96C6-8923B4FD060E}.Release|x64.Build.0 = Release|Any CPU
		{F73FBC8C-2363-46A2-96C6-8923B4FD060E}.Release|x86.ActiveCfg = Release|Any CPU
		{F73FBC8C-2363-46A2-96C6-8923B4FD060E}.Release|x86.Build.0 = Release|Any CPU
		{A05D07DB-F57E-4395-9EBF-5D86FC2F3486}.Debug|Any CPU.ActiveCfg = Debug|Any CPU
		{A05D07DB-F57E-4395-9EBF-5D86FC2F3486}.Debug|Any CPU.Build.0 = Debug|Any CPU
		{A05D07DB-F57E-4395-9EBF-5D86FC2F3486}.Debug|x64.ActiveCfg = Debug|Any CPU
		{A05D07DB-F57E-4395-9EBF-5D86FC2F3486}.Debug|x64.Build.0 = Debug|Any CPU
		{A05D07DB-F57E-4395-9EBF-5D86FC2F3486}.Debug|x86.ActiveCfg = Debug|Any CPU
		{A05D07DB-F57E-4395-9EBF-5D86FC2F3486}.Debug|x86.Build.0 = Debug|Any CPU
		{A05D07DB-F57E-4395-9EBF-5D86FC2F3486}.Release|Any CPU.ActiveCfg = Release|Any CPU
		{A05D07DB-F57E-4395-9EBF-5D86FC2F3486}.Release|Any CPU.Build.0 = Release|Any CPU
		{A05D07DB-F57E-4395-9EBF-5D86FC2F3486}.Release|x64.ActiveCfg = Release|Any CPU
		{A05D07DB-F57E-4395-9EBF-5D86FC2F3486}.Release|x64.Build.0 = Release|Any CPU
		{A05D07DB-F57E-4395-9EBF-5D86FC2F3486}.Release|x86.ActiveCfg = Release|Any CPU
		{A05D07DB-F57E-4395-9EBF-5D86FC2F3486}.Release|x86.Build.0 = Release|Any CPU
		{96BA14F4-D305-48E5-AF15-CD09EFB30140}.Debug|Any CPU.ActiveCfg = Debug|Any CPU
		{96BA14F4-D305-48E5-AF15-CD09EFB30140}.Debug|Any CPU.Build.0 = Debug|Any CPU
		{96BA14F4-D305-48E5-AF15-CD09EFB30140}.Debug|x64.ActiveCfg = Debug|Any CPU
		{96BA14F4-D305-48E5-AF15-CD09EFB30140}.Debug|x64.Build.0 = Debug|Any CPU
		{96BA14F4-D305-48E5-AF15-CD09EFB30140}.Debug|x86.ActiveCfg = Debug|Any CPU
		{96BA14F4-D305-48E5-AF15-CD09EFB30140}.Debug|x86.Build.0 = Debug|Any CPU
		{96BA14F4-D305-48E5-AF15-CD09EFB30140}.Release|Any CPU.ActiveCfg = Release|Any CPU
		{96BA14F4-D305-48E5-AF15-CD09EFB30140}.Release|Any CPU.Build.0 = Release|Any CPU
		{96BA14F4-D305-48E5-AF15-CD09EFB30140}.Release|x64.ActiveCfg = Release|Any CPU
		{96BA14F4-D305-48E5-AF15-CD09EFB30140}.Release|x64.Build.0 = Release|Any CPU
		{96BA14F4-D305-48E5-AF15-CD09EFB30140}.Release|x86.ActiveCfg = Release|Any CPU
		{96BA14F4-D305-48E5-AF15-CD09EFB30140}.Release|x86.Build.0 = Release|Any CPU
	EndGlobalSection
	GlobalSection(SolutionProperties) = preSolution
		HideSolutionNode = FALSE
	EndGlobalSection
	GlobalSection(ExtensibilityGlobals) = postSolution
		SolutionGuid = {F0339747-780E-4F4B-9921-533CFBFF2673}
	EndGlobalSection
EndGlobal
