
Microsoft Visual Studio Solution File, Format Version 12.00
# Visual Studio Version 16
VisualStudioVersion = 16.0.29102.190
MinimumVisualStudioVersion = 10.0.40219.1
Project("{FAE04EC0-301F-11D3-BF4B-00C04F79EFBC}") = "GeometricSurfaceArea", "GeometricSurfaceArea\GeometricSurfaceArea.csproj", "{EE4E58E5-0CE5-4BC3-841A-B4A86FEBFCC0}"
EndProject
Project("{FAE04EC0-301F-11D3-BF4B-00C04F79EFBC}") = "GeometricSurfacesArea", "GeometricSurfacesArea\GeometricSurfacesArea.csproj", "{628E071B-392D-430D-A1DC-C281A06986F2}"
EndProject
Project("{FAE04EC0-301F-11D3-BF4B-00C04F79EFBC}") = "WorkSetSharedLevelsGrids", "WorkSetSharedLevelsGrids\WorkSetSharedLevelsGrids.csproj", "{1FCDF1A0-882C-4AF4-BD2A-F66AEE3CA9C6}"
EndProject
Project("{FAE04EC0-301F-11D3-BF4B-00C04F79EFBC}") = "SynchronizewithcentralTimer", "SynchronizewithcentralTimer\SynchronizewithcentralTimer.csproj", "{98BDF35B-801B-4001-BC9F-8F96A9577CFC}"
EndProject
Project("{FAE04EC0-301F-11D3-BF4B-00C04F79EFBC}") = "COLR_SWIT", "COLR_SWIT\COLR_SWIT.csproj", "{46A532BD-3F1A-4B3E-BA89-A254CA3ACD3D}"
EndProject
Project("{FAE04EC0-301F-11D3-BF4B-00C04F79EFBC}") = "VIEW_INTF", "VIEW_INTF\VIEW_INTF.csproj", "{B40E9D0F-EAC2-48BB-B734-F6AB207FDE8B}"
EndProject
Project("{FAE04EC0-301F-11D3-BF4B-00C04F79EFBC}") = "NewCommand_addin", "NewCommand_addin\NewCommand_addin.csproj", "{6C9367D0-1CA8-40A0-8BD0-99F432F3CBFA}"
EndProject
Project("{FAE04EC0-301F-11D3-BF4B-00C04F79EFBC}") = "ClassLibrary-test", "ClassLibrary-test\ClassLibrary-test.csproj", "{DF46B8E6-8B66-4004-AA63-4C8BC2DD8BEF}"
EndProject
Project("{FAE04EC0-301F-11D3-BF4B-00C04F79EFBC}") = "WIND_NUMB", "WIND_NUMB\WIND_NUMB.csproj", "{54A282AF-02BF-4EF5-B98A-659E682B2007}"
EndProject
Project("{FAE04EC0-301F-11D3-BF4B-00C04F79EFBC}") = "GRID_Number", "GRID_Number\GRID_Number.csproj", "{6284A232-1743-40CB-BE06-41AD5066CEC1}"
EndProject
Project("{FAE04EC0-301F-11D3-BF4B-00C04F79EFBC}") = "ConsoleApp1", "ConsoleApp1\ConsoleApp1.csproj", "{CFAB5631-3FB1-489D-9B80-89C067822C9E}"
EndProject
Project("{FAE04EC0-301F-11D3-BF4B-00C04F79EFBC}") = "TransGroupParas", "TransGroupParas\TransGroupParas.csproj", "{1956BACD-A663-4550-8B3C-365119DBE26C}"
EndProject
Project("{FAE04EC0-301F-11D3-BF4B-00C04F79EFBC}") = "VIEW_Duplicate", "VIEW_Duplicate\VIEW_Duplicate.csproj", "{53A0CDC9-52C3-4C39-8C84-7BBEF5C26A28}"
EndProject
Project("{FAE04EC0-301F-11D3-BF4B-00C04F79EFBC}") = "ViewSheet_copy", "ViewSheet_copy\ViewSheet_copy.csproj", "{D0557AF0-3763-45E3-8987-A97DA72245F7}"
EndProject
Project("{FAE04EC0-301F-11D3-BF4B-00C04F79EFBC}") = "FakeElev_Refresh", "FakeElev_Refresh\FakeElev_Refresh.csproj", "{40410D10-0CFB-4363-8D82-AABDE2CBA0E5}"
EndProject
Project("{FAE04EC0-301F-11D3-BF4B-00C04F79EFBC}") = "goa.Common", "..\goa-tools-common\goa.Common\goa.Common.csproj", "{3B63163D-CE10-43A5-86C5-D5FB43E65EE9}"
EndProject
Project("{FAE04EC0-301F-11D3-BF4B-00C04F79EFBC}") = "ClassLibrary1", "ClassLibrary1\ClassLibrary1.csproj", "{5785D1E1-6039-4CE7-8DBD-A6C08F503B14}"
EndProject
Project("{FAE04EC0-301F-11D3-BF4B-00C04F79EFBC}") = "dll_wpf", "dll_wpf\dll_wpf.csproj", "{362B28B0-626A-474F-9436-E58E63CA2370}"
EndProject
Project("{FAE04EC0-301F-11D3-BF4B-00C04F79EFBC}") = "Dwelling_Assembly", "Dwelling_Assembly\Dwelling_Assembly.csproj", "{CAADF258-E3DA-40B3-8334-A834921BAD75}"
EndProject
Project("{FAE04EC0-301F-11D3-BF4B-00C04F79EFBC}") = "WpfApp1", "WpfApp1\WpfApp1.csproj", "{7BB6D869-7847-4CBF-B483-9CB1536CDA34}"
EndProject
Project("{FAE04EC0-301F-11D3-BF4B-00C04F79EFBC}") = "Lab1PlaceGroup", "..\..\..\..\..\WangTan\03-Reivt Development\get_coding\Lesson 7\Lab1PlaceGroup\Lab1PlaceGroup\Lab1PlaceGroup.csproj", "{C5AE9436-A88B-4967-8635-1C013E02AF1B}"
EndProject
Project("{FAE04EC0-301F-11D3-BF4B-00C04F79EFBC}") = "LayoutParkingEffcient", "LayoutParkingEffcient\LayoutParkingEffcient.csproj", "{5EAAE0EC-E4EC-43DC-93A9-5B44124EDE13}"
EndProject
Global
	GlobalSection(SolutionConfigurationPlatforms) = preSolution
		Debug|Any CPU = Debug|Any CPU
		Release|Any CPU = Release|Any CPU
	EndGlobalSection
	GlobalSection(ProjectConfigurationPlatforms) = postSolution
		{EE4E58E5-0CE5-4BC3-841A-B4A86FEBFCC0}.Debug|Any CPU.ActiveCfg = Debug|Any CPU
		{EE4E58E5-0CE5-4BC3-841A-B4A86FEBFCC0}.Debug|Any CPU.Build.0 = Debug|Any CPU
		{EE4E58E5-0CE5-4BC3-841A-B4A86FEBFCC0}.Release|Any CPU.ActiveCfg = Release|Any CPU
		{EE4E58E5-0CE5-4BC3-841A-B4A86FEBFCC0}.Release|Any CPU.Build.0 = Release|Any CPU
		{628E071B-392D-430D-A1DC-C281A06986F2}.Debug|Any CPU.ActiveCfg = Debug|Any CPU
		{628E071B-392D-430D-A1DC-C281A06986F2}.Debug|Any CPU.Build.0 = Debug|Any CPU
		{628E071B-392D-430D-A1DC-C281A06986F2}.Release|Any CPU.ActiveCfg = Release|Any CPU
		{628E071B-392D-430D-A1DC-C281A06986F2}.Release|Any CPU.Build.0 = Release|Any CPU
		{1FCDF1A0-882C-4AF4-BD2A-F66AEE3CA9C6}.Debug|Any CPU.ActiveCfg = Debug|Any CPU
		{1FCDF1A0-882C-4AF4-BD2A-F66AEE3CA9C6}.Debug|Any CPU.Build.0 = Debug|Any CPU
		{1FCDF1A0-882C-4AF4-BD2A-F66AEE3CA9C6}.Release|Any CPU.ActiveCfg = Release|Any CPU
		{1FCDF1A0-882C-4AF4-BD2A-F66AEE3CA9C6}.Release|Any CPU.Build.0 = Release|Any CPU
		{98BDF35B-801B-4001-BC9F-8F96A9577CFC}.Debug|Any CPU.ActiveCfg = Debug|Any CPU
		{98BDF35B-801B-4001-BC9F-8F96A9577CFC}.Debug|Any CPU.Build.0 = Debug|Any CPU
		{98BDF35B-801B-4001-BC9F-8F96A9577CFC}.Release|Any CPU.ActiveCfg = Release|Any CPU
		{98BDF35B-801B-4001-BC9F-8F96A9577CFC}.Release|Any CPU.Build.0 = Release|Any CPU
		{46A532BD-3F1A-4B3E-BA89-A254CA3ACD3D}.Debug|Any CPU.ActiveCfg = Debug|Any CPU
		{46A532BD-3F1A-4B3E-BA89-A254CA3ACD3D}.Debug|Any CPU.Build.0 = Debug|Any CPU
		{46A532BD-3F1A-4B3E-BA89-A254CA3ACD3D}.Release|Any CPU.ActiveCfg = Release|Any CPU
		{46A532BD-3F1A-4B3E-BA89-A254CA3ACD3D}.Release|Any CPU.Build.0 = Release|Any CPU
		{B40E9D0F-EAC2-48BB-B734-F6AB207FDE8B}.Debug|Any CPU.ActiveCfg = Debug|Any CPU
		{B40E9D0F-EAC2-48BB-B734-F6AB207FDE8B}.Debug|Any CPU.Build.0 = Debug|Any CPU
		{B40E9D0F-EAC2-48BB-B734-F6AB207FDE8B}.Release|Any CPU.ActiveCfg = Release|Any CPU
		{B40E9D0F-EAC2-48BB-B734-F6AB207FDE8B}.Release|Any CPU.Build.0 = Release|Any CPU
		{6C9367D0-1CA8-40A0-8BD0-99F432F3CBFA}.Debug|Any CPU.ActiveCfg = Debug|Any CPU
		{6C9367D0-1CA8-40A0-8BD0-99F432F3CBFA}.Debug|Any CPU.Build.0 = Debug|Any CPU
		{6C9367D0-1CA8-40A0-8BD0-99F432F3CBFA}.Release|Any CPU.ActiveCfg = Release|Any CPU
		{6C9367D0-1CA8-40A0-8BD0-99F432F3CBFA}.Release|Any CPU.Build.0 = Release|Any CPU
		{DF46B8E6-8B66-4004-AA63-4C8BC2DD8BEF}.Debug|Any CPU.ActiveCfg = Debug|Any CPU
		{DF46B8E6-8B66-4004-AA63-4C8BC2DD8BEF}.Debug|Any CPU.Build.0 = Debug|Any CPU
		{DF46B8E6-8B66-4004-AA63-4C8BC2DD8BEF}.Release|Any CPU.ActiveCfg = Release|Any CPU
		{DF46B8E6-8B66-4004-AA63-4C8BC2DD8BEF}.Release|Any CPU.Build.0 = Release|Any CPU
		{54A282AF-02BF-4EF5-B98A-659E682B2007}.Debug|Any CPU.ActiveCfg = Debug|Any CPU
		{54A282AF-02BF-4EF5-B98A-659E682B2007}.Debug|Any CPU.Build.0 = Debug|Any CPU
		{54A282AF-02BF-4EF5-B98A-659E682B2007}.Release|Any CPU.ActiveCfg = Release|Any CPU
		{54A282AF-02BF-4EF5-B98A-659E682B2007}.Release|Any CPU.Build.0 = Release|Any CPU
		{6284A232-1743-40CB-BE06-41AD5066CEC1}.Debug|Any CPU.ActiveCfg = Debug|Any CPU
		{6284A232-1743-40CB-BE06-41AD5066CEC1}.Debug|Any CPU.Build.0 = Debug|Any CPU
		{6284A232-1743-40CB-BE06-41AD5066CEC1}.Release|Any CPU.ActiveCfg = Release|Any CPU
		{6284A232-1743-40CB-BE06-41AD5066CEC1}.Release|Any CPU.Build.0 = Release|Any CPU
		{CFAB5631-3FB1-489D-9B80-89C067822C9E}.Debug|Any CPU.ActiveCfg = Debug|Any CPU
		{CFAB5631-3FB1-489D-9B80-89C067822C9E}.Debug|Any CPU.Build.0 = Debug|Any CPU
		{CFAB5631-3FB1-489D-9B80-89C067822C9E}.Release|Any CPU.ActiveCfg = Release|Any CPU
		{CFAB5631-3FB1-489D-9B80-89C067822C9E}.Release|Any CPU.Build.0 = Release|Any CPU
		{1956BACD-A663-4550-8B3C-365119DBE26C}.Debug|Any CPU.ActiveCfg = Debug|Any CPU
		{1956BACD-A663-4550-8B3C-365119DBE26C}.Debug|Any CPU.Build.0 = Debug|Any CPU
		{1956BACD-A663-4550-8B3C-365119DBE26C}.Release|Any CPU.ActiveCfg = Release|Any CPU
		{1956BACD-A663-4550-8B3C-365119DBE26C}.Release|Any CPU.Build.0 = Release|Any CPU
		{53A0CDC9-52C3-4C39-8C84-7BBEF5C26A28}.Debug|Any CPU.ActiveCfg = Debug|Any CPU
		{53A0CDC9-52C3-4C39-8C84-7BBEF5C26A28}.Debug|Any CPU.Build.0 = Debug|Any CPU
		{53A0CDC9-52C3-4C39-8C84-7BBEF5C26A28}.Release|Any CPU.ActiveCfg = Release|Any CPU
		{53A0CDC9-52C3-4C39-8C84-7BBEF5C26A28}.Release|Any CPU.Build.0 = Release|Any CPU
		{D0557AF0-3763-45E3-8987-A97DA72245F7}.Debug|Any CPU.ActiveCfg = Debug|Any CPU
		{D0557AF0-3763-45E3-8987-A97DA72245F7}.Debug|Any CPU.Build.0 = Debug|Any CPU
		{D0557AF0-3763-45E3-8987-A97DA72245F7}.Release|Any CPU.ActiveCfg = Release|Any CPU
		{D0557AF0-3763-45E3-8987-A97DA72245F7}.Release|Any CPU.Build.0 = Release|Any CPU
		{40410D10-0CFB-4363-8D82-AABDE2CBA0E5}.Debug|Any CPU.ActiveCfg = Debug|Any CPU
		{40410D10-0CFB-4363-8D82-AABDE2CBA0E5}.Debug|Any CPU.Build.0 = Debug|Any CPU
		{40410D10-0CFB-4363-8D82-AABDE2CBA0E5}.Release|Any CPU.ActiveCfg = Release|Any CPU
		{40410D10-0CFB-4363-8D82-AABDE2CBA0E5}.Release|Any CPU.Build.0 = Release|Any CPU
		{3B63163D-CE10-43A5-86C5-D5FB43E65EE9}.Debug|Any CPU.ActiveCfg = Debug|Any CPU
		{3B63163D-CE10-43A5-86C5-D5FB43E65EE9}.Debug|Any CPU.Build.0 = Debug|Any CPU
		{3B63163D-CE10-43A5-86C5-D5FB43E65EE9}.Release|Any CPU.ActiveCfg = Release|Any CPU
		{3B63163D-CE10-43A5-86C5-D5FB43E65EE9}.Release|Any CPU.Build.0 = Release|Any CPU
		{5785D1E1-6039-4CE7-8DBD-A6C08F503B14}.Debug|Any CPU.ActiveCfg = Debug|Any CPU
		{5785D1E1-6039-4CE7-8DBD-A6C08F503B14}.Debug|Any CPU.Build.0 = Debug|Any CPU
		{5785D1E1-6039-4CE7-8DBD-A6C08F503B14}.Release|Any CPU.ActiveCfg = Release|Any CPU
		{5785D1E1-6039-4CE7-8DBD-A6C08F503B14}.Release|Any CPU.Build.0 = Release|Any CPU
		{362B28B0-626A-474F-9436-E58E63CA2370}.Debug|Any CPU.ActiveCfg = Debug|Any CPU
		{362B28B0-626A-474F-9436-E58E63CA2370}.Debug|Any CPU.Build.0 = Debug|Any CPU
		{362B28B0-626A-474F-9436-E58E63CA2370}.Release|Any CPU.ActiveCfg = Release|Any CPU
		{362B28B0-626A-474F-9436-E58E63CA2370}.Release|Any CPU.Build.0 = Release|Any CPU
		{CAADF258-E3DA-40B3-8334-A834921BAD75}.Debug|Any CPU.ActiveCfg = Debug|Any CPU
		{CAADF258-E3DA-40B3-8334-A834921BAD75}.Debug|Any CPU.Build.0 = Debug|Any CPU
		{CAADF258-E3DA-40B3-8334-A834921BAD75}.Release|Any CPU.ActiveCfg = Release|Any CPU
		{CAADF258-E3DA-40B3-8334-A834921BAD75}.Release|Any CPU.Build.0 = Release|Any CPU
		{7BB6D869-7847-4CBF-B483-9CB1536CDA34}.Debug|Any CPU.ActiveCfg = Debug|Any CPU
		{7BB6D869-7847-4CBF-B483-9CB1536CDA34}.Debug|Any CPU.Build.0 = Debug|Any CPU
		{7BB6D869-7847-4CBF-B483-9CB1536CDA34}.Release|Any CPU.ActiveCfg = Release|Any CPU
		{7BB6D869-7847-4CBF-B483-9CB1536CDA34}.Release|Any CPU.Build.0 = Release|Any CPU
		{C5AE9436-A88B-4967-8635-1C013E02AF1B}.Debug|Any CPU.ActiveCfg = Debug|Any CPU
		{C5AE9436-A88B-4967-8635-1C013E02AF1B}.Debug|Any CPU.Build.0 = Debug|Any CPU
		{C5AE9436-A88B-4967-8635-1C013E02AF1B}.Release|Any CPU.ActiveCfg = Release|Any CPU
		{C5AE9436-A88B-4967-8635-1C013E02AF1B}.Release|Any CPU.Build.0 = Release|Any CPU
		{5EAAE0EC-E4EC-43DC-93A9-5B44124EDE13}.Debug|Any CPU.ActiveCfg = Debug|Any CPU
		{5EAAE0EC-E4EC-43DC-93A9-5B44124EDE13}.Debug|Any CPU.Build.0 = Debug|Any CPU
		{5EAAE0EC-E4EC-43DC-93A9-5B44124EDE13}.Release|Any CPU.ActiveCfg = Release|Any CPU
		{5EAAE0EC-E4EC-43DC-93A9-5B44124EDE13}.Release|Any CPU.Build.0 = Release|Any CPU
	EndGlobalSection
	GlobalSection(SolutionProperties) = preSolution
		HideSolutionNode = FALSE
	EndGlobalSection
	GlobalSection(ExtensibilityGlobals) = postSolution
		SolutionGuid = {F0339747-780E-4F4B-9921-533CFBFF2673}
	EndGlobalSection
EndGlobal
