
Microsoft Visual Studio Solution File, Format Version 12.00
# Visual Studio Version 16
VisualStudioVersion = 16.0.30717.126
MinimumVisualStudioVersion = 10.0.40219.1
Project("{FAE04EC0-301F-11D3-BF4B-00C04F79EFBC}") = "Test", "Test\Test.csproj", "{74B0620E-D0FC-42BD-A643-BA3AC8D30732}"
EndProject
Global
	GlobalSection(SolutionConfigurationPlatforms) = preSolution
		Debug|Any CPU = Debug|Any CPU
		Release|Any CPU = Release|Any CPU
	EndGlobalSection
	GlobalSection(ProjectConfigurationPlatforms) = postSolution
		{74B0620E-D0FC-42BD-A643-BA3AC8D30732}.Debug|Any CPU.ActiveCfg = Debug|Any CPU
		{74B0620E-D0FC-42BD-A643-BA3AC8D30732}.Debug|Any CPU.Build.0 = Debug|Any CPU
		{74B0620E-D0FC-42BD-A643-BA3AC8D30732}.Release|Any CPU.ActiveCfg = Release|Any CPU
		{74B0620E-D0FC-42BD-A643-BA3AC8D30732}.Release|Any CPU.Build.0 = Release|Any CPU
	EndGlobalSection
	GlobalSection(SolutionProperties) = preSolution
		HideSolutionNode = FALSE
	EndGlobalSection
	GlobalSection(ExtensibilityGlobals) = postSolution
		SolutionGuid = {2C5D950D-1CBE-4A84-A017-C2875C610D32}
	EndGlobalSection
EndGlobal
