
Microsoft Visual Studio Solution File, Format Version 12.00
# Visual Studio Version 17
VisualStudioVersion = 17.12.35527.113
MinimumVisualStudioVersion = 10.0.40219.1
Project("{FAE04EC0-301F-11D3-BF4B-00C04F79EFBC}") = "tools_2025", "tools_2025\tools_2025.csproj", "{A62668DA-4DF1-4A1C-9FE8-C1E183067C2B}"
EndProject
Project("{FAE04EC0-301F-11D3-BF4B-00C04F79EFBC}") = "BSMT_PpLayout", "BSMT_PpLayout\BSMT_PpLayout.csproj", "{78DDC6EB-C61B-46FA-B487-4767A8793AFF}"
EndProject
Project("{FAE04EC0-301F-11D3-BF4B-00C04F79EFBC}") = "ClearFloorMarking", "ClearFloorMarking\ClearFloorMarking.csproj", "{ABCD91D9-AC14-4150-A9E6-1E5740204E1E}"
EndProject
Project("{FAE04EC0-301F-11D3-BF4B-00C04F79EFBC}") = "FloorMarking", "FloorMarking\FloorMarking.csproj", "{3F4D9A59-ECD3-48B4-9B02-9E45C0BB4615}"
EndProject
Project("{FAE04EC0-301F-11D3-BF4B-00C04F79EFBC}") = "MountSiteDesignAnaly", "MountSiteDesignAnaly\MountSiteDesignAnaly.csproj", "{156C33E7-15FB-4FCC-ACA5-812BC01D67F4}"
EndProject
Project("{2150E333-8FDC-42A3-9474-1A3956D46DE8}") = "CSharp", "CSharp", "{78CB6BA2-F555-416D-A7F0-342644374FDD}"
EndProject
Project("{FAE04EC0-301F-11D3-BF4B-00C04F79EFBC}") = "PubFuncWt", "PubFuncWt\PubFuncWt.csproj", "{4AED5BBF-5F71-4526-A8A4-3FC6FE26C5B5}"
EndProject
Project("{FAE04EC0-301F-11D3-BF4B-00C04F79EFBC}") = "TeighaNet", "TeighaNet\TeighaNet.csproj", "{6A21A5E7-D76A-46E8-8F02-675731FCF8CA}"
EndProject
Project("{FAE04EC0-301F-11D3-BF4B-00C04F79EFBC}") = "InfoStrucFormwork", "InfoStrucFormwork\InfoStrucFormwork.csproj", "{FD3F4D36-E920-42E6-8C9E-3AE13927FA5D}"
EndProject
Project("{FAE04EC0-301F-11D3-BF4B-00C04F79EFBC}") = "ReadCadText", "ReadCadText\ReadCadText.csproj", "{DF9DEB5B-A8D3-4C16-AE4D-04130C756546}"
EndProject
Project("{FAE04EC0-301F-11D3-BF4B-00C04F79EFBC}") = "ANNO_ELEV_ABSL", "zlyToOther 20220408\DimensioningTools尺寸标高工具 王坦\AbsElev\ANNO_ELEV_ABSL.csproj", "{4E727D2D-1F75-46F1-9829-4042239B8AF4}"
EndProject
Project("{FAE04EC0-301F-11D3-BF4B-00C04F79EFBC}") = "DimensioningTools", "DimensioningTools\DimensioningTools.csproj", "{E90DE6AD-9FAE-4468-AF10-372C1A3DE5CA}"
EndProject
Project("{FAE04EC0-301F-11D3-BF4B-00C04F79EFBC}") = "CollisionDetection", "CollisionDetection\CollisionDetection.csproj", "{E836DEA4-9553-4081-9658-90F4E5B7B6B8}"
EndProject
Project("{FAE04EC0-301F-11D3-BF4B-00C04F79EFBC}") = "TagTools", "TagTools\TagTools.csproj", "{87823589-C4F8-4200-AE6B-B2AC28F2E2B7}"
EndProject
Project("{FAE04EC0-301F-11D3-BF4B-00C04F79EFBC}") = "CadTest", "CadTest\CadTest.csproj", "{6BFAE255-8CE8-4A02-B7EC-7F0A51FEBE63}"
EndProject
Project("{FAE04EC0-301F-11D3-BF4B-00C04F79EFBC}") = "ReadCad2Json", "ReadCad2Json\ReadCad2Json.csproj", "{F6CB7694-8115-47C4-8631-730153C89775}"
EndProject
Project("{FAE04EC0-301F-11D3-BF4B-00C04F79EFBC}") = "Draw_zw", "Draw_zw\Draw_zw.csproj", "{84E3DBAE-1FAB-485E-9F82-7BEC03D42D4C}"
EndProject
Project("{FAE04EC0-301F-11D3-BF4B-00C04F79EFBC}") = "GRID_Number", "GRID_Number\GRID_Number.csproj", "{565E53CB-476E-483D-9B22-C7C889C85230}"
EndProject
Project("{FAE04EC0-301F-11D3-BF4B-00C04F79EFBC}") = "ImgIsBlack", "ImgIsBlack\ImgIsBlack.csproj", "{B832B1CC-1254-495D-AA1B-4FB8DAE5CF28}"
EndProject
Project("{FAE04EC0-301F-11D3-BF4B-00C04F79EFBC}") = "ConsoleApp1", "ConsoleApp1\ConsoleApp1.csproj", "{0BF02BEC-C3D5-4E0D-9472-73D100C44110}"
EndProject
Project("{2150E333-8FDC-42A3-9474-1A3956D46DE8}") = "Pic", "Pic", "{593DE9D5-12F0-4A1D-9D8F-D8E1B8A3D308}"
EndProject
Project("{FAE04EC0-301F-11D3-BF4B-00C04F79EFBC}") = "ImageCounter", "ImageCounter\ImageCounter.csproj", "{2A3A44E9-1E68-4513-BFA6-74005FA86E4F}"
EndProject
Project("{FAE04EC0-301F-11D3-BF4B-00C04F79EFBC}") = "ImageDeduplicationTool", "ImageDeduplicationTool\ImageDeduplicationTool.csproj", "{3A3A997C-EF4E-4476-A635-585D0DD52E74}"
EndProject
Project("{FAE04EC0-301F-11D3-BF4B-00C04F79EFBC}") = "SviPicDedupTool", "SviPicDedupTool\SviPicDedupTool.csproj", "{652AA173-8300-4020-B685-0C11869A25C8}"
EndProject
Global
	GlobalSection(SolutionConfigurationPlatforms) = preSolution
		Debug|Any CPU = Debug|Any CPU
		Release|Any CPU = Release|Any CPU
	EndGlobalSection
	GlobalSection(ProjectConfigurationPlatforms) = postSolution
		{A62668DA-4DF1-4A1C-9FE8-C1E183067C2B}.Debug|Any CPU.ActiveCfg = Debug|Any CPU
		{A62668DA-4DF1-4A1C-9FE8-C1E183067C2B}.Debug|Any CPU.Build.0 = Debug|Any CPU
		{A62668DA-4DF1-4A1C-9FE8-C1E183067C2B}.Release|Any CPU.ActiveCfg = Release|Any CPU
		{A62668DA-4DF1-4A1C-9FE8-C1E183067C2B}.Release|Any CPU.Build.0 = Release|Any CPU
		{78DDC6EB-C61B-46FA-B487-4767A8793AFF}.Debug|Any CPU.ActiveCfg = Debug|Any CPU
		{78DDC6EB-C61B-46FA-B487-4767A8793AFF}.Debug|Any CPU.Build.0 = Debug|Any CPU
		{78DDC6EB-C61B-46FA-B487-4767A8793AFF}.Release|Any CPU.ActiveCfg = Release|Any CPU
		{78DDC6EB-C61B-46FA-B487-4767A8793AFF}.Release|Any CPU.Build.0 = Release|Any CPU
		{ABCD91D9-AC14-4150-A9E6-1E5740204E1E}.Debug|Any CPU.ActiveCfg = Debug|Any CPU
		{ABCD91D9-AC14-4150-A9E6-1E5740204E1E}.Debug|Any CPU.Build.0 = Debug|Any CPU
		{ABCD91D9-AC14-4150-A9E6-1E5740204E1E}.Release|Any CPU.ActiveCfg = Release|Any CPU
		{ABCD91D9-AC14-4150-A9E6-1E5740204E1E}.Release|Any CPU.Build.0 = Release|Any CPU
		{3F4D9A59-ECD3-48B4-9B02-9E45C0BB4615}.Debug|Any CPU.ActiveCfg = Debug|Any CPU
		{3F4D9A59-ECD3-48B4-9B02-9E45C0BB4615}.Debug|Any CPU.Build.0 = Debug|Any CPU
		{3F4D9A59-ECD3-48B4-9B02-9E45C0BB4615}.Release|Any CPU.ActiveCfg = Release|Any CPU
		{3F4D9A59-ECD3-48B4-9B02-9E45C0BB4615}.Release|Any CPU.Build.0 = Release|Any CPU
		{156C33E7-15FB-4FCC-ACA5-812BC01D67F4}.Debug|Any CPU.ActiveCfg = Debug|Any CPU
		{156C33E7-15FB-4FCC-ACA5-812BC01D67F4}.Debug|Any CPU.Build.0 = Debug|Any CPU
		{156C33E7-15FB-4FCC-ACA5-812BC01D67F4}.Release|Any CPU.ActiveCfg = Release|Any CPU
		{156C33E7-15FB-4FCC-ACA5-812BC01D67F4}.Release|Any CPU.Build.0 = Release|Any CPU
		{4AED5BBF-5F71-4526-A8A4-3FC6FE26C5B5}.Debug|Any CPU.ActiveCfg = Debug|Any CPU
		{4AED5BBF-5F71-4526-A8A4-3FC6FE26C5B5}.Debug|Any CPU.Build.0 = Debug|Any CPU
		{4AED5BBF-5F71-4526-A8A4-3FC6FE26C5B5}.Release|Any CPU.ActiveCfg = Release|Any CPU
		{4AED5BBF-5F71-4526-A8A4-3FC6FE26C5B5}.Release|Any CPU.Build.0 = Release|Any CPU
		{6A21A5E7-D76A-46E8-8F02-675731FCF8CA}.Debug|Any CPU.ActiveCfg = Debug|Any CPU
		{6A21A5E7-D76A-46E8-8F02-675731FCF8CA}.Debug|Any CPU.Build.0 = Debug|Any CPU
		{6A21A5E7-D76A-46E8-8F02-675731FCF8CA}.Release|Any CPU.ActiveCfg = Release|Any CPU
		{6A21A5E7-D76A-46E8-8F02-675731FCF8CA}.Release|Any CPU.Build.0 = Release|Any CPU
		{FD3F4D36-E920-42E6-8C9E-3AE13927FA5D}.Debug|Any CPU.ActiveCfg = Debug|Any CPU
		{FD3F4D36-E920-42E6-8C9E-3AE13927FA5D}.Debug|Any CPU.Build.0 = Debug|Any CPU
		{FD3F4D36-E920-42E6-8C9E-3AE13927FA5D}.Release|Any CPU.ActiveCfg = Release|Any CPU
		{FD3F4D36-E920-42E6-8C9E-3AE13927FA5D}.Release|Any CPU.Build.0 = Release|Any CPU
		{DF9DEB5B-A8D3-4C16-AE4D-04130C756546}.Debug|Any CPU.ActiveCfg = Debug|Any CPU
		{DF9DEB5B-A8D3-4C16-AE4D-04130C756546}.Debug|Any CPU.Build.0 = Debug|Any CPU
		{DF9DEB5B-A8D3-4C16-AE4D-04130C756546}.Release|Any CPU.ActiveCfg = Release|Any CPU
		{DF9DEB5B-A8D3-4C16-AE4D-04130C756546}.Release|Any CPU.Build.0 = Release|Any CPU
		{4E727D2D-1F75-46F1-9829-4042239B8AF4}.Debug|Any CPU.ActiveCfg = Debug|Any CPU
		{4E727D2D-1F75-46F1-9829-4042239B8AF4}.Debug|Any CPU.Build.0 = Debug|Any CPU
		{4E727D2D-1F75-46F1-9829-4042239B8AF4}.Release|Any CPU.ActiveCfg = Release|Any CPU
		{4E727D2D-1F75-46F1-9829-4042239B8AF4}.Release|Any CPU.Build.0 = Release|Any CPU
		{E90DE6AD-9FAE-4468-AF10-372C1A3DE5CA}.Debug|Any CPU.ActiveCfg = Debug|Any CPU
		{E90DE6AD-9FAE-4468-AF10-372C1A3DE5CA}.Debug|Any CPU.Build.0 = Debug|Any CPU
		{E90DE6AD-9FAE-4468-AF10-372C1A3DE5CA}.Release|Any CPU.ActiveCfg = Release|Any CPU
		{E90DE6AD-9FAE-4468-AF10-372C1A3DE5CA}.Release|Any CPU.Build.0 = Release|Any CPU
		{E836DEA4-9553-4081-9658-90F4E5B7B6B8}.Debug|Any CPU.ActiveCfg = Debug|Any CPU
		{E836DEA4-9553-4081-9658-90F4E5B7B6B8}.Debug|Any CPU.Build.0 = Debug|Any CPU
		{E836DEA4-9553-4081-9658-90F4E5B7B6B8}.Release|Any CPU.ActiveCfg = Release|Any CPU
		{E836DEA4-9553-4081-9658-90F4E5B7B6B8}.Release|Any CPU.Build.0 = Release|Any CPU
		{87823589-C4F8-4200-AE6B-B2AC28F2E2B7}.Debug|Any CPU.ActiveCfg = Debug|Any CPU
		{87823589-C4F8-4200-AE6B-B2AC28F2E2B7}.Debug|Any CPU.Build.0 = Debug|Any CPU
		{87823589-C4F8-4200-AE6B-B2AC28F2E2B7}.Release|Any CPU.ActiveCfg = Release|Any CPU
		{87823589-C4F8-4200-AE6B-B2AC28F2E2B7}.Release|Any CPU.Build.0 = Release|Any CPU
		{6BFAE255-8CE8-4A02-B7EC-7F0A51FEBE63}.Debug|Any CPU.ActiveCfg = Debug|Any CPU
		{6BFAE255-8CE8-4A02-B7EC-7F0A51FEBE63}.Debug|Any CPU.Build.0 = Debug|Any CPU
		{6BFAE255-8CE8-4A02-B7EC-7F0A51FEBE63}.Release|Any CPU.ActiveCfg = Release|Any CPU
		{6BFAE255-8CE8-4A02-B7EC-7F0A51FEBE63}.Release|Any CPU.Build.0 = Release|Any CPU
		{F6CB7694-8115-47C4-8631-730153C89775}.Debug|Any CPU.ActiveCfg = Debug|Any CPU
		{F6CB7694-8115-47C4-8631-730153C89775}.Debug|Any CPU.Build.0 = Debug|Any CPU
		{F6CB7694-8115-47C4-8631-730153C89775}.Release|Any CPU.ActiveCfg = Release|Any CPU
		{F6CB7694-8115-47C4-8631-730153C89775}.Release|Any CPU.Build.0 = Release|Any CPU
		{84E3DBAE-1FAB-485E-9F82-7BEC03D42D4C}.Debug|Any CPU.ActiveCfg = Debug|Any CPU
		{84E3DBAE-1FAB-485E-9F82-7BEC03D42D4C}.Debug|Any CPU.Build.0 = Debug|Any CPU
		{84E3DBAE-1FAB-485E-9F82-7BEC03D42D4C}.Release|Any CPU.ActiveCfg = Release|Any CPU
		{84E3DBAE-1FAB-485E-9F82-7BEC03D42D4C}.Release|Any CPU.Build.0 = Release|Any CPU
		{565E53CB-476E-483D-9B22-C7C889C85230}.Debug|Any CPU.ActiveCfg = Debug|Any CPU
		{565E53CB-476E-483D-9B22-C7C889C85230}.Debug|Any CPU.Build.0 = Debug|Any CPU
		{565E53CB-476E-483D-9B22-C7C889C85230}.Release|Any CPU.ActiveCfg = Release|Any CPU
		{565E53CB-476E-483D-9B22-C7C889C85230}.Release|Any CPU.Build.0 = Release|Any CPU
		{B832B1CC-1254-495D-AA1B-4FB8DAE5CF28}.Debug|Any CPU.ActiveCfg = Debug|Any CPU
		{B832B1CC-1254-495D-AA1B-4FB8DAE5CF28}.Debug|Any CPU.Build.0 = Debug|Any CPU
		{B832B1CC-1254-495D-AA1B-4FB8DAE5CF28}.Release|Any CPU.ActiveCfg = Release|Any CPU
		{B832B1CC-1254-495D-AA1B-4FB8DAE5CF28}.Release|Any CPU.Build.0 = Release|Any CPU
		{0BF02BEC-C3D5-4E0D-9472-73D100C44110}.Debug|Any CPU.ActiveCfg = Debug|Any CPU
		{0BF02BEC-C3D5-4E0D-9472-73D100C44110}.Debug|Any CPU.Build.0 = Debug|Any CPU
		{0BF02BEC-C3D5-4E0D-9472-73D100C44110}.Release|Any CPU.ActiveCfg = Release|Any CPU
		{0BF02BEC-C3D5-4E0D-9472-73D100C44110}.Release|Any CPU.Build.0 = Release|Any CPU
		{2A3A44E9-1E68-4513-BFA6-74005FA86E4F}.Debug|Any CPU.ActiveCfg = Debug|Any CPU
		{2A3A44E9-1E68-4513-BFA6-74005FA86E4F}.Debug|Any CPU.Build.0 = Debug|Any CPU
		{2A3A44E9-1E68-4513-BFA6-74005FA86E4F}.Release|Any CPU.ActiveCfg = Release|Any CPU
		{2A3A44E9-1E68-4513-BFA6-74005FA86E4F}.Release|Any CPU.Build.0 = Release|Any CPU
		{3A3A997C-EF4E-4476-A635-585D0DD52E74}.Debug|Any CPU.ActiveCfg = Debug|Any CPU
		{3A3A997C-EF4E-4476-A635-585D0DD52E74}.Debug|Any CPU.Build.0 = Debug|Any CPU
		{3A3A997C-EF4E-4476-A635-585D0DD52E74}.Release|Any CPU.ActiveCfg = Release|Any CPU
		{3A3A997C-EF4E-4476-A635-585D0DD52E74}.Release|Any CPU.Build.0 = Release|Any CPU
		{652AA173-8300-4020-B685-0C11869A25C8}.Debug|Any CPU.ActiveCfg = Debug|Any CPU
		{652AA173-8300-4020-B685-0C11869A25C8}.Debug|Any CPU.Build.0 = Debug|Any CPU
		{652AA173-8300-4020-B685-0C11869A25C8}.Release|Any CPU.ActiveCfg = Release|Any CPU
		{652AA173-8300-4020-B685-0C11869A25C8}.Release|Any CPU.Build.0 = Release|Any CPU
	EndGlobalSection
	GlobalSection(SolutionProperties) = preSolution
		HideSolutionNode = FALSE
	EndGlobalSection
	GlobalSection(NestedProjects) = preSolution
		{A62668DA-4DF1-4A1C-9FE8-C1E183067C2B} = {78CB6BA2-F555-416D-A7F0-342644374FDD}
		{78DDC6EB-C61B-46FA-B487-4767A8793AFF} = {78CB6BA2-F555-416D-A7F0-342644374FDD}
		{ABCD91D9-AC14-4150-A9E6-1E5740204E1E} = {78CB6BA2-F555-416D-A7F0-342644374FDD}
		{3F4D9A59-ECD3-48B4-9B02-9E45C0BB4615} = {78CB6BA2-F555-416D-A7F0-342644374FDD}
		{156C33E7-15FB-4FCC-ACA5-812BC01D67F4} = {78CB6BA2-F555-416D-A7F0-342644374FDD}
		{4AED5BBF-5F71-4526-A8A4-3FC6FE26C5B5} = {78CB6BA2-F555-416D-A7F0-342644374FDD}
		{6A21A5E7-D76A-46E8-8F02-675731FCF8CA} = {78CB6BA2-F555-416D-A7F0-342644374FDD}
		{FD3F4D36-E920-42E6-8C9E-3AE13927FA5D} = {78CB6BA2-F555-416D-A7F0-342644374FDD}
		{DF9DEB5B-A8D3-4C16-AE4D-04130C756546} = {78CB6BA2-F555-416D-A7F0-342644374FDD}
		{4E727D2D-1F75-46F1-9829-4042239B8AF4} = {78CB6BA2-F555-416D-A7F0-342644374FDD}
		{E90DE6AD-9FAE-4468-AF10-372C1A3DE5CA} = {78CB6BA2-F555-416D-A7F0-342644374FDD}
		{E836DEA4-9553-4081-9658-90F4E5B7B6B8} = {78CB6BA2-F555-416D-A7F0-342644374FDD}
		{87823589-C4F8-4200-AE6B-B2AC28F2E2B7} = {78CB6BA2-F555-416D-A7F0-342644374FDD}
		{6BFAE255-8CE8-4A02-B7EC-7F0A51FEBE63} = {78CB6BA2-F555-416D-A7F0-342644374FDD}
		{F6CB7694-8115-47C4-8631-730153C89775} = {78CB6BA2-F555-416D-A7F0-342644374FDD}
		{84E3DBAE-1FAB-485E-9F82-7BEC03D42D4C} = {78CB6BA2-F555-416D-A7F0-342644374FDD}
		{565E53CB-476E-483D-9B22-C7C889C85230} = {78CB6BA2-F555-416D-A7F0-342644374FDD}
		{B832B1CC-1254-495D-AA1B-4FB8DAE5CF28} = {78CB6BA2-F555-416D-A7F0-342644374FDD}
		{0BF02BEC-C3D5-4E0D-9472-73D100C44110} = {78CB6BA2-F555-416D-A7F0-342644374FDD}
		{2A3A44E9-1E68-4513-BFA6-74005FA86E4F} = {593DE9D5-12F0-4A1D-9D8F-D8E1B8A3D308}
		{3A3A997C-EF4E-4476-A635-585D0DD52E74} = {593DE9D5-12F0-4A1D-9D8F-D8E1B8A3D308}
		{652AA173-8300-4020-B685-0C11869A25C8} = {593DE9D5-12F0-4A1D-9D8F-D8E1B8A3D308}
	EndGlobalSection
EndGlobal
