
Microsoft Visual Studio Solution File, Format Version 12.00
# Visual Studio Version 17
VisualStudioVersion = 17.12.35527.113
MinimumVisualStudioVersion = 10.0.40219.1
Project("{FAE04EC0-301F-11D3-BF4B-00C04F79EFBC}") = "tools_2025", "tools_2025\tools_2025.csproj", "{A62668DA-4DF1-4A1C-9FE8-C1E183067C2B}"
EndProject
Project("{FAE04EC0-301F-11D3-BF4B-00C04F79EFBC}") = "BSMT_PpLayout", "BSMT_PpLayout\BSMT_PpLayout.csproj", "{78DDC6EB-C61B-46FA-B487-4767A8793AFF}"
EndProject
Project("{FAE04EC0-301F-11D3-BF4B-00C04F79EFBC}") = "ClearFloorMarking", "ClearFloorMarking\ClearFloorMarking.csproj", "{ABCD91D9-AC14-4150-A9E6-1E5740204E1E}"
EndProject
Project("{FAE04EC0-301F-11D3-BF4B-00C04F79EFBC}") = "FloorMarking", "FloorMarking\FloorMarking.csproj", "{3F4D9A59-ECD3-48B4-9B02-9E45C0BB4615}"
EndProject
Project("{FAE04EC0-301F-11D3-BF4B-00C04F79EFBC}") = "MountSiteDesignAnaly", "MountSiteDesignAnaly\MountSiteDesignAnaly.csproj", "{156C33E7-15FB-4FCC-ACA5-812BC01D67F4}"
EndProject
Project("{2150E333-8FDC-42A3-9474-1A3956D46DE8}") = "CSharp", "CSharp", "{78CB6BA2-F555-416D-A7F0-342644374FDD}"
EndProject
Project("{FAE04EC0-301F-11D3-BF4B-00C04F79EFBC}") = "PubFuncWt", "PubFuncWt\PubFuncWt.csproj", "{4AED5BBF-5F71-4526-A8A4-3FC6FE26C5B5}"
EndProject
Project("{FAE04EC0-301F-11D3-BF4B-00C04F79EFBC}") = "TeighaNet", "TeighaNet\TeighaNet.csproj", "{6A21A5E7-D76A-46E8-8F02-675731FCF8CA}"
EndProject
Project("{FAE04EC0-301F-11D3-BF4B-00C04F79EFBC}") = "InfoStrucFormwork", "InfoStrucFormwork\InfoStrucFormwork.csproj", "{FD3F4D36-E920-42E6-8C9E-3AE13927FA5D}"
EndProject
Project("{FAE04EC0-301F-11D3-BF4B-00C04F79EFBC}") = "ReadCadText", "ReadCadText\ReadCadText.csproj", "{DF9DEB5B-A8D3-4C16-AE4D-04130C756546}"
EndProject
Global
	GlobalSection(SolutionConfigurationPlatforms) = preSolution
		Debug|Any CPU = Debug|Any CPU
		Release|Any CPU = Release|Any CPU
	EndGlobalSection
	GlobalSection(ProjectConfigurationPlatforms) = postSolution
		{A62668DA-4DF1-4A1C-9FE8-C1E183067C2B}.Debug|Any CPU.ActiveCfg = Debug|Any CPU
		{A62668DA-4DF1-4A1C-9FE8-C1E183067C2B}.Debug|Any CPU.Build.0 = Debug|Any CPU
		{A62668DA-4DF1-4A1C-9FE8-C1E183067C2B}.Release|Any CPU.ActiveCfg = Release|Any CPU
		{A62668DA-4DF1-4A1C-9FE8-C1E183067C2B}.Release|Any CPU.Build.0 = Release|Any CPU
		{78DDC6EB-C61B-46FA-B487-4767A8793AFF}.Debug|Any CPU.ActiveCfg = Debug|Any CPU
		{78DDC6EB-C61B-46FA-B487-4767A8793AFF}.Debug|Any CPU.Build.0 = Debug|Any CPU
		{78DDC6EB-C61B-46FA-B487-4767A8793AFF}.Release|Any CPU.ActiveCfg = Release|Any CPU
		{78DDC6EB-C61B-46FA-B487-4767A8793AFF}.Release|Any CPU.Build.0 = Release|Any CPU
		{ABCD91D9-AC14-4150-A9E6-1E5740204E1E}.Debug|Any CPU.ActiveCfg = Debug|Any CPU
		{ABCD91D9-AC14-4150-A9E6-1E5740204E1E}.Debug|Any CPU.Build.0 = Debug|Any CPU
		{ABCD91D9-AC14-4150-A9E6-1E5740204E1E}.Release|Any CPU.ActiveCfg = Release|Any CPU
		{ABCD91D9-AC14-4150-A9E6-1E5740204E1E}.Release|Any CPU.Build.0 = Release|Any CPU
		{3F4D9A59-ECD3-48B4-9B02-9E45C0BB4615}.Debug|Any CPU.ActiveCfg = Debug|Any CPU
		{3F4D9A59-ECD3-48B4-9B02-9E45C0BB4615}.Debug|Any CPU.Build.0 = Debug|Any CPU
		{3F4D9A59-ECD3-48B4-9B02-9E45C0BB4615}.Release|Any CPU.ActiveCfg = Release|Any CPU
		{3F4D9A59-ECD3-48B4-9B02-9E45C0BB4615}.Release|Any CPU.Build.0 = Release|Any CPU
		{156C33E7-15FB-4FCC-ACA5-812BC01D67F4}.Debug|Any CPU.ActiveCfg = Debug|Any CPU
		{156C33E7-15FB-4FCC-ACA5-812BC01D67F4}.Debug|Any CPU.Build.0 = Debug|Any CPU
		{156C33E7-15FB-4FCC-ACA5-812BC01D67F4}.Release|Any CPU.ActiveCfg = Release|Any CPU
		{156C33E7-15FB-4FCC-ACA5-812BC01D67F4}.Release|Any CPU.Build.0 = Release|Any CPU
		{4AED5BBF-5F71-4526-A8A4-3FC6FE26C5B5}.Debug|Any CPU.ActiveCfg = Debug|Any CPU
		{4AED5BBF-5F71-4526-A8A4-3FC6FE26C5B5}.Debug|Any CPU.Build.0 = Debug|Any CPU
		{4AED5BBF-5F71-4526-A8A4-3FC6FE26C5B5}.Release|Any CPU.ActiveCfg = Release|Any CPU
		{4AED5BBF-5F71-4526-A8A4-3FC6FE26C5B5}.Release|Any CPU.Build.0 = Release|Any CPU
		{6A21A5E7-D76A-46E8-8F02-675731FCF8CA}.Debug|Any CPU.ActiveCfg = Debug|Any CPU
		{6A21A5E7-D76A-46E8-8F02-675731FCF8CA}.Debug|Any CPU.Build.0 = Debug|Any CPU
		{6A21A5E7-D76A-46E8-8F02-675731FCF8CA}.Release|Any CPU.ActiveCfg = Release|Any CPU
		{6A21A5E7-D76A-46E8-8F02-675731FCF8CA}.Release|Any CPU.Build.0 = Release|Any CPU
		{FD3F4D36-E920-42E6-8C9E-3AE13927FA5D}.Debug|Any CPU.ActiveCfg = Debug|Any CPU
		{FD3F4D36-E920-42E6-8C9E-3AE13927FA5D}.Debug|Any CPU.Build.0 = Debug|Any CPU
		{FD3F4D36-E920-42E6-8C9E-3AE13927FA5D}.Release|Any CPU.ActiveCfg = Release|Any CPU
		{FD3F4D36-E920-42E6-8C9E-3AE13927FA5D}.Release|Any CPU.Build.0 = Release|Any CPU
		{DF9DEB5B-A8D3-4C16-AE4D-04130C756546}.Debug|Any CPU.ActiveCfg = Debug|Any CPU
		{DF9DEB5B-A8D3-4C16-AE4D-04130C756546}.Debug|Any CPU.Build.0 = Debug|Any CPU
		{DF9DEB5B-A8D3-4C16-AE4D-04130C756546}.Release|Any CPU.ActiveCfg = Release|Any CPU
		{DF9DEB5B-A8D3-4C16-AE4D-04130C756546}.Release|Any CPU.Build.0 = Release|Any CPU
	EndGlobalSection
	GlobalSection(SolutionProperties) = preSolution
		HideSolutionNode = FALSE
	EndGlobalSection
	GlobalSection(NestedProjects) = preSolution
		{A62668DA-4DF1-4A1C-9FE8-C1E183067C2B} = {78CB6BA2-F555-416D-A7F0-342644374FDD}
		{78DDC6EB-C61B-46FA-B487-4767A8793AFF} = {78CB6BA2-F555-416D-A7F0-342644374FDD}
		{ABCD91D9-AC14-4150-A9E6-1E5740204E1E} = {78CB6BA2-F555-416D-A7F0-342644374FDD}
		{3F4D9A59-ECD3-48B4-9B02-9E45C0BB4615} = {78CB6BA2-F555-416D-A7F0-342644374FDD}
		{156C33E7-15FB-4FCC-ACA5-812BC01D67F4} = {78CB6BA2-F555-416D-A7F0-342644374FDD}
		{4AED5BBF-5F71-4526-A8A4-3FC6FE26C5B5} = {78CB6BA2-F555-416D-A7F0-342644374FDD}
		{6A21A5E7-D76A-46E8-8F02-675731FCF8CA} = {78CB6BA2-F555-416D-A7F0-342644374FDD}
		{FD3F4D36-E920-42E6-8C9E-3AE13927FA5D} = {78CB6BA2-F555-416D-A7F0-342644374FDD}
		{DF9DEB5B-A8D3-4C16-AE4D-04130C756546} = {78CB6BA2-F555-416D-A7F0-342644374FDD}
	EndGlobalSection
EndGlobal
