
Microsoft Visual Studio Solution File, Format Version 12.00
# Visual Studio 15
VisualStudioVersion = 15.0.28307.271
MinimumVisualStudioVersion = 10.0.40219.1
Project("{FAE04EC0-301F-11D3-BF4B-00C04F79EFBC}") = "ANNO_AREA", "ANNO_AREA\ANNO_AREA.csproj", "{EBC232AB-C455-4DC8-9848-C55C6E395D87}"
EndProject
Project("{FAE04EC0-301F-11D3-BF4B-00C04F79EFBC}") = "ANNO_DIST", "ANNO_DIST\ANNO_DIST.csproj", "{8AAD56FF-1552-41FE-BA57-E95225044685}"
EndProject
Project("{FAE04EC0-301F-11D3-BF4B-00C04F79EFBC}") = "ANNO_ELEV", "ANNO_ELEV\ANNO_ELEV.csproj", "{07360461-1D34-4C52-92F8-F0B950875BFA}"
EndProject
Project("{FAE04EC0-301F-11D3-BF4B-00C04F79EFBC}") = "ANNO_ELEV_ABSL", "ANNO_ELEV_ABSL\ANNO_ELEV_ABSL.csproj", "{92532643-76CD-4A13-A42A-E291B86FC2C5}"
EndProject
Project("{FAE04EC0-301F-11D3-BF4B-00C04F79EFBC}") = "COMP_MANG", "COMP_MANG\COMP_MANG.csproj", "{E30EA65D-DDAC-4C6B-B035-FE2168F577FC}"
EndProject
Project("{FAE04EC0-301F-11D3-BF4B-00C04F79EFBC}") = "GRID_IDEN", "GRID_IDEN\GRID_IDEN.csproj", "{B3DF9E29-936B-4BFC-A41D-4FDF26B70CF8}"
EndProject
Project("{FAE04EC0-301F-11D3-BF4B-00C04F79EFBC}") = "GRID_RNAM", "GRID_RNAM\GRID_RNAM.csproj", "{F23D8FD7-6878-4602-B969-6F160CB545F6}"
EndProject
Project("{FAE04EC0-301F-11D3-BF4B-00C04F79EFBC}") = "SHET_LOCA", "SHET_LOCA\SHET_LOCA.csproj", "{3DCA3525-0AFD-403D-BA1A-1573AB5DE4D2}"
EndProject
Project("{FAE04EC0-301F-11D3-BF4B-00C04F79EFBC}") = "VIEW_INTF", "VIEW_INTF\VIEW_INTF.csproj", "{FED26648-97DB-4723-B9E8-33799BA37720}"
EndProject
Project("{FAE04EC0-301F-11D3-BF4B-00C04F79EFBC}") = "TYPE_ON_OFF", "TYPE_ON_OFF\TYPE_ON_OFF.csproj", "{83F1D6AB-685C-4320-9351-9E94758D2056}"
EndProject
Project("{FAE04EC0-301F-11D3-BF4B-00C04F79EFBC}") = "WSET_ON_OFF", "WSET_ON_OFF\WSET_ON_OFF.csproj", "{A0E15972-286B-4689-8E4A-2D757677C84D}"
EndProject
Project("{FAE04EC0-301F-11D3-BF4B-00C04F79EFBC}") = "COLR_SWIT", "COLR_SWIT\COLR_SWIT.csproj", "{7EB58EAD-F637-4C37-91B7-9711EE35023D}"
EndProject
Project("{FAE04EC0-301F-11D3-BF4B-00C04F79EFBC}") = "FAMI_REPL", "ChangeFamily\FAMI_REPL.csproj", "{E6700503-1850-429A-8BCC-482735F7D2D1}"
EndProject
Project("{FAE04EC0-301F-11D3-BF4B-00C04F79EFBC}") = "DATM_ON_OFF", "DATM_ON_OFF\DATM_ON_OFF.csproj", "{BF72AC83-5039-4B25-B7D1-0FAECB467780}"
EndProject
Project("{FAE04EC0-301F-11D3-BF4B-00C04F79EFBC}") = "ANNO_AVOD", "ANNO_AVOD\ANNO_AVOD.csproj", "{F3EC694E-6AF3-4A1B-A639-9FC3A10EC48D}"
EndProject
Project("{FAE04EC0-301F-11D3-BF4B-00C04F79EFBC}") = "ANNO_ELEV_MULT", "LevelText\ANNO_ELEV_MULT.csproj", "{F2536C5E-A5FD-4EE4-AAD1-39AEEEBAF852}"
EndProject
Project("{FAE04EC0-301F-11D3-BF4B-00C04F79EFBC}") = "LINE_ROAD", "LineToRoad\LINE_ROAD.csproj", "{689AF68C-7EF2-4B9D-8515-E54181C15035}"
EndProject
Project("{FAE04EC0-301F-11D3-BF4B-00C04F79EFBC}") = "Tools", "MathTools\Tools.csproj", "{9E474E35-B4BA-4898-BDE8-58DE7F3C3429}"
EndProject
Global
	GlobalSection(SolutionConfigurationPlatforms) = preSolution
		123|Any CPU = 123|Any CPU
		123|x64 = 123|x64
		123|x86 = 123|x86
		Debug|Any CPU = Debug|Any CPU
		Debug|x64 = Debug|x64
		Debug|x86 = Debug|x86
		Release|Any CPU = Release|Any CPU
		Release|x64 = Release|x64
		Release|x86 = Release|x86
	EndGlobalSection
	GlobalSection(ProjectConfigurationPlatforms) = postSolution
		{EBC232AB-C455-4DC8-9848-C55C6E395D87}.123|Any CPU.ActiveCfg = 123|Any CPU
		{EBC232AB-C455-4DC8-9848-C55C6E395D87}.123|Any CPU.Build.0 = 123|Any CPU
		{EBC232AB-C455-4DC8-9848-C55C6E395D87}.123|x64.ActiveCfg = 123|x64
		{EBC232AB-C455-4DC8-9848-C55C6E395D87}.123|x64.Build.0 = 123|x64
		{EBC232AB-C455-4DC8-9848-C55C6E395D87}.123|x86.ActiveCfg = 123|Any CPU
		{EBC232AB-C455-4DC8-9848-C55C6E395D87}.123|x86.Build.0 = 123|Any CPU
		{EBC232AB-C455-4DC8-9848-C55C6E395D87}.Debug|Any CPU.ActiveCfg = Debug|Any CPU
		{EBC232AB-C455-4DC8-9848-C55C6E395D87}.Debug|Any CPU.Build.0 = Debug|Any CPU
		{EBC232AB-C455-4DC8-9848-C55C6E395D87}.Debug|x64.ActiveCfg = Debug|x64
		{EBC232AB-C455-4DC8-9848-C55C6E395D87}.Debug|x64.Build.0 = Debug|x64
		{EBC232AB-C455-4DC8-9848-C55C6E395D87}.Debug|x86.ActiveCfg = Debug|Any CPU
		{EBC232AB-C455-4DC8-9848-C55C6E395D87}.Debug|x86.Build.0 = Debug|Any CPU
		{EBC232AB-C455-4DC8-9848-C55C6E395D87}.Release|Any CPU.ActiveCfg = Release|Any CPU
		{EBC232AB-C455-4DC8-9848-C55C6E395D87}.Release|Any CPU.Build.0 = Release|Any CPU
		{EBC232AB-C455-4DC8-9848-C55C6E395D87}.Release|x64.ActiveCfg = Release|x64
		{EBC232AB-C455-4DC8-9848-C55C6E395D87}.Release|x64.Build.0 = Release|x64
		{EBC232AB-C455-4DC8-9848-C55C6E395D87}.Release|x86.ActiveCfg = Release|Any CPU
		{EBC232AB-C455-4DC8-9848-C55C6E395D87}.Release|x86.Build.0 = Release|Any CPU
		{8AAD56FF-1552-41FE-BA57-E95225044685}.123|Any CPU.ActiveCfg = 123|Any CPU
		{8AAD56FF-1552-41FE-BA57-E95225044685}.123|Any CPU.Build.0 = 123|Any CPU
		{8AAD56FF-1552-41FE-BA57-E95225044685}.123|x64.ActiveCfg = 123|x64
		{8AAD56FF-1552-41FE-BA57-E95225044685}.123|x64.Build.0 = 123|x64
		{8AAD56FF-1552-41FE-BA57-E95225044685}.123|x86.ActiveCfg = 123|Any CPU
		{8AAD56FF-1552-41FE-BA57-E95225044685}.123|x86.Build.0 = 123|Any CPU
		{8AAD56FF-1552-41FE-BA57-E95225044685}.Debug|Any CPU.ActiveCfg = Debug|Any CPU
		{8AAD56FF-1552-41FE-BA57-E95225044685}.Debug|Any CPU.Build.0 = Debug|Any CPU
		{8AAD56FF-1552-41FE-BA57-E95225044685}.Debug|x64.ActiveCfg = Debug|x64
		{8AAD56FF-1552-41FE-BA57-E95225044685}.Debug|x64.Build.0 = Debug|x64
		{8AAD56FF-1552-41FE-BA57-E95225044685}.Debug|x86.ActiveCfg = Debug|Any CPU
		{8AAD56FF-1552-41FE-BA57-E95225044685}.Debug|x86.Build.0 = Debug|Any CPU
		{8AAD56FF-1552-41FE-BA57-E95225044685}.Release|Any CPU.ActiveCfg = Release|Any CPU
		{8AAD56FF-1552-41FE-BA57-E95225044685}.Release|Any CPU.Build.0 = Release|Any CPU
		{8AAD56FF-1552-41FE-BA57-E95225044685}.Release|x64.ActiveCfg = Release|x64
		{8AAD56FF-1552-41FE-BA57-E95225044685}.Release|x64.Build.0 = Release|x64
		{8AAD56FF-1552-41FE-BA57-E95225044685}.Release|x86.ActiveCfg = Release|Any CPU
		{8AAD56FF-1552-41FE-BA57-E95225044685}.Release|x86.Build.0 = Release|Any CPU
		{07360461-1D34-4C52-92F8-F0B950875BFA}.123|Any CPU.ActiveCfg = 123|Any CPU
		{07360461-1D34-4C52-92F8-F0B950875BFA}.123|Any CPU.Build.0 = 123|Any CPU
		{07360461-1D34-4C52-92F8-F0B950875BFA}.123|x64.ActiveCfg = 123|x64
		{07360461-1D34-4C52-92F8-F0B950875BFA}.123|x64.Build.0 = 123|x64
		{07360461-1D34-4C52-92F8-F0B950875BFA}.123|x86.ActiveCfg = 123|Any CPU
		{07360461-1D34-4C52-92F8-F0B950875BFA}.123|x86.Build.0 = 123|Any CPU
		{07360461-1D34-4C52-92F8-F0B950875BFA}.Debug|Any CPU.ActiveCfg = Debug|Any CPU
		{07360461-1D34-4C52-92F8-F0B950875BFA}.Debug|Any CPU.Build.0 = Debug|Any CPU
		{07360461-1D34-4C52-92F8-F0B950875BFA}.Debug|x64.ActiveCfg = Debug|x64
		{07360461-1D34-4C52-92F8-F0B950875BFA}.Debug|x64.Build.0 = Debug|x64
		{07360461-1D34-4C52-92F8-F0B950875BFA}.Debug|x86.ActiveCfg = Debug|Any CPU
		{07360461-1D34-4C52-92F8-F0B950875BFA}.Debug|x86.Build.0 = Debug|Any CPU
		{07360461-1D34-4C52-92F8-F0B950875BFA}.Release|Any CPU.ActiveCfg = Release|Any CPU
		{07360461-1D34-4C52-92F8-F0B950875BFA}.Release|Any CPU.Build.0 = Release|Any CPU
		{07360461-1D34-4C52-92F8-F0B950875BFA}.Release|x64.ActiveCfg = Release|x64
		{07360461-1D34-4C52-92F8-F0B950875BFA}.Release|x64.Build.0 = Release|x64
		{07360461-1D34-4C52-92F8-F0B950875BFA}.Release|x86.ActiveCfg = Release|Any CPU
		{07360461-1D34-4C52-92F8-F0B950875BFA}.Release|x86.Build.0 = Release|Any CPU
		{92532643-76CD-4A13-A42A-E291B86FC2C5}.123|Any CPU.ActiveCfg = 123|Any CPU
		{92532643-76CD-4A13-A42A-E291B86FC2C5}.123|Any CPU.Build.0 = 123|Any CPU
		{92532643-76CD-4A13-A42A-E291B86FC2C5}.123|x64.ActiveCfg = 123|x64
		{92532643-76CD-4A13-A42A-E291B86FC2C5}.123|x64.Build.0 = 123|x64
		{92532643-76CD-4A13-A42A-E291B86FC2C5}.123|x86.ActiveCfg = 123|Any CPU
		{92532643-76CD-4A13-A42A-E291B86FC2C5}.123|x86.Build.0 = 123|Any CPU
		{92532643-76CD-4A13-A42A-E291B86FC2C5}.Debug|Any CPU.ActiveCfg = Debug|Any CPU
		{92532643-76CD-4A13-A42A-E291B86FC2C5}.Debug|Any CPU.Build.0 = Debug|Any CPU
		{92532643-76CD-4A13-A42A-E291B86FC2C5}.Debug|x64.ActiveCfg = Debug|x64
		{92532643-76CD-4A13-A42A-E291B86FC2C5}.Debug|x64.Build.0 = Debug|x64
		{92532643-76CD-4A13-A42A-E291B86FC2C5}.Debug|x86.ActiveCfg = Debug|Any CPU
		{92532643-76CD-4A13-A42A-E291B86FC2C5}.Debug|x86.Build.0 = Debug|Any CPU
		{92532643-76CD-4A13-A42A-E291B86FC2C5}.Release|Any CPU.ActiveCfg = Release|Any CPU
		{92532643-76CD-4A13-A42A-E291B86FC2C5}.Release|Any CPU.Build.0 = Release|Any CPU
		{92532643-76CD-4A13-A42A-E291B86FC2C5}.Release|x64.ActiveCfg = Release|x64
		{92532643-76CD-4A13-A42A-E291B86FC2C5}.Release|x64.Build.0 = Release|x64
		{92532643-76CD-4A13-A42A-E291B86FC2C5}.Release|x86.ActiveCfg = Release|Any CPU
		{92532643-76CD-4A13-A42A-E291B86FC2C5}.Release|x86.Build.0 = Release|Any CPU
		{E30EA65D-DDAC-4C6B-B035-FE2168F577FC}.123|Any CPU.ActiveCfg = 123|Any CPU
		{E30EA65D-DDAC-4C6B-B035-FE2168F577FC}.123|Any CPU.Build.0 = 123|Any CPU
		{E30EA65D-DDAC-4C6B-B035-FE2168F577FC}.123|x64.ActiveCfg = 123|x64
		{E30EA65D-DDAC-4C6B-B035-FE2168F577FC}.123|x64.Build.0 = 123|x64
		{E30EA65D-DDAC-4C6B-B035-FE2168F577FC}.123|x86.ActiveCfg = 123|Any CPU
		{E30EA65D-DDAC-4C6B-B035-FE2168F577FC}.123|x86.Build.0 = 123|Any CPU
		{E30EA65D-DDAC-4C6B-B035-FE2168F577FC}.Debug|Any CPU.ActiveCfg = Debug|Any CPU
		{E30EA65D-DDAC-4C6B-B035-FE2168F577FC}.Debug|Any CPU.Build.0 = Debug|Any CPU
		{E30EA65D-DDAC-4C6B-B035-FE2168F577FC}.Debug|x64.ActiveCfg = Debug|x64
		{E30EA65D-DDAC-4C6B-B035-FE2168F577FC}.Debug|x64.Build.0 = Debug|x64
		{E30EA65D-DDAC-4C6B-B035-FE2168F577FC}.Debug|x86.ActiveCfg = Debug|Any CPU
		{E30EA65D-DDAC-4C6B-B035-FE2168F577FC}.Debug|x86.Build.0 = Debug|Any CPU
		{E30EA65D-DDAC-4C6B-B035-FE2168F577FC}.Release|Any CPU.ActiveCfg = Release|Any CPU
		{E30EA65D-DDAC-4C6B-B035-FE2168F577FC}.Release|Any CPU.Build.0 = Release|Any CPU
		{E30EA65D-DDAC-4C6B-B035-FE2168F577FC}.Release|x64.ActiveCfg = Release|x64
		{E30EA65D-DDAC-4C6B-B035-FE2168F577FC}.Release|x64.Build.0 = Release|x64
		{E30EA65D-DDAC-4C6B-B035-FE2168F577FC}.Release|x86.ActiveCfg = Release|Any CPU
		{E30EA65D-DDAC-4C6B-B035-FE2168F577FC}.Release|x86.Build.0 = Release|Any CPU
		{B3DF9E29-936B-4BFC-A41D-4FDF26B70CF8}.123|Any CPU.ActiveCfg = 123|Any CPU
		{B3DF9E29-936B-4BFC-A41D-4FDF26B70CF8}.123|Any CPU.Build.0 = 123|Any CPU
		{B3DF9E29-936B-4BFC-A41D-4FDF26B70CF8}.123|x64.ActiveCfg = 123|x64
		{B3DF9E29-936B-4BFC-A41D-4FDF26B70CF8}.123|x64.Build.0 = 123|x64
		{B3DF9E29-936B-4BFC-A41D-4FDF26B70CF8}.123|x86.ActiveCfg = 123|Any CPU
		{B3DF9E29-936B-4BFC-A41D-4FDF26B70CF8}.123|x86.Build.0 = 123|Any CPU
		{B3DF9E29-936B-4BFC-A41D-4FDF26B70CF8}.Debug|Any CPU.ActiveCfg = Debug|Any CPU
		{B3DF9E29-936B-4BFC-A41D-4FDF26B70CF8}.Debug|Any CPU.Build.0 = Debug|Any CPU
		{B3DF9E29-936B-4BFC-A41D-4FDF26B70CF8}.Debug|x64.ActiveCfg = Debug|x64
		{B3DF9E29-936B-4BFC-A41D-4FDF26B70CF8}.Debug|x64.Build.0 = Debug|x64
		{B3DF9E29-936B-4BFC-A41D-4FDF26B70CF8}.Debug|x86.ActiveCfg = Debug|Any CPU
		{B3DF9E29-936B-4BFC-A41D-4FDF26B70CF8}.Debug|x86.Build.0 = Debug|Any CPU
		{B3DF9E29-936B-4BFC-A41D-4FDF26B70CF8}.Release|Any CPU.ActiveCfg = Release|Any CPU
		{B3DF9E29-936B-4BFC-A41D-4FDF26B70CF8}.Release|Any CPU.Build.0 = Release|Any CPU
		{B3DF9E29-936B-4BFC-A41D-4FDF26B70CF8}.Release|x64.ActiveCfg = Release|x64
		{B3DF9E29-936B-4BFC-A41D-4FDF26B70CF8}.Release|x64.Build.0 = Release|x64
		{B3DF9E29-936B-4BFC-A41D-4FDF26B70CF8}.Release|x86.ActiveCfg = Release|Any CPU
		{B3DF9E29-936B-4BFC-A41D-4FDF26B70CF8}.Release|x86.Build.0 = Release|Any CPU
		{F23D8FD7-6878-4602-B969-6F160CB545F6}.123|Any CPU.ActiveCfg = 123|Any CPU
		{F23D8FD7-6878-4602-B969-6F160CB545F6}.123|Any CPU.Build.0 = 123|Any CPU
		{F23D8FD7-6878-4602-B969-6F160CB545F6}.123|x64.ActiveCfg = 123|x64
		{F23D8FD7-6878-4602-B969-6F160CB545F6}.123|x64.Build.0 = 123|x64
		{F23D8FD7-6878-4602-B969-6F160CB545F6}.123|x86.ActiveCfg = 123|Any CPU
		{F23D8FD7-6878-4602-B969-6F160CB545F6}.123|x86.Build.0 = 123|Any CPU
		{F23D8FD7-6878-4602-B969-6F160CB545F6}.Debug|Any CPU.ActiveCfg = Debug|Any CPU
		{F23D8FD7-6878-4602-B969-6F160CB545F6}.Debug|Any CPU.Build.0 = Debug|Any CPU
		{F23D8FD7-6878-4602-B969-6F160CB545F6}.Debug|x64.ActiveCfg = Debug|x64
		{F23D8FD7-6878-4602-B969-6F160CB545F6}.Debug|x64.Build.0 = Debug|x64
		{F23D8FD7-6878-4602-B969-6F160CB545F6}.Debug|x86.ActiveCfg = Debug|Any CPU
		{F23D8FD7-6878-4602-B969-6F160CB545F6}.Debug|x86.Build.0 = Debug|Any CPU
		{F23D8FD7-6878-4602-B969-6F160CB545F6}.Release|Any CPU.ActiveCfg = Release|Any CPU
		{F23D8FD7-6878-4602-B969-6F160CB545F6}.Release|Any CPU.Build.0 = Release|Any CPU
		{F23D8FD7-6878-4602-B969-6F160CB545F6}.Release|x64.ActiveCfg = Release|x64
		{F23D8FD7-6878-4602-B969-6F160CB545F6}.Release|x64.Build.0 = Release|x64
		{F23D8FD7-6878-4602-B969-6F160CB545F6}.Release|x86.ActiveCfg = Release|Any CPU
		{F23D8FD7-6878-4602-B969-6F160CB545F6}.Release|x86.Build.0 = Release|Any CPU
		{3DCA3525-0AFD-403D-BA1A-1573AB5DE4D2}.123|Any CPU.ActiveCfg = 123|Any CPU
		{3DCA3525-0AFD-403D-BA1A-1573AB5DE4D2}.123|Any CPU.Build.0 = 123|Any CPU
		{3DCA3525-0AFD-403D-BA1A-1573AB5DE4D2}.123|x64.ActiveCfg = 123|x64
		{3DCA3525-0AFD-403D-BA1A-1573AB5DE4D2}.123|x64.Build.0 = 123|x64
		{3DCA3525-0AFD-403D-BA1A-1573AB5DE4D2}.123|x86.ActiveCfg = 123|Any CPU
		{3DCA3525-0AFD-403D-BA1A-1573AB5DE4D2}.123|x86.Build.0 = 123|Any CPU
		{3DCA3525-0AFD-403D-BA1A-1573AB5DE4D2}.Debug|Any CPU.ActiveCfg = Debug|Any CPU
		{3DCA3525-0AFD-403D-BA1A-1573AB5DE4D2}.Debug|Any CPU.Build.0 = Debug|Any CPU
		{3DCA3525-0AFD-403D-BA1A-1573AB5DE4D2}.Debug|x64.ActiveCfg = Debug|x64
		{3DCA3525-0AFD-403D-BA1A-1573AB5DE4D2}.Debug|x64.Build.0 = Debug|x64
		{3DCA3525-0AFD-403D-BA1A-1573AB5DE4D2}.Debug|x86.ActiveCfg = Debug|Any CPU
		{3DCA3525-0AFD-403D-BA1A-1573AB5DE4D2}.Debug|x86.Build.0 = Debug|Any CPU
		{3DCA3525-0AFD-403D-BA1A-1573AB5DE4D2}.Release|Any CPU.ActiveCfg = Release|Any CPU
		{3DCA3525-0AFD-403D-BA1A-1573AB5DE4D2}.Release|Any CPU.Build.0 = Release|Any CPU
		{3DCA3525-0AFD-403D-BA1A-1573AB5DE4D2}.Release|x64.ActiveCfg = Release|x64
		{3DCA3525-0AFD-403D-BA1A-1573AB5DE4D2}.Release|x64.Build.0 = Release|x64
		{3DCA3525-0AFD-403D-BA1A-1573AB5DE4D2}.Release|x86.ActiveCfg = Release|Any CPU
		{3DCA3525-0AFD-403D-BA1A-1573AB5DE4D2}.Release|x86.Build.0 = Release|Any CPU
		{FED26648-97DB-4723-B9E8-33799BA37720}.123|Any CPU.ActiveCfg = 123|Any CPU
		{FED26648-97DB-4723-B9E8-33799BA37720}.123|Any CPU.Build.0 = 123|Any CPU
		{FED26648-97DB-4723-B9E8-33799BA37720}.123|x64.ActiveCfg = 123|x64
		{FED26648-97DB-4723-B9E8-33799BA37720}.123|x64.Build.0 = 123|x64
		{FED26648-97DB-4723-B9E8-33799BA37720}.123|x86.ActiveCfg = 123|Any CPU
		{FED26648-97DB-4723-B9E8-33799BA37720}.123|x86.Build.0 = 123|Any CPU
		{FED26648-97DB-4723-B9E8-33799BA37720}.Debug|Any CPU.ActiveCfg = Debug|Any CPU
		{FED26648-97DB-4723-B9E8-33799BA37720}.Debug|Any CPU.Build.0 = Debug|Any CPU
		{FED26648-97DB-4723-B9E8-33799BA37720}.Debug|x64.ActiveCfg = Debug|x64
		{FED26648-97DB-4723-B9E8-33799BA37720}.Debug|x64.Build.0 = Debug|x64
		{FED26648-97DB-4723-B9E8-33799BA37720}.Debug|x86.ActiveCfg = Debug|Any CPU
		{FED26648-97DB-4723-B9E8-33799BA37720}.Debug|x86.Build.0 = Debug|Any CPU
		{FED26648-97DB-4723-B9E8-33799BA37720}.Release|Any CPU.ActiveCfg = Release|Any CPU
		{FED26648-97DB-4723-B9E8-33799BA37720}.Release|Any CPU.Build.0 = Release|Any CPU
		{FED26648-97DB-4723-B9E8-33799BA37720}.Release|x64.ActiveCfg = Release|x64
		{FED26648-97DB-4723-B9E8-33799BA37720}.Release|x64.Build.0 = Release|x64
		{FED26648-97DB-4723-B9E8-33799BA37720}.Release|x86.ActiveCfg = Release|Any CPU
		{FED26648-97DB-4723-B9E8-33799BA37720}.Release|x86.Build.0 = Release|Any CPU
		{83F1D6AB-685C-4320-9351-9E94758D2056}.123|Any CPU.ActiveCfg = Release|Any CPU
		{83F1D6AB-685C-4320-9351-9E94758D2056}.123|Any CPU.Build.0 = Release|Any CPU
		{83F1D6AB-685C-4320-9351-9E94758D2056}.123|x64.ActiveCfg = Release|Any CPU
		{83F1D6AB-685C-4320-9351-9E94758D2056}.123|x64.Build.0 = Release|Any CPU
		{83F1D6AB-685C-4320-9351-9E94758D2056}.123|x86.ActiveCfg = Release|Any CPU
		{83F1D6AB-685C-4320-9351-9E94758D2056}.123|x86.Build.0 = Release|Any CPU
		{83F1D6AB-685C-4320-9351-9E94758D2056}.Debug|Any CPU.ActiveCfg = Debug|Any CPU
		{83F1D6AB-685C-4320-9351-9E94758D2056}.Debug|Any CPU.Build.0 = Debug|Any CPU
		{83F1D6AB-685C-4320-9351-9E94758D2056}.Debug|x64.ActiveCfg = Debug|Any CPU
		{83F1D6AB-685C-4320-9351-9E94758D2056}.Debug|x64.Build.0 = Debug|Any CPU
		{83F1D6AB-685C-4320-9351-9E94758D2056}.Debug|x86.ActiveCfg = Debug|Any CPU
		{83F1D6AB-685C-4320-9351-9E94758D2056}.Debug|x86.Build.0 = Debug|Any CPU
		{83F1D6AB-685C-4320-9351-9E94758D2056}.Release|Any CPU.ActiveCfg = Release|Any CPU
		{83F1D6AB-685C-4320-9351-9E94758D2056}.Release|Any CPU.Build.0 = Release|Any CPU
		{83F1D6AB-685C-4320-9351-9E94758D2056}.Release|x64.ActiveCfg = Release|Any CPU
		{83F1D6AB-685C-4320-9351-9E94758D2056}.Release|x64.Build.0 = Release|Any CPU
		{83F1D6AB-685C-4320-9351-9E94758D2056}.Release|x86.ActiveCfg = Release|Any CPU
		{83F1D6AB-685C-4320-9351-9E94758D2056}.Release|x86.Build.0 = Release|Any CPU
		{A0E15972-286B-4689-8E4A-2D757677C84D}.123|Any CPU.ActiveCfg = Release|Any CPU
		{A0E15972-286B-4689-8E4A-2D757677C84D}.123|Any CPU.Build.0 = Release|Any CPU
		{A0E15972-286B-4689-8E4A-2D757677C84D}.123|x64.ActiveCfg = Release|Any CPU
		{A0E15972-286B-4689-8E4A-2D757677C84D}.123|x64.Build.0 = Release|Any CPU
		{A0E15972-286B-4689-8E4A-2D757677C84D}.123|x86.ActiveCfg = Release|Any CPU
		{A0E15972-286B-4689-8E4A-2D757677C84D}.123|x86.Build.0 = Release|Any CPU
		{A0E15972-286B-4689-8E4A-2D757677C84D}.Debug|Any CPU.ActiveCfg = Debug|Any CPU
		{A0E15972-286B-4689-8E4A-2D757677C84D}.Debug|Any CPU.Build.0 = Debug|Any CPU
		{A0E15972-286B-4689-8E4A-2D757677C84D}.Debug|x64.ActiveCfg = Debug|Any CPU
		{A0E15972-286B-4689-8E4A-2D757677C84D}.Debug|x64.Build.0 = Debug|Any CPU
		{A0E15972-286B-4689-8E4A-2D757677C84D}.Debug|x86.ActiveCfg = Debug|Any CPU
		{A0E15972-286B-4689-8E4A-2D757677C84D}.Debug|x86.Build.0 = Debug|Any CPU
		{A0E15972-286B-4689-8E4A-2D757677C84D}.Release|Any CPU.ActiveCfg = Release|Any CPU
		{A0E15972-286B-4689-8E4A-2D757677C84D}.Release|Any CPU.Build.0 = Release|Any CPU
		{A0E15972-286B-4689-8E4A-2D757677C84D}.Release|x64.ActiveCfg = Release|Any CPU
		{A0E15972-286B-4689-8E4A-2D757677C84D}.Release|x64.Build.0 = Release|Any CPU
		{A0E15972-286B-4689-8E4A-2D757677C84D}.Release|x86.ActiveCfg = Release|Any CPU
		{A0E15972-286B-4689-8E4A-2D757677C84D}.Release|x86.Build.0 = Release|Any CPU
		{7EB58EAD-F637-4C37-91B7-9711EE35023D}.123|Any CPU.ActiveCfg = Release|Any CPU
		{7EB58EAD-F637-4C37-91B7-9711EE35023D}.123|Any CPU.Build.0 = Release|Any CPU
		{7EB58EAD-F637-4C37-91B7-9711EE35023D}.123|x64.ActiveCfg = Release|Any CPU
		{7EB58EAD-F637-4C37-91B7-9711EE35023D}.123|x64.Build.0 = Release|Any CPU
		{7EB58EAD-F637-4C37-91B7-9711EE35023D}.123|x86.ActiveCfg = Release|Any CPU
		{7EB58EAD-F637-4C37-91B7-9711EE35023D}.123|x86.Build.0 = Release|Any CPU
		{7EB58EAD-F637-4C37-91B7-9711EE35023D}.Debug|Any CPU.ActiveCfg = Debug|Any CPU
		{7EB58EAD-F637-4C37-91B7-9711EE35023D}.Debug|Any CPU.Build.0 = Debug|Any CPU
		{7EB58EAD-F637-4C37-91B7-9711EE35023D}.Debug|x64.ActiveCfg = Debug|Any CPU
		{7EB58EAD-F637-4C37-91B7-9711EE35023D}.Debug|x64.Build.0 = Debug|Any CPU
		{7EB58EAD-F637-4C37-91B7-9711EE35023D}.Debug|x86.ActiveCfg = Debug|Any CPU
		{7EB58EAD-F637-4C37-91B7-9711EE35023D}.Debug|x86.Build.0 = Debug|Any CPU
		{7EB58EAD-F637-4C37-91B7-9711EE35023D}.Release|Any CPU.ActiveCfg = Release|Any CPU
		{7EB58EAD-F637-4C37-91B7-9711EE35023D}.Release|Any CPU.Build.0 = Release|Any CPU
		{7EB58EAD-F637-4C37-91B7-9711EE35023D}.Release|x64.ActiveCfg = Release|Any CPU
		{7EB58EAD-F637-4C37-91B7-9711EE35023D}.Release|x64.Build.0 = Release|Any CPU
		{7EB58EAD-F637-4C37-91B7-9711EE35023D}.Release|x86.ActiveCfg = Release|Any CPU
		{7EB58EAD-F637-4C37-91B7-9711EE35023D}.Release|x86.Build.0 = Release|Any CPU
		{E6700503-1850-429A-8BCC-482735F7D2D1}.123|Any CPU.ActiveCfg = Release|Any CPU
		{E6700503-1850-429A-8BCC-482735F7D2D1}.123|Any CPU.Build.0 = Release|Any CPU
		{E6700503-1850-429A-8BCC-482735F7D2D1}.123|x64.ActiveCfg = Release|Any CPU
		{E6700503-1850-429A-8BCC-482735F7D2D1}.123|x64.Build.0 = Release|Any CPU
		{E6700503-1850-429A-8BCC-482735F7D2D1}.123|x86.ActiveCfg = Release|Any CPU
		{E6700503-1850-429A-8BCC-482735F7D2D1}.123|x86.Build.0 = Release|Any CPU
		{E6700503-1850-429A-8BCC-482735F7D2D1}.Debug|Any CPU.ActiveCfg = Debug|Any CPU
		{E6700503-1850-429A-8BCC-482735F7D2D1}.Debug|Any CPU.Build.0 = Debug|Any CPU
		{E6700503-1850-429A-8BCC-482735F7D2D1}.Debug|x64.ActiveCfg = Debug|Any CPU
		{E6700503-1850-429A-8BCC-482735F7D2D1}.Debug|x64.Build.0 = Debug|Any CPU
		{E6700503-1850-429A-8BCC-482735F7D2D1}.Debug|x86.ActiveCfg = Debug|Any CPU
		{E6700503-1850-429A-8BCC-482735F7D2D1}.Debug|x86.Build.0 = Debug|Any CPU
		{E6700503-1850-429A-8BCC-482735F7D2D1}.Release|Any CPU.ActiveCfg = Release|Any CPU
		{E6700503-1850-429A-8BCC-482735F7D2D1}.Release|Any CPU.Build.0 = Release|Any CPU
		{E6700503-1850-429A-8BCC-482735F7D2D1}.Release|x64.ActiveCfg = Release|Any CPU
		{E6700503-1850-429A-8BCC-482735F7D2D1}.Release|x64.Build.0 = Release|Any CPU
		{E6700503-1850-429A-8BCC-482735F7D2D1}.Release|x86.ActiveCfg = Release|Any CPU
		{E6700503-1850-429A-8BCC-482735F7D2D1}.Release|x86.Build.0 = Release|Any CPU
		{BF72AC83-5039-4B25-B7D1-0FAECB467780}.123|Any CPU.ActiveCfg = Release|Any CPU
		{BF72AC83-5039-4B25-B7D1-0FAECB467780}.123|Any CPU.Build.0 = Release|Any CPU
		{BF72AC83-5039-4B25-B7D1-0FAECB467780}.123|x64.ActiveCfg = Release|Any CPU
		{BF72AC83-5039-4B25-B7D1-0FAECB467780}.123|x64.Build.0 = Release|Any CPU
		{BF72AC83-5039-4B25-B7D1-0FAECB467780}.123|x86.ActiveCfg = Release|Any CPU
		{BF72AC83-5039-4B25-B7D1-0FAECB467780}.123|x86.Build.0 = Release|Any CPU
		{BF72AC83-5039-4B25-B7D1-0FAECB467780}.Debug|Any CPU.ActiveCfg = Debug|Any CPU
		{BF72AC83-5039-4B25-B7D1-0FAECB467780}.Debug|Any CPU.Build.0 = Debug|Any CPU
		{BF72AC83-5039-4B25-B7D1-0FAECB467780}.Debug|x64.ActiveCfg = Debug|Any CPU
		{BF72AC83-5039-4B25-B7D1-0FAECB467780}.Debug|x64.Build.0 = Debug|Any CPU
		{BF72AC83-5039-4B25-B7D1-0FAECB467780}.Debug|x86.ActiveCfg = Debug|Any CPU
		{BF72AC83-5039-4B25-B7D1-0FAECB467780}.Debug|x86.Build.0 = Debug|Any CPU
		{BF72AC83-5039-4B25-B7D1-0FAECB467780}.Release|Any CPU.ActiveCfg = Release|Any CPU
		{BF72AC83-5039-4B25-B7D1-0FAECB467780}.Release|Any CPU.Build.0 = Release|Any CPU
		{BF72AC83-5039-4B25-B7D1-0FAECB467780}.Release|x64.ActiveCfg = Release|Any CPU
		{BF72AC83-5039-4B25-B7D1-0FAECB467780}.Release|x64.Build.0 = Release|Any CPU
		{BF72AC83-5039-4B25-B7D1-0FAECB467780}.Release|x86.ActiveCfg = Release|Any CPU
		{BF72AC83-5039-4B25-B7D1-0FAECB467780}.Release|x86.Build.0 = Release|Any CPU
		{F3EC694E-6AF3-4A1B-A639-9FC3A10EC48D}.123|Any CPU.ActiveCfg = Release|Any CPU
		{F3EC694E-6AF3-4A1B-A639-9FC3A10EC48D}.123|Any CPU.Build.0 = Release|Any CPU
		{F3EC694E-6AF3-4A1B-A639-9FC3A10EC48D}.123|x64.ActiveCfg = Release|Any CPU
		{F3EC694E-6AF3-4A1B-A639-9FC3A10EC48D}.123|x64.Build.0 = Release|Any CPU
		{F3EC694E-6AF3-4A1B-A639-9FC3A10EC48D}.123|x86.ActiveCfg = Release|Any CPU
		{F3EC694E-6AF3-4A1B-A639-9FC3A10EC48D}.123|x86.Build.0 = Release|Any CPU
		{F3EC694E-6AF3-4A1B-A639-9FC3A10EC48D}.Debug|Any CPU.ActiveCfg = Debug|Any CPU
		{F3EC694E-6AF3-4A1B-A639-9FC3A10EC48D}.Debug|Any CPU.Build.0 = Debug|Any CPU
		{F3EC694E-6AF3-4A1B-A639-9FC3A10EC48D}.Debug|x64.ActiveCfg = Debug|Any CPU
		{F3EC694E-6AF3-4A1B-A639-9FC3A10EC48D}.Debug|x64.Build.0 = Debug|Any CPU
		{F3EC694E-6AF3-4A1B-A639-9FC3A10EC48D}.Debug|x86.ActiveCfg = Debug|Any CPU
		{F3EC694E-6AF3-4A1B-A639-9FC3A10EC48D}.Debug|x86.Build.0 = Debug|Any CPU
		{F3EC694E-6AF3-4A1B-A639-9FC3A10EC48D}.Release|Any CPU.ActiveCfg = Release|Any CPU
		{F3EC694E-6AF3-4A1B-A639-9FC3A10EC48D}.Release|Any CPU.Build.0 = Release|Any CPU
		{F3EC694E-6AF3-4A1B-A639-9FC3A10EC48D}.Release|x64.ActiveCfg = Release|Any CPU
		{F3EC694E-6AF3-4A1B-A639-9FC3A10EC48D}.Release|x64.Build.0 = Release|Any CPU
		{F3EC694E-6AF3-4A1B-A639-9FC3A10EC48D}.Release|x86.ActiveCfg = Release|Any CPU
		{F3EC694E-6AF3-4A1B-A639-9FC3A10EC48D}.Release|x86.Build.0 = Release|Any CPU
		{F2536C5E-A5FD-4EE4-AAD1-39AEEEBAF852}.123|Any CPU.ActiveCfg = Release|Any CPU
		{F2536C5E-A5FD-4EE4-AAD1-39AEEEBAF852}.123|Any CPU.Build.0 = Release|Any CPU
		{F2536C5E-A5FD-4EE4-AAD1-39AEEEBAF852}.123|x64.ActiveCfg = Release|Any CPU
		{F2536C5E-A5FD-4EE4-AAD1-39AEEEBAF852}.123|x64.Build.0 = Release|Any CPU
		{F2536C5E-A5FD-4EE4-AAD1-39AEEEBAF852}.123|x86.ActiveCfg = Release|Any CPU
		{F2536C5E-A5FD-4EE4-AAD1-39AEEEBAF852}.123|x86.Build.0 = Release|Any CPU
		{F2536C5E-A5FD-4EE4-AAD1-39AEEEBAF852}.Debug|Any CPU.ActiveCfg = Debug|Any CPU
		{F2536C5E-A5FD-4EE4-AAD1-39AEEEBAF852}.Debug|Any CPU.Build.0 = Debug|Any CPU
		{F2536C5E-A5FD-4EE4-AAD1-39AEEEBAF852}.Debug|x64.ActiveCfg = Debug|Any CPU
		{F2536C5E-A5FD-4EE4-AAD1-39AEEEBAF852}.Debug|x64.Build.0 = Debug|Any CPU
		{F2536C5E-A5FD-4EE4-AAD1-39AEEEBAF852}.Debug|x86.ActiveCfg = Debug|Any CPU
		{F2536C5E-A5FD-4EE4-AAD1-39AEEEBAF852}.Debug|x86.Build.0 = Debug|Any CPU
		{F2536C5E-A5FD-4EE4-AAD1-39AEEEBAF852}.Release|Any CPU.ActiveCfg = Release|Any CPU
		{F2536C5E-A5FD-4EE4-AAD1-39AEEEBAF852}.Release|Any CPU.Build.0 = Release|Any CPU
		{F2536C5E-A5FD-4EE4-AAD1-39AEEEBAF852}.Release|x64.ActiveCfg = Release|Any CPU
		{F2536C5E-A5FD-4EE4-AAD1-39AEEEBAF852}.Release|x64.Build.0 = Release|Any CPU
		{F2536C5E-A5FD-4EE4-AAD1-39AEEEBAF852}.Release|x86.ActiveCfg = Release|Any CPU
		{F2536C5E-A5FD-4EE4-AAD1-39AEEEBAF852}.Release|x86.Build.0 = Release|Any CPU
		{689AF68C-7EF2-4B9D-8515-E54181C15035}.123|Any CPU.ActiveCfg = Release|Any CPU
		{689AF68C-7EF2-4B9D-8515-E54181C15035}.123|Any CPU.Build.0 = Release|Any CPU
		{689AF68C-7EF2-4B9D-8515-E54181C15035}.123|x64.ActiveCfg = Release|Any CPU
		{689AF68C-7EF2-4B9D-8515-E54181C15035}.123|x64.Build.0 = Release|Any CPU
		{689AF68C-7EF2-4B9D-8515-E54181C15035}.123|x86.ActiveCfg = Release|Any CPU
		{689AF68C-7EF2-4B9D-8515-E54181C15035}.123|x86.Build.0 = Release|Any CPU
		{689AF68C-7EF2-4B9D-8515-E54181C15035}.Debug|Any CPU.ActiveCfg = Debug|Any CPU
		{689AF68C-7EF2-4B9D-8515-E54181C15035}.Debug|Any CPU.Build.0 = Debug|Any CPU
		{689AF68C-7EF2-4B9D-8515-E54181C15035}.Debug|x64.ActiveCfg = Debug|Any CPU
		{689AF68C-7EF2-4B9D-8515-E54181C15035}.Debug|x64.Build.0 = Debug|Any CPU
		{689AF68C-7EF2-4B9D-8515-E54181C15035}.Debug|x86.ActiveCfg = Debug|Any CPU
		{689AF68C-7EF2-4B9D-8515-E54181C15035}.Debug|x86.Build.0 = Debug|Any CPU
		{689AF68C-7EF2-4B9D-8515-E54181C15035}.Release|Any CPU.ActiveCfg = Release|Any CPU
		{689AF68C-7EF2-4B9D-8515-E54181C15035}.Release|Any CPU.Build.0 = Release|Any CPU
		{689AF68C-7EF2-4B9D-8515-E54181C15035}.Release|x64.ActiveCfg = Release|Any CPU
		{689AF68C-7EF2-4B9D-8515-E54181C15035}.Release|x64.Build.0 = Release|Any CPU
		{689AF68C-7EF2-4B9D-8515-E54181C15035}.Release|x86.ActiveCfg = Release|Any CPU
		{689AF68C-7EF2-4B9D-8515-E54181C15035}.Release|x86.Build.0 = Release|Any CPU
		{9E474E35-B4BA-4898-BDE8-58DE7F3C3429}.123|Any CPU.ActiveCfg = Release|Any CPU
		{9E474E35-B4BA-4898-BDE8-58DE7F3C3429}.123|Any CPU.Build.0 = Release|Any CPU
		{9E474E35-B4BA-4898-BDE8-58DE7F3C3429}.123|x64.ActiveCfg = Release|Any CPU
		{9E474E35-B4BA-4898-BDE8-58DE7F3C3429}.123|x64.Build.0 = Release|Any CPU
		{9E474E35-B4BA-4898-BDE8-58DE7F3C3429}.123|x86.ActiveCfg = Release|Any CPU
		{9E474E35-B4BA-4898-BDE8-58DE7F3C3429}.123|x86.Build.0 = Release|Any CPU
		{9E474E35-B4BA-4898-BDE8-58DE7F3C3429}.Debug|Any CPU.ActiveCfg = Debug|Any CPU
		{9E474E35-B4BA-4898-BDE8-58DE7F3C3429}.Debug|Any CPU.Build.0 = Debug|Any CPU
		{9E474E35-B4BA-4898-BDE8-58DE7F3C3429}.Debug|x64.ActiveCfg = Debug|Any CPU
		{9E474E35-B4BA-4898-BDE8-58DE7F3C3429}.Debug|x64.Build.0 = Debug|Any CPU
		{9E474E35-B4BA-4898-BDE8-58DE7F3C3429}.Debug|x86.ActiveCfg = Debug|Any CPU
		{9E474E35-B4BA-4898-BDE8-58DE7F3C3429}.Debug|x86.Build.0 = Debug|Any CPU
		{9E474E35-B4BA-4898-BDE8-58DE7F3C3429}.Release|Any CPU.ActiveCfg = Release|Any CPU
		{9E474E35-B4BA-4898-BDE8-58DE7F3C3429}.Release|Any CPU.Build.0 = Release|Any CPU
		{9E474E35-B4BA-4898-BDE8-58DE7F3C3429}.Release|x64.ActiveCfg = Release|Any CPU
		{9E474E35-B4BA-4898-BDE8-58DE7F3C3429}.Release|x64.Build.0 = Release|Any CPU
		{9E474E35-B4BA-4898-BDE8-58DE7F3C3429}.Release|x86.ActiveCfg = Release|Any CPU
		{9E474E35-B4BA-4898-BDE8-58DE7F3C3429}.Release|x86.Build.0 = Release|Any CPU
	EndGlobalSection
	GlobalSection(SolutionProperties) = preSolution
		HideSolutionNode = FALSE
	EndGlobalSection
	GlobalSection(ExtensibilityGlobals) = postSolution
		SolutionGuid = {A8419055-B6A3-4304-9C15-8170594EFB02}
	EndGlobalSection
EndGlobal
