
Microsoft Visual Studio Solution File, Format Version 12.00
# Visual Studio Version 16
VisualStudioVersion = 16.0.31229.75
MinimumVisualStudioVersion = 10.0.40219.1
Project("{FAE04EC0-301F-11D3-BF4B-00C04F79EFBC}") = "ConsoleApp1", "ConsoleApp1\ConsoleApp1.csproj", "{E318CCB6-2BAC-41DF-808C-273895F42D71}"
EndProject
Project("{2150E333-8FDC-42A3-9474-1A3956D46DE8}") = "原则", "原则", "{1221E9C4-5715-4CC4-83D0-8E7618BE36F0}"
EndProject
Project("{FAE04EC0-301F-11D3-BF4B-00C04F79EFBC}") = "LSP", "LSP\LSP.csproj", "{73F293C9-EB24-4450-B814-C5D2147CBFA7}"
EndProject
Project("{FAE04EC0-301F-11D3-BF4B-00C04F79EFBC}") = "DIP", "DIP\DIP.csproj", "{1F1842DB-CE1C-46E5-B3F0-3975B51DB318}"
EndProject
Project("{FAE04EC0-301F-11D3-BF4B-00C04F79EFBC}") = "ISP", "ISP\ISP.csproj", "{0B51E71A-031E-4DCF-8A11-3D8698E7B3CC}"
EndProject
Project("{FAE04EC0-301F-11D3-BF4B-00C04F79EFBC}") = "LoD", "LoD\LoD.csproj", "{34A49F6B-8CF8-457E-8EF9-EF1A44252D60}"
EndProject
Project("{FAE04EC0-301F-11D3-BF4B-00C04F79EFBC}") = "CRP", "CRP\CRP.csproj", "{96D31765-11BE-44E8-B767-FD8FC5DEDD34}"
EndProject
Project("{FAE04EC0-301F-11D3-BF4B-00C04F79EFBC}") = "OCP", "OCP\OCP.csproj", "{7DD14532-946A-4C49-873C-6CD563DC5624}"
EndProject
Project("{FAE04EC0-301F-11D3-BF4B-00C04F79EFBC}") = "SRP", "SRP\SRP.csproj", "{FA37E2BD-9540-43FC-BAEC-973F7AD062B2}"
EndProject
Project("{2150E333-8FDC-42A3-9474-1A3956D46DE8}") = "创建型模式", "创建型模式", "{BA05D8E5-D312-4436-B5D8-44A42FF82814}"
EndProject
Project("{2150E333-8FDC-42A3-9474-1A3956D46DE8}") = "结构型模式", "结构型模式", "{E7D0707C-1E0F-42F5-9C2F-71A05E29F047}"
EndProject
Project("{2150E333-8FDC-42A3-9474-1A3956D46DE8}") = "行为型模式", "行为型模式", "{5BE63203-FBA5-434E-BEC3-D7008FB68A4D}"
EndProject
Global
	GlobalSection(SolutionConfigurationPlatforms) = preSolution
		Debug|Any CPU = Debug|Any CPU
		Release|Any CPU = Release|Any CPU
	EndGlobalSection
	GlobalSection(ProjectConfigurationPlatforms) = postSolution
		{E318CCB6-2BAC-41DF-808C-273895F42D71}.Debug|Any CPU.ActiveCfg = Debug|Any CPU
		{E318CCB6-2BAC-41DF-808C-273895F42D71}.Debug|Any CPU.Build.0 = Debug|Any CPU
		{E318CCB6-2BAC-41DF-808C-273895F42D71}.Release|Any CPU.ActiveCfg = Release|Any CPU
		{E318CCB6-2BAC-41DF-808C-273895F42D71}.Release|Any CPU.Build.0 = Release|Any CPU
		{73F293C9-EB24-4450-B814-C5D2147CBFA7}.Debug|Any CPU.ActiveCfg = Debug|Any CPU
		{73F293C9-EB24-4450-B814-C5D2147CBFA7}.Debug|Any CPU.Build.0 = Debug|Any CPU
		{73F293C9-EB24-4450-B814-C5D2147CBFA7}.Release|Any CPU.ActiveCfg = Release|Any CPU
		{73F293C9-EB24-4450-B814-C5D2147CBFA7}.Release|Any CPU.Build.0 = Release|Any CPU
		{1F1842DB-CE1C-46E5-B3F0-3975B51DB318}.Debug|Any CPU.ActiveCfg = Debug|Any CPU
		{1F1842DB-CE1C-46E5-B3F0-3975B51DB318}.Debug|Any CPU.Build.0 = Debug|Any CPU
		{1F1842DB-CE1C-46E5-B3F0-3975B51DB318}.Release|Any CPU.ActiveCfg = Release|Any CPU
		{1F1842DB-CE1C-46E5-B3F0-3975B51DB318}.Release|Any CPU.Build.0 = Release|Any CPU
		{0B51E71A-031E-4DCF-8A11-3D8698E7B3CC}.Debug|Any CPU.ActiveCfg = Debug|Any CPU
		{0B51E71A-031E-4DCF-8A11-3D8698E7B3CC}.Debug|Any CPU.Build.0 = Debug|Any CPU
		{0B51E71A-031E-4DCF-8A11-3D8698E7B3CC}.Release|Any CPU.ActiveCfg = Release|Any CPU
		{0B51E71A-031E-4DCF-8A11-3D8698E7B3CC}.Release|Any CPU.Build.0 = Release|Any CPU
		{34A49F6B-8CF8-457E-8EF9-EF1A44252D60}.Debug|Any CPU.ActiveCfg = Debug|Any CPU
		{34A49F6B-8CF8-457E-8EF9-EF1A44252D60}.Debug|Any CPU.Build.0 = Debug|Any CPU
		{34A49F6B-8CF8-457E-8EF9-EF1A44252D60}.Release|Any CPU.ActiveCfg = Release|Any CPU
		{34A49F6B-8CF8-457E-8EF9-EF1A44252D60}.Release|Any CPU.Build.0 = Release|Any CPU
		{96D31765-11BE-44E8-B767-FD8FC5DEDD34}.Debug|Any CPU.ActiveCfg = Debug|Any CPU
		{96D31765-11BE-44E8-B767-FD8FC5DEDD34}.Debug|Any CPU.Build.0 = Debug|Any CPU
		{96D31765-11BE-44E8-B767-FD8FC5DEDD34}.Release|Any CPU.ActiveCfg = Release|Any CPU
		{96D31765-11BE-44E8-B767-FD8FC5DEDD34}.Release|Any CPU.Build.0 = Release|Any CPU
		{7DD14532-946A-4C49-873C-6CD563DC5624}.Debug|Any CPU.ActiveCfg = Debug|Any CPU
		{7DD14532-946A-4C49-873C-6CD563DC5624}.Debug|Any CPU.Build.0 = Debug|Any CPU
		{7DD14532-946A-4C49-873C-6CD563DC5624}.Release|Any CPU.ActiveCfg = Release|Any CPU
		{7DD14532-946A-4C49-873C-6CD563DC5624}.Release|Any CPU.Build.0 = Release|Any CPU
		{FA37E2BD-9540-43FC-BAEC-973F7AD062B2}.Debug|Any CPU.ActiveCfg = Debug|Any CPU
		{FA37E2BD-9540-43FC-BAEC-973F7AD062B2}.Debug|Any CPU.Build.0 = Debug|Any CPU
		{FA37E2BD-9540-43FC-BAEC-973F7AD062B2}.Release|Any CPU.ActiveCfg = Release|Any CPU
		{FA37E2BD-9540-43FC-BAEC-973F7AD062B2}.Release|Any CPU.Build.0 = Release|Any CPU
	EndGlobalSection
	GlobalSection(SolutionProperties) = preSolution
		HideSolutionNode = FALSE
	EndGlobalSection
	GlobalSection(NestedProjects) = preSolution
		{73F293C9-EB24-4450-B814-C5D2147CBFA7} = {1221E9C4-5715-4CC4-83D0-8E7618BE36F0}
		{1F1842DB-CE1C-46E5-B3F0-3975B51DB318} = {1221E9C4-5715-4CC4-83D0-8E7618BE36F0}
		{0B51E71A-031E-4DCF-8A11-3D8698E7B3CC} = {1221E9C4-5715-4CC4-83D0-8E7618BE36F0}
		{34A49F6B-8CF8-457E-8EF9-EF1A44252D60} = {1221E9C4-5715-4CC4-83D0-8E7618BE36F0}
		{96D31765-11BE-44E8-B767-FD8FC5DEDD34} = {1221E9C4-5715-4CC4-83D0-8E7618BE36F0}
		{7DD14532-946A-4C49-873C-6CD563DC5624} = {1221E9C4-5715-4CC4-83D0-8E7618BE36F0}
		{FA37E2BD-9540-43FC-BAEC-973F7AD062B2} = {1221E9C4-5715-4CC4-83D0-8E7618BE36F0}
	EndGlobalSection
	GlobalSection(ExtensibilityGlobals) = postSolution
		SolutionGuid = {EAD1A364-C854-4590-9DC6-CA6CE6910245}
	EndGlobalSection
EndGlobal
